<?xml version="1.0" encoding="utf-8"?>
<Project ToolsVersion="4.0" xmlns="http://schemas.microsoft.com/developer/msbuild/2003">
  <ItemGroup>
    <Filter Include="Source Files">
      <UniqueIdentifier>{fcc0e06e-51e5-4613-8cfc-03c65ffe4349}</UniqueIdentifier>
      <Extensions>cpp;c;cxx;rc;def;r;odl;idl;hpj;bat</Extensions>
    </Filter>
    <Filter Include="Header Files">
      <UniqueIdentifier>{42e78773-1c67-486b-a6a9-1621673743f5}</UniqueIdentifier>
      <Extensions>h;hpp;hxx;hm;inl</Extensions>
    </Filter>
    <Filter Include="Resource Files">
      <UniqueIdentifier>{f2d71e79-d940-436e-8303-3da29f85d2c4}</UniqueIdentifier>
      <Extensions>ico;cur;bmp;dlg;rc2;rct;bin;rgs;gif;jpg;jpeg;jpe</Extensions>
    </Filter>
    <Filter Include="Styles">
      <UniqueIdentifier>{56ce7165-2f40-4461-89ae-c2da19be35c2}</UniqueIdentifier>
    </Filter>
    <Filter Include="Panels">
      <UniqueIdentifier>{10c88a81-69b9-4ea9-8d72-27ca51314f49}</UniqueIdentifier>
    </Filter>
    <Filter Include="gkStudioMngs">
      <UniqueIdentifier>{8e4594d4-f73d-4393-9934-353245e25ebd}</UniqueIdentifier>
    </Filter>
    <Filter Include="Controls">
      <UniqueIdentifier>{671f0a93-5cd0-4168-844a-3ce8552c938c}</UniqueIdentifier>
    </Filter>
    <Filter Include="Workspace">
      <UniqueIdentifier>{8d2639cb-1a14-4bd8-bfc7-4d343022f472}</UniqueIdentifier>
    </Filter>
    <Filter Include="Panels\PanelManager">
      <UniqueIdentifier>{b666fc97-afb7-4b7f-9cad-1a44cf78055e}</UniqueIdentifier>
    </Filter>
    <Filter Include="Panels\BasePanes">
      <UniqueIdentifier>{b75d5694-6037-4e41-a38e-dbb848a3912b}</UniqueIdentifier>
    </Filter>
    <Filter Include="SwissKnifeBar">
      <UniqueIdentifier>{8601b7ff-e5fb-4a13-855a-5a8ec49fd31a}</UniqueIdentifier>
    </Filter>
    <Filter Include="Utils">
      <UniqueIdentifier>{99449715-974d-4d91-af9f-4ff489990edc}</UniqueIdentifier>
    </Filter>
    <Filter Include="Resource Files\Maps">
      <UniqueIdentifier>{393bf925-e687-4579-a0ae-08aa00352b49}</UniqueIdentifier>
    </Filter>
  </ItemGroup>
  <ItemGroup>
    <ClCompile Include="GalleryItems.cpp">
      <Filter>Source Files</Filter>
    </ClCompile>
    <ClCompile Include="MainFrm.cpp">
      <Filter>Source Files</Filter>
    </ClCompile>
    <ClCompile Include="RibbonSample.cpp">
      <Filter>Source Files</Filter>
    </ClCompile>
    <ClCompile Include="RibbonSampleDoc.cpp">
      <Filter>Source Files</Filter>
    </ClCompile>
    <ClCompile Include="RibbonSampleView.cpp">
      <Filter>Source Files</Filter>
    </ClCompile>
    <ClCompile Include="StdAfx.cpp">
      <Filter>Source Files</Filter>
    </ClCompile>
    <ClCompile Include="source\gkMaterialEditor.cpp">
      <Filter>Panels</Filter>
    </ClCompile>
    <ClCompile Include="source\gkPaneConsole.cpp">
      <Filter>Panels</Filter>
    </ClCompile>
    <ClCompile Include="source\gkPaneTimeOfDay.cpp">
      <Filter>Panels</Filter>
    </ClCompile>
    <ClCompile Include="PaneConsoleVar.cpp">
      <Filter>Panels</Filter>
    </ClCompile>
    <ClCompile Include="source\PaneStyles.cpp">
      <Filter>Panels</Filter>
    </ClCompile>
    <ClCompile Include="source\gkToolBarPaneBase.cpp">
      <Filter>Panels\BasePanes</Filter>
    </ClCompile>
    <ClCompile Include="source\gkEditor.cpp">
      <Filter>gkStudioMngs</Filter>
    </ClCompile>
    <ClCompile Include="source\gkObjectManager.cpp">
      <Filter>gkStudioMngs</Filter>
    </ClCompile>
    <ClCompile Include="Controls\CustomItems.cpp">
      <Filter>Controls</Filter>
    </ClCompile>
    <ClCompile Include="WorkspaceTitle.cpp">
      <Filter>Workspace</Filter>
    </ClCompile>
    <ClCompile Include="WorkspaceView.cpp">
      <Filter>Workspace</Filter>
    </ClCompile>
    <ClCompile Include="Panels\gkPaneManager.cpp">
      <Filter>Panels\PanelManager</Filter>
    </ClCompile>
    <ClCompile Include="Panels\gkResourceBrowser.cpp">
      <Filter>Panels</Filter>
    </ClCompile>
    <ClCompile Include="StartBanner.cpp">
      <Filter>Source Files</Filter>
    </ClCompile>
    <ClCompile Include="Controls\CustomSplitter.cpp">
      <Filter>Controls</Filter>
    </ClCompile>
    <ClCompile Include="include\EditorUtils.cpp">
      <Filter>Header Files</Filter>
    </ClCompile>
    <ClCompile Include="Controls\gkPropertyGirdEx.cpp">
      <Filter>Controls</Filter>
    </ClCompile>
    <ClCompile Include="Panels\gkSwissKnifeBar.cpp">
      <Filter>SwissKnifeBar</Filter>
    </ClCompile>
    <ClCompile Include="Panels\SwissKnifePaneCreation.cpp">
      <Filter>SwissKnifeBar</Filter>
    </ClCompile>
    <ClCompile Include="Utils\FileEnum.cpp">
      <Filter>Utils</Filter>
    </ClCompile>
    <ClCompile Include="Panels\PaneHierarchy.cpp">
      <Filter>Panels</Filter>
    </ClCompile>
    <ClCompile Include="Panels\SwissKnifePaneModify.cpp">
      <Filter>SwissKnifeBar</Filter>
    </ClCompile>
    <ClCompile Include="Managers\gkCameraPosManager.cpp">
      <Filter>gkStudioMngs</Filter>
    </ClCompile>
    <ClCompile Include="Controls\ColorPageAdvance.cpp">
      <Filter>Controls</Filter>
    </ClCompile>
    <ClCompile Include="Controls\PSCPColorDialog.cpp">
      <Filter>Controls</Filter>
    </ClCompile>
    <ClCompile Include="gkTrackBusEditor.cpp">
      <Filter>Panels</Filter>
    </ClCompile>
  </ItemGroup>
  <ItemGroup>
    <ResourceCompile Include="RibbonSample.rc">
      <Filter>Source Files</Filter>
    </ResourceCompile>
  </ItemGroup>
  <ItemGroup>
    <ClInclude Include="GalleryItems.h">
      <Filter>Header Files</Filter>
    </ClInclude>
    <ClInclude Include="MainFrm.h">
      <Filter>Header Files</Filter>
    </ClInclude>
    <ClInclude Include="Resource.h">
      <Filter>Header Files</Filter>
    </ClInclude>
    <ClInclude Include="RibbonSample.h">
      <Filter>Header Files</Filter>
    </ClInclude>
    <ClInclude Include="RibbonSampleDoc.h">
      <Filter>Header Files</Filter>
    </ClInclude>
    <ClInclude Include="RibbonSampleView.h">
      <Filter>Header Files</Filter>
    </ClInclude>
    <ClInclude Include="StdAfx.h">
      <Filter>Header Files</Filter>
    </ClInclude>
    <ClInclude Include="include\gkMaterialEditor.h">
      <Filter>Panels</Filter>
    </ClInclude>
    <ClInclude Include="include\gkPaneConsole.h">
      <Filter>Panels</Filter>
    </ClInclude>
    <ClInclude Include="include\gkPaneTimeOfDay.h">
      <Filter>Panels</Filter>
    </ClInclude>
    <ClInclude Include="PaneConsoleVar.h">
      <Filter>Panels</Filter>
    </ClInclude>
    <ClInclude Include="include\PaneStyles.h">
      <Filter>Panels</Filter>
    </ClInclude>
    <ClInclude Include="include\gkToolBarPaneBase.h">
      <Filter>Panels\BasePanes</Filter>
    </ClInclude>
    <ClInclude Include="include\gkEditor.h">
      <Filter>gkStudioMngs</Filter>
    </ClInclude>
    <ClInclude Include="include\gkObjectManager.h">
      <Filter>gkStudioMngs</Filter>
    </ClInclude>
    <ClInclude Include="include\IEditor.h">
      <Filter>gkStudioMngs</Filter>
    </ClInclude>
    <ClInclude Include="Controls\CustomItems.h">
      <Filter>Controls</Filter>
    </ClInclude>
    <ClInclude Include="WorkspaceTitle.h">
      <Filter>Workspace</Filter>
    </ClInclude>
    <ClInclude Include="WorkspaceView.h">
      <Filter>Workspace</Filter>
    </ClInclude>
    <ClInclude Include="Panels\gkPaneBase.h">
      <Filter>Panels\BasePanes</Filter>
    </ClInclude>
    <ClInclude Include="Panels\gkPaneManager.h">
      <Filter>Panels\PanelManager</Filter>
    </ClInclude>
    <ClInclude Include="Panels\gkResourceBrowser.h">
      <Filter>Panels</Filter>
    </ClInclude>
    <ClInclude Include="StartBanner.h">
      <Filter>Header Files</Filter>
    </ClInclude>
    <ClInclude Include="Controls\CustomSplitter.h">
      <Filter>Controls</Filter>
    </ClInclude>
    <ClInclude Include="include\EditorUtils.h">
      <Filter>Header Files</Filter>
    </ClInclude>
    <ClInclude Include="Controls\gkPropertyGirdEx.h">
      <Filter>Controls</Filter>
    </ClInclude>
    <ClInclude Include="Panels\gkSwissKnifeBar.h">
      <Filter>SwissKnifeBar</Filter>
    </ClInclude>
    <ClInclude Include="Panels\SwissKnifePaneCreation.h">
      <Filter>SwissKnifeBar</Filter>
    </ClInclude>
    <ClInclude Include="Utils\FileEnum.h">
      <Filter>Utils</Filter>
    </ClInclude>
    <ClInclude Include="Panels\PaneHierarchy.h">
      <Filter>Panels</Filter>
    </ClInclude>
    <ClInclude Include="Panels\SwissKnifePaneModify.h">
      <Filter>SwissKnifeBar</Filter>
    </ClInclude>
    <ClInclude Include="Managers\gkCameraPosManager.h">
      <Filter>gkStudioMngs</Filter>
    </ClInclude>
    <ClInclude Include="Controls\PSCPColorDialog.h">
      <Filter>Controls</Filter>
    </ClInclude>
    <ClInclude Include="Controls\ColorPageAdvance.h">
      <Filter>Controls</Filter>
    </ClInclude>
    <ClInclude Include="gkTrackBusEditor.h">
      <Filter>Panels</Filter>
    </ClInclude>
  </ItemGroup>
  <ItemGroup>
    <None Include="res\RibbonSample.rc2">
      <Filter>Resource Files</Filter>
    </None>
    <None Include="res\GameKnifeTabLarge.png" />
    <None Include="res\IndicatorMacroRecording.png" />
    <None Include="res\MatEditToolBar.png" />
    <None Include="res\StylesManageStyles.png" />
    <None Include="res\StylesPaneNewStyle.png" />
    <None Include="res\StylesStyleInspector.png" />
    <None Include="res\todedittoolbar.png" />
    <None Include="res\SubEditor.png" />
    <None Include="res\SwissKnifeBar_big.png" />
    <None Include="res\SwissKnifeBar_small.png" />
    <None Include="res\HierarchyToolBar.png" />
    <None Include="res\bmp00002.bmp">
      <Filter>Resource Files\Maps</Filter>
    </None>
    <None Include="res\bitmap1.bmp">
      <Filter>Resource Files\Maps</Filter>
    </None>
    <None Include="res\bitmap2.bmp">
      <Filter>Resource Files\Maps</Filter>
    </None>
    <None Include="res\bitmap3.bmp">
      <Filter>Resource Files\Maps</Filter>
    </None>
    <None Include="res\bitmap4.bmp">
      <Filter>Resource Files\Maps</Filter>
    </None>
    <None Include="res\BitmapChart.bmp">
      <Filter>Resource Files\Maps</Filter>
    </None>
    <None Include="res\BitmapGraphic.bmp">
      <Filter>Resource Files\Maps</Filter>
    </None>
    <None Include="res\BitmapPicture.bmp">
      <Filter>Resource Files\Maps</Filter>
    </None>
    <None Include="res\BitmapTable.bmp">
      <Filter>Resource Files\Maps</Filter>
    </None>
    <None Include="res\bmp00001.bmp">
      <Filter>Resource Files\Maps</Filter>
    </None>
    <None Include="res\CJSample.ico">
      <Filter>Resource Files\Maps</Filter>
    </None>
    <None Include="res\properties.bmp">
      <Filter>Resource Files\Maps</Filter>
    </None>
    <None Include="res\Feedback.rtf">
      <Filter>Resource Files\Maps</Filter>
    </None>
    <None Include="res\GalleryColumns.png">
      <Filter>Resource Files\Maps</Filter>
    </None>
    <None Include="res\GalleryShapes.png">
      <Filter>Resource Files\Maps</Filter>
    </None>
    <None Include="res\GalleryStyles.png">
      <Filter>Resource Files\Maps</Filter>
    </None>
    <None Include="res\gktablar.bmp">
      <Filter>Resource Files\Maps</Filter>
    </None>
    <None Include="res\gktabsma.bmp">
      <Filter>Resource Files\Maps</Filter>
    </None>
    <None Include="res\GroupCaptions.bmp">
      <Filter>Resource Files\Maps</Filter>
    </None>
    <None Include="res\GroupClipboard.png">
      <Filter>Resource Files\Maps</Filter>
    </None>
    <None Include="res\GroupDocumentViews.bmp">
      <Filter>Resource Files\Maps</Filter>
    </None>
    <None Include="res\GroupFind.png">
      <Filter>Resource Files\Maps</Filter>
    </None>
    <None Include="res\GroupFont.png">
      <Filter>Resource Files\Maps</Filter>
    </None>
    <None Include="res\GroupFootnotes.bmp">
      <Filter>Resource Files\Maps</Filter>
    </None>
    <None Include="res\GroupIcons.png">
      <Filter>Resource Files\Maps</Filter>
    </None>
    <None Include="res\GroupIndex.bmp">
      <Filter>Resource Files\Maps</Filter>
    </None>
    <None Include="res\GroupOptionToolTip.png">
      <Filter>Resource Files\Maps</Filter>
    </None>
    <None Include="res\GroupPageParagraph.png">
      <Filter>Resource Files\Maps</Filter>
    </None>
    <None Include="res\GroupParagraph.png">
      <Filter>Resource Files\Maps</Filter>
    </None>
    <None Include="res\GroupPopup.ico">
      <Filter>Resource Files\Maps</Filter>
    </None>
    <None Include="res\GroupStyles.png">
      <Filter>Resource Files\Maps</Filter>
    </None>
    <None Include="res\GroupTableOfContents.bmp">
      <Filter>Resource Files\Maps</Filter>
    </None>
    <None Include="res\GroupWindow.bmp">
      <Filter>Resource Files\Maps</Filter>
    </None>
    <None Include="res\GroupZoom.bmp">
      <Filter>Resource Files\Maps</Filter>
    </None>
    <None Include="res\InsertTab.png">
      <Filter>Resource Files\Maps</Filter>
    </None>
    <None Include="res\largeico.bmp">
      <Filter>Resource Files\Maps</Filter>
    </None>
    <None Include="res\LargeIcons.png">
      <Filter>Resource Files\Maps</Filter>
    </None>
    <None Include="res\layoutta.bmp">
      <Filter>Resource Files\Maps</Filter>
    </None>
    <None Include="res\LayoutTab.png">
      <Filter>Resource Files\Maps</Filter>
    </None>
    <None Include="res\LayoutTabLarge.png">
      <Filter>Resource Files\Maps</Filter>
    </None>
    <None Include="res\shiny-gear.png">
      <Filter>Resource Files\Maps</Filter>
    </None>
    <None Include="res\Warning.ico">
      <Filter>Resource Files\Maps</Filter>
    </None>
    <None Include="res\skb_iconlist.bmp">
      <Filter>Resource Files\Maps</Filter>
    </None>
    <None Include="res\SmallIcons.png">
      <Filter>Resource Files\Maps</Filter>
    </None>
    <None Include="res\startbanner.bmp">
      <Filter>Resource Files\Maps</Filter>
    </None>
    <None Include="res\StatusBarViewSwitches.png">
      <Filter>Resource Files\Maps</Filter>
    </None>
    <None Include="res\SwissKnifeBar_big.bmp">
      <Filter>Resource Files\Maps</Filter>
    </None>
    <None Include="res\SwissKnifeBar_small.bmp">
      <Filter>Resource Files\Maps</Filter>
    </None>
    <None Include="res\SystemMenuLarge.png">
      <Filter>Resource Files\Maps</Filter>
    </None>
    <None Include="res\TabPageLayout.png">
      <Filter>Resource Files\Maps</Filter>
    </None>
    <None Include="res\TabReferences.png">
      <Filter>Resource Files\Maps</Filter>
    </None>
    <None Include="res\TabView.png">
      <Filter>Resource Files\Maps</Filter>
    </None>
    <None Include="res\toolbar1.bmp">
      <Filter>Resource Files\Maps</Filter>
    </None>
    <None Include="res\toolbar2.bmp">
      <Filter>Resource Files\Maps</Filter>
    </None>
    <None Include="res\toolbar_.bmp">
      <Filter>Resource Files\Maps</Filter>
    </None>
    <None Include="res\RibbonSampleDoc.ico">
      <Filter>Resource Files\Maps</Filter>
    </None>
  </ItemGroup>
  <ItemGroup>
    <CustomBuild Include="Styles\Office2010.dll">
      <Filter>Styles</Filter>
    </CustomBuild>
    <CustomBuild Include="Styles\gkBlack.cjstyles">
      <Filter>Styles</Filter>
    </CustomBuild>
    <CustomBuild Include="Styles\gkWhite.cjstyles">
      <Filter>Styles</Filter>
    </CustomBuild>
  </ItemGroup>
</Project>