<?xml version="1.0" encoding="utf-8"?>
<Project ToolsVersion="4.0" xmlns="http://schemas.microsoft.com/developer/msbuild/2003">
  <ItemGroup>
    <Filter Include="Source Files">
      <UniqueIdentifier>{4FC737F1-C7A5-4376-A066-2A32D752A2FF}</UniqueIdentifier>
      <Extensions>cpp;c;cc;cxx;def;odl;idl;hpj;bat;asm;asmx</Extensions>
    </Filter>
    <Filter Include="Header Files">
      <UniqueIdentifier>{93995380-89BD-4b04-88EB-625FBE52EBFB}</UniqueIdentifier>
      <Extensions>h;hpp;hxx;hm;inl;inc;xsd</Extensions>
    </Filter>
    <Filter Include="Resource Files">
      <UniqueIdentifier>{67DA6AB6-F800-4c08-8B7A-83BB121AAD01}</UniqueIdentifier>
      <Extensions>rc;ico;cur;bmp;dlg;rc2;rct;bin;rgs;gif;jpg;jpeg;jpe;resx;tiff;tif;png;wav;mfcribbon-ms</Extensions>
    </Filter>
    <Filter Include="lzma">
      <UniqueIdentifier>{069f9117-58ab-43c3-993f-a4d8d93ca16d}</UniqueIdentifier>
    </Filter>
  </ItemGroup>
  <ItemGroup>
    <ClCompile Include="gkPak.cpp">
      <Filter>Source Files</Filter>
    </ClCompile>
    <ClCompile Include="..\..\thirdparty\lzma\Alloc.c">
      <Filter>lzma</Filter>
    </ClCompile>
    <ClCompile Include="..\..\thirdparty\lzma\Bcj2.c">
      <Filter>lzma</Filter>
    </ClCompile>
    <ClCompile Include="..\..\thirdparty\lzma\Bra.c">
      <Filter>lzma</Filter>
    </ClCompile>
    <ClCompile Include="..\..\thirdparty\lzma\Bra86.c">
      <Filter>lzma</Filter>
    </ClCompile>
    <ClCompile Include="..\..\thirdparty\lzma\BraIA64.c">
      <Filter>lzma</Filter>
    </ClCompile>
    <ClCompile Include="..\..\thirdparty\lzma\CpuArch.c">
      <Filter>lzma</Filter>
    </ClCompile>
    <ClCompile Include="..\..\thirdparty\lzma\Delta.c">
      <Filter>lzma</Filter>
    </ClCompile>
    <ClCompile Include="..\..\thirdparty\lzma\LzFind.c">
      <Filter>lzma</Filter>
    </ClCompile>
    <ClCompile Include="..\..\thirdparty\lzma\LzFindMt.c">
      <Filter>lzma</Filter>
    </ClCompile>
    <ClCompile Include="..\..\thirdparty\lzma\Lzma2Dec.c">
      <Filter>lzma</Filter>
    </ClCompile>
    <ClCompile Include="..\..\thirdparty\lzma\Lzma2Enc.c">
      <Filter>lzma</Filter>
    </ClCompile>
    <ClCompile Include="..\..\thirdparty\lzma\Lzma86Dec.c">
      <Filter>lzma</Filter>
    </ClCompile>
    <ClCompile Include="..\..\thirdparty\lzma\Lzma86Enc.c">
      <Filter>lzma</Filter>
    </ClCompile>
    <ClCompile Include="..\..\thirdparty\lzma\LzmaDec.c">
      <Filter>lzma</Filter>
    </ClCompile>
    <ClCompile Include="..\..\thirdparty\lzma\LzmaEnc.c">
      <Filter>lzma</Filter>
    </ClCompile>
    <ClCompile Include="..\..\thirdparty\lzma\LzmaLib.c">
      <Filter>lzma</Filter>
    </ClCompile>
    <ClCompile Include="..\..\thirdparty\lzma\MtCoder.c">
      <Filter>lzma</Filter>
    </ClCompile>
    <ClCompile Include="..\..\thirdparty\lzma\Sha256.c">
      <Filter>lzma</Filter>
    </ClCompile>
    <ClCompile Include="..\..\thirdparty\lzma\Threads.c">
      <Filter>lzma</Filter>
    </ClCompile>
  </ItemGroup>
  <ItemGroup>
    <ClInclude Include="..\..\thirdparty\lzma\Alloc.h">
      <Filter>lzma</Filter>
    </ClInclude>
    <ClInclude Include="..\..\thirdparty\lzma\Bcj2.h">
      <Filter>lzma</Filter>
    </ClInclude>
    <ClInclude Include="..\..\thirdparty\lzma\Bra.h">
      <Filter>lzma</Filter>
    </ClInclude>
    <ClInclude Include="..\..\thirdparty\lzma\CpuArch.h">
      <Filter>lzma</Filter>
    </ClInclude>
    <ClInclude Include="..\..\thirdparty\lzma\Delta.h">
      <Filter>lzma</Filter>
    </ClInclude>
    <ClInclude Include="..\..\thirdparty\lzma\LzFind.h">
      <Filter>lzma</Filter>
    </ClInclude>
    <ClInclude Include="..\..\thirdparty\lzma\LzFindMt.h">
      <Filter>lzma</Filter>
    </ClInclude>
    <ClInclude Include="..\..\thirdparty\lzma\LzHash.h">
      <Filter>lzma</Filter>
    </ClInclude>
    <ClInclude Include="..\..\thirdparty\lzma\Lzma2Dec.h">
      <Filter>lzma</Filter>
    </ClInclude>
    <ClInclude Include="..\..\thirdparty\lzma\Lzma2Enc.h">
      <Filter>lzma</Filter>
    </ClInclude>
    <ClInclude Include="..\..\thirdparty\lzma\Lzma86.h">
      <Filter>lzma</Filter>
    </ClInclude>
    <ClInclude Include="..\..\thirdparty\lzma\LzmaDec.h">
      <Filter>lzma</Filter>
    </ClInclude>
    <ClInclude Include="..\..\thirdparty\lzma\LzmaEnc.h">
      <Filter>lzma</Filter>
    </ClInclude>
    <ClInclude Include="..\..\thirdparty\lzma\LzmaLib.h">
      <Filter>lzma</Filter>
    </ClInclude>
    <ClInclude Include="..\..\thirdparty\lzma\MtCoder.h">
      <Filter>lzma</Filter>
    </ClInclude>
    <ClInclude Include="..\..\thirdparty\lzma\RotateDefs.h">
      <Filter>lzma</Filter>
    </ClInclude>
    <ClInclude Include="..\..\thirdparty\lzma\Sha256.h">
      <Filter>lzma</Filter>
    </ClInclude>
    <ClInclude Include="..\..\thirdparty\lzma\Threads.h">
      <Filter>lzma</Filter>
    </ClInclude>
    <ClInclude Include="..\..\thirdparty\lzma\Types.h">
      <Filter>lzma</Filter>
    </ClInclude>
  </ItemGroup>
</Project>