<?xml version="1.0" encoding="utf-8"?>
<Project ToolsVersion="4.0" xmlns="http://schemas.microsoft.com/developer/msbuild/2003">
  <ItemGroup>
    <Filter Include="Resource Files">
      <UniqueIdentifier>{67DA6AB6-F800-4c08-8B7A-83BB121AAD01}</UniqueIdentifier>
      <Extensions>rc;ico;cur;bmp;dlg;rc2;rct;bin;rgs;gif;jpg;jpeg;jpe;resx;tiff;tif;png;wav;mfcribbon-ms</Extensions>
    </Filter>
    <Filter Include="System">
      <UniqueIdentifier>{4FC737F1-C7A5-4376-A066-2A32D752A2FF}</UniqueIdentifier>
      <Extensions>cpp;c;cc;cxx;def;odl;idl;hpj;bat;asm;asmx</Extensions>
    </Filter>
    <Filter Include="MainPlayer">
      <UniqueIdentifier>{99f9bdb5-9b9e-4fda-baf9-e29e7681a685}</UniqueIdentifier>
    </Filter>
  </ItemGroup>
  <ItemGroup>
    <ClInclude Include="include\dllmain.h">
      <Filter>System</Filter>
    </ClInclude>
    <ClInclude Include="include\gkGameDemo.h">
      <Filter>System</Filter>
    </ClInclude>
    <ClInclude Include="include\Prerequisites.h">
      <Filter>System</Filter>
    </ClInclude>
    <ClInclude Include="include\StableHeader.h">
      <Filter>System</Filter>
    </ClInclude>
    <ClInclude Include="include\targetver.h">
      <Filter>System</Filter>
    </ClInclude>
    <ClInclude Include="Player\gkMainPlayer.h">
      <Filter>MainPlayer</Filter>
    </ClInclude>
  </ItemGroup>
  <ItemGroup>
    <ClCompile Include="source\dllmain.cpp">
      <Filter>System</Filter>
    </ClCompile>
    <ClCompile Include="source\gkGameDemo.cpp">
      <Filter>System</Filter>
    </ClCompile>
    <ClCompile Include="source\StableHeader.cpp">
      <Filter>System</Filter>
    </ClCompile>
    <ClCompile Include="Player\gkMainPlayer.cpp">
      <Filter>MainPlayer</Filter>
    </ClCompile>
  </ItemGroup>
</Project>