<?xml version="1.0" encoding="utf-8"?>
<Project ToolsVersion="4.0" xmlns="http://schemas.microsoft.com/developer/msbuild/2003">
  <ItemGroup>
    <Filter Include="export">
      <UniqueIdentifier>{6347a816-cc13-4434-8200-bc0505a5af51}</UniqueIdentifier>
    </Filter>
    <Filter Include="viewport">
      <UniqueIdentifier>{caa1d3c4-db7e-45b6-97c2-e314548e5c13}</UniqueIdentifier>
    </Filter>
    <Filter Include="system">
      <UniqueIdentifier>{4dc729e8-3910-4517-8bed-3ece0d926d08}</UniqueIdentifier>
    </Filter>
    <Filter Include="obj">
      <UniqueIdentifier>{4e768c4a-de74-4310-afd6-30b36450fa44}</UniqueIdentifier>
    </Filter>
    <Filter Include="script_bind">
      <UniqueIdentifier>{7dba7c21-7ed7-4d5d-b335-342b7a502167}</UniqueIdentifier>
    </Filter>
  </ItemGroup>
  <ItemGroup>
    <ClCompile Include="exporter\gmpExporter.cpp">
      <Filter>export</Filter>
    </ClCompile>
    <ClCompile Include="exporter\gmpMeshLoader.cpp">
      <Filter>export</Filter>
    </ClCompile>
    <ClCompile Include="viewport\gmpMaxViewport.cpp">
      <Filter>viewport</Filter>
    </ClCompile>
    <ClCompile Include="system\gkMaxPort.cpp">
      <Filter>system</Filter>
    </ClCompile>
    <ClCompile Include="objects\gmpObject.cpp">
      <Filter>obj</Filter>
    </ClCompile>
    <ClCompile Include="scriptbind\gmpScriptBind.cpp">
      <Filter>script_bind</Filter>
    </ClCompile>
  </ItemGroup>
  <ItemGroup>
    <ClInclude Include="exporter\gmpMeshLoader.h">
      <Filter>export</Filter>
    </ClInclude>
    <ClInclude Include="exporter\gmpExporter.h">
      <Filter>export</Filter>
    </ClInclude>
    <ClInclude Include="viewport\gmpMaxViewport.h">
      <Filter>viewport</Filter>
    </ClInclude>
    <ClInclude Include="system\gkMaxPort.H">
      <Filter>system</Filter>
    </ClInclude>
    <ClInclude Include="objects\gmpObject.h">
      <Filter>obj</Filter>
    </ClInclude>
    <ClInclude Include="scriptbind\gmpScriptBind.h">
      <Filter>script_bind</Filter>
    </ClInclude>
  </ItemGroup>
  <ItemGroup>
    <None Include="system\gkMaxPort.DEF">
      <Filter>system</Filter>
    </None>
  </ItemGroup>
  <ItemGroup>
    <ResourceCompile Include="gkMaxPort.rc">
      <Filter>system</Filter>
    </ResourceCompile>
  </ItemGroup>
</Project>