
Microsoft Visual Studio Solution File, Format Version 12.00
# Visual Studio 15
VisualStudioVersion = 15.0.27703.2018
MinimumVisualStudioVersion = 10.0.40219.1
Project("{2150E333-8FDC-42A3-9474-1A3956D46DE8}") = "gkCoreModule", "gkCoreModule", "{A2DAC854-D831-4546-9275-3BBBFF20389F}"
EndProject
Project("{2150E333-8FDC-42A3-9474-1A3956D46DE8}") = "gkCommon", "gkCommon", "{420B7F68-3912-45A7-BD80-08231628F27A}"
EndProject
Project("{2150E333-8FDC-42A3-9474-1A3956D46DE8}") = "gkLauncher", "gkLauncher", "{34676EA1-391F-4149-A124-4D2AD6B06B24}"
EndProject
Project("{8BC9CEB8-8B4A-11D0-8D11-00A0C91BC942}") = "gkRendererD3D9", "engine\gkRendererD3D9\gkRendererD3D9.vcxproj", "{DF3F985C-D2E3-442F-8D22-0F0539AC7570}"
EndProject
Project("{8BC9CEB8-8B4A-11D0-8D11-00A0C91BC942}") = "gkCommon", "engine\gkCommon\gkCommon.vcxproj", "{BD439D52-5D90-482B-8265-B443F54A5E01}"
EndProject
Project("{8BC9CEB8-8B4A-11D0-8D11-00A0C91BC942}") = "gkCore", "engine\gkCore\gkCore.vcxproj", "{DD70EA19-1DAA-4F85-834A-A370A55F03FB}"
EndProject
Project("{8BC9CEB8-8B4A-11D0-8D11-00A0C91BC942}") = "gkInput", "engine\gkInput\gkInput.vcxproj", "{1BD63852-AFD6-43FE-918C-A851AAE9E30C}"
EndProject
Project("{8BC9CEB8-8B4A-11D0-8D11-00A0C91BC942}") = "gkPhysX", "engine\gkPhysX\gkPhysX.vcxproj", "{46C47EB2-D93E-4D05-A20D-86A4B93F0494}"
EndProject
Project("{8BC9CEB8-8B4A-11D0-8D11-00A0C91BC942}") = "gkSystem", "engine\gkSystem\gkSystem.vcxproj", "{5B49F1B7-4AA2-4D32-9CC7-E9D703722815}"
EndProject
Project("{8BC9CEB8-8B4A-11D0-8D11-00A0C91BC942}") = "gkGameObjectSystem", "engine\gkGameObjectSystem\gkGameObjectSystem.vcxproj", "{F6645BB5-444B-44F3-9B7D-8294ECDA3087}"
EndProject
Project("{2150E333-8FDC-42A3-9474-1A3956D46DE8}") = "gkGameFramework", "gkGameFramework", "{1DD4FA3C-A3BE-404E-952B-17F1039188DF}"
EndProject
Project("{8BC9CEB8-8B4A-11D0-8D11-00A0C91BC942}") = "gkGameFramework", "engine\gkGameFramework\gkGameFramework.vcxproj", "{394A55EB-86A1-47B5-8ADE-2F65239D772E}"
EndProject
Project("{2150E333-8FDC-42A3-9474-1A3956D46DE8}") = "Renderer", "Renderer", "{A482CE82-B8CB-466D-A9FE-EE7734C4A0A7}"
EndProject
Project("{8BC9CEB8-8B4A-11D0-8D11-00A0C91BC942}") = "gkRendererGLES2", "engine\gkRendererGLES2\gkRendererGLES2.vcxproj", "{C5E45787-6DB2-43CA-A42F-42BB6EAEEA71}"
EndProject
Project("{2150E333-8FDC-42A3-9474-1A3956D46DE8}") = "HwShader", "HwShader", "{D5980464-D5DB-449C-8F2B-70C827517439}"
EndProject
Project("{8BC9CEB8-8B4A-11D0-8D11-00A0C91BC942}") = "GameKnifeShaders", "..\exec\engine\shaders\GameKnifeShaders.vcxproj", "{96F0C4C1-512E-4E4D-9A76-6B4812EDD8CA}"
EndProject
Project("{8BC9CEB8-8B4A-11D0-8D11-00A0C91BC942}") = "TestCases", "engine\gkTestApps\TestCases\TestCases.vcxproj", "{D22B0E19-5934-416F-854E-CDA643078FA0}"
EndProject
Project("{8BC9CEB8-8B4A-11D0-8D11-00A0C91BC942}") = "gkFont", "engine\gkFont\gkFont.vcxproj", "{BC9EDB6F-5496-4F8B-8CE4-DCE1FA8F4A18}"
EndProject
Project("{8BC9CEB8-8B4A-11D0-8D11-00A0C91BC942}") = "gkRendererGL330", "engine\gkRendererGL330\gkRendererGL330.vcxproj", "{3D993668-0078-41E9-8428-E1E3FA03CA03}"
EndProject
Project("{8BC9CEB8-8B4A-11D0-8D11-00A0C91BC942}") = "gkTrackBus", "engine\gkTrackBus\gkTrackBus.vcxproj", "{7512655B-D097-4489-9D60-C990B56F0EE2}"
EndProject
Project("{8BC9CEB8-8B4A-11D0-8D11-00A0C91BC942}") = "gkSound", "engine\gkSound\gkSound.vcxproj", "{1DB0CB4D-A2A5-4134-B6FE-51DF1B588BC0}"
EndProject
Project("{2150E333-8FDC-42A3-9474-1A3956D46DE8}") = "CoreModules", "CoreModules", "{38072330-D08B-428F-B5AB-559FBD8C986A}"
EndProject
Project("{2150E333-8FDC-42A3-9474-1A3956D46DE8}") = "Stereo", "Stereo", "{4DB5B3D1-33EE-4D51-AC83-D754F59E1D8A}"
EndProject
Project("{2150E333-8FDC-42A3-9474-1A3956D46DE8}") = "PhysicsPlugin", "PhysicsPlugin", "{6878E232-79B8-4F5E-AE6F-8057C6B83201}"
EndProject
Project("{8BC9CEB8-8B4A-11D0-8D11-00A0C91BC942}") = "gkStereoDevice", "engine\gkStereoDevice\gkStereoDevice.vcxproj", "{7826AAA2-7578-4CD3-B9CF-874A4763359F}"
EndProject
Project("{8BC9CEB8-8B4A-11D0-8D11-00A0C91BC942}") = "gkLauncher", "engine\gkLauncherUniverse\gkLauncher.vcxproj", "{92170CA8-165C-4033-9DC5-614DCEF792B3}"
EndProject
Global
	GlobalSection(SolutionConfigurationPlatforms) = preSolution
		Develop_Latest|Win32 = Develop_Latest|Win32
		Develop_Latest|x64 = Develop_Latest|x64
	EndGlobalSection
	GlobalSection(ProjectConfigurationPlatforms) = postSolution
		{DF3F985C-D2E3-442F-8D22-0F0539AC7570}.Develop_Latest|Win32.ActiveCfg = Develop_Latest|Win32
		{DF3F985C-D2E3-442F-8D22-0F0539AC7570}.Develop_Latest|Win32.Build.0 = Develop_Latest|Win32
		{DF3F985C-D2E3-442F-8D22-0F0539AC7570}.Develop_Latest|x64.ActiveCfg = Develop_Latest|x64
		{DF3F985C-D2E3-442F-8D22-0F0539AC7570}.Develop_Latest|x64.Build.0 = Develop_Latest|x64
		{BD439D52-5D90-482B-8265-B443F54A5E01}.Develop_Latest|Win32.ActiveCfg = Develop_Latest|Win32
		{BD439D52-5D90-482B-8265-B443F54A5E01}.Develop_Latest|x64.ActiveCfg = Develop_Latest|Win32
		{DD70EA19-1DAA-4F85-834A-A370A55F03FB}.Develop_Latest|Win32.ActiveCfg = Develop_Latest|Win32
		{DD70EA19-1DAA-4F85-834A-A370A55F03FB}.Develop_Latest|Win32.Build.0 = Develop_Latest|Win32
		{DD70EA19-1DAA-4F85-834A-A370A55F03FB}.Develop_Latest|x64.ActiveCfg = Develop_Latest|x64
		{DD70EA19-1DAA-4F85-834A-A370A55F03FB}.Develop_Latest|x64.Build.0 = Develop_Latest|x64
		{1BD63852-AFD6-43FE-918C-A851AAE9E30C}.Develop_Latest|Win32.ActiveCfg = Develop_Latest|Win32
		{1BD63852-AFD6-43FE-918C-A851AAE9E30C}.Develop_Latest|Win32.Build.0 = Develop_Latest|Win32
		{1BD63852-AFD6-43FE-918C-A851AAE9E30C}.Develop_Latest|x64.ActiveCfg = Develop_Latest|x64
		{1BD63852-AFD6-43FE-918C-A851AAE9E30C}.Develop_Latest|x64.Build.0 = Develop_Latest|x64
		{46C47EB2-D93E-4D05-A20D-86A4B93F0494}.Develop_Latest|Win32.ActiveCfg = Develop_Latest|Win32
		{46C47EB2-D93E-4D05-A20D-86A4B93F0494}.Develop_Latest|x64.ActiveCfg = Develop_Latest|Win32
		{5B49F1B7-4AA2-4D32-9CC7-E9D703722815}.Develop_Latest|Win32.ActiveCfg = Develop_Latest|Win32
		{5B49F1B7-4AA2-4D32-9CC7-E9D703722815}.Develop_Latest|Win32.Build.0 = Develop_Latest|Win32
		{5B49F1B7-4AA2-4D32-9CC7-E9D703722815}.Develop_Latest|x64.ActiveCfg = Develop_Latest|x64
		{5B49F1B7-4AA2-4D32-9CC7-E9D703722815}.Develop_Latest|x64.Build.0 = Develop_Latest|x64
		{F6645BB5-444B-44F3-9B7D-8294ECDA3087}.Develop_Latest|Win32.ActiveCfg = Develop_Latest|Win32
		{F6645BB5-444B-44F3-9B7D-8294ECDA3087}.Develop_Latest|Win32.Build.0 = Develop_Latest|Win32
		{F6645BB5-444B-44F3-9B7D-8294ECDA3087}.Develop_Latest|x64.ActiveCfg = Develop_Latest|x64
		{F6645BB5-444B-44F3-9B7D-8294ECDA3087}.Develop_Latest|x64.Build.0 = Develop_Latest|x64
		{394A55EB-86A1-47B5-8ADE-2F65239D772E}.Develop_Latest|Win32.ActiveCfg = Develop_Latest|Win32
		{394A55EB-86A1-47B5-8ADE-2F65239D772E}.Develop_Latest|Win32.Build.0 = Develop_Latest|Win32
		{394A55EB-86A1-47B5-8ADE-2F65239D772E}.Develop_Latest|x64.ActiveCfg = Develop_Latest|x64
		{394A55EB-86A1-47B5-8ADE-2F65239D772E}.Develop_Latest|x64.Build.0 = Develop_Latest|x64
		{C5E45787-6DB2-43CA-A42F-42BB6EAEEA71}.Develop_Latest|Win32.ActiveCfg = Develop_Latest|Win32
		{C5E45787-6DB2-43CA-A42F-42BB6EAEEA71}.Develop_Latest|Win32.Build.0 = Develop_Latest|Win32
		{C5E45787-6DB2-43CA-A42F-42BB6EAEEA71}.Develop_Latest|x64.ActiveCfg = Develop_Latest|x64
		{96F0C4C1-512E-4E4D-9A76-6B4812EDD8CA}.Develop_Latest|Win32.ActiveCfg = Develop_Latest|Win32
		{96F0C4C1-512E-4E4D-9A76-6B4812EDD8CA}.Develop_Latest|x64.ActiveCfg = Develop_Latest|Win32
		{D22B0E19-5934-416F-854E-CDA643078FA0}.Develop_Latest|Win32.ActiveCfg = Develop_Latest|Win32
		{D22B0E19-5934-416F-854E-CDA643078FA0}.Develop_Latest|Win32.Build.0 = Develop_Latest|Win32
		{D22B0E19-5934-416F-854E-CDA643078FA0}.Develop_Latest|x64.ActiveCfg = Develop_Latest|x64
		{D22B0E19-5934-416F-854E-CDA643078FA0}.Develop_Latest|x64.Build.0 = Develop_Latest|x64
		{BC9EDB6F-5496-4F8B-8CE4-DCE1FA8F4A18}.Develop_Latest|Win32.ActiveCfg = Develop_Latest|Win32
		{BC9EDB6F-5496-4F8B-8CE4-DCE1FA8F4A18}.Develop_Latest|Win32.Build.0 = Develop_Latest|Win32
		{BC9EDB6F-5496-4F8B-8CE4-DCE1FA8F4A18}.Develop_Latest|x64.ActiveCfg = Develop_Latest|x64
		{BC9EDB6F-5496-4F8B-8CE4-DCE1FA8F4A18}.Develop_Latest|x64.Build.0 = Develop_Latest|x64
		{3D993668-0078-41E9-8428-E1E3FA03CA03}.Develop_Latest|Win32.ActiveCfg = Develop_Latest|Win32
		{3D993668-0078-41E9-8428-E1E3FA03CA03}.Develop_Latest|Win32.Build.0 = Develop_Latest|Win32
		{3D993668-0078-41E9-8428-E1E3FA03CA03}.Develop_Latest|x64.ActiveCfg = Develop_Latest|Win32
		{7512655B-D097-4489-9D60-C990B56F0EE2}.Develop_Latest|Win32.ActiveCfg = Develop_Latest|Win32
		{7512655B-D097-4489-9D60-C990B56F0EE2}.Develop_Latest|Win32.Build.0 = Develop_Latest|Win32
		{7512655B-D097-4489-9D60-C990B56F0EE2}.Develop_Latest|x64.ActiveCfg = Develop_Latest|Win32
		{1DB0CB4D-A2A5-4134-B6FE-51DF1B588BC0}.Develop_Latest|Win32.ActiveCfg = Develop_Latest|Win32
		{1DB0CB4D-A2A5-4134-B6FE-51DF1B588BC0}.Develop_Latest|Win32.Build.0 = Develop_Latest|Win32
		{1DB0CB4D-A2A5-4134-B6FE-51DF1B588BC0}.Develop_Latest|x64.ActiveCfg = Develop_Latest|Win32
		{7826AAA2-7578-4CD3-B9CF-874A4763359F}.Develop_Latest|Win32.ActiveCfg = Develop_Latest|Win32
		{7826AAA2-7578-4CD3-B9CF-874A4763359F}.Develop_Latest|Win32.Build.0 = Develop_Latest|Win32
		{7826AAA2-7578-4CD3-B9CF-874A4763359F}.Develop_Latest|x64.ActiveCfg = Develop_Latest|Win32
		{92170CA8-165C-4033-9DC5-614DCEF792B3}.Develop_Latest|Win32.ActiveCfg = Develop_Latest|Win32
		{92170CA8-165C-4033-9DC5-614DCEF792B3}.Develop_Latest|Win32.Build.0 = Develop_Latest|Win32
		{92170CA8-165C-4033-9DC5-614DCEF792B3}.Develop_Latest|x64.ActiveCfg = Develop_Latest|x64
		{92170CA8-165C-4033-9DC5-614DCEF792B3}.Develop_Latest|x64.Build.0 = Develop_Latest|x64
	EndGlobalSection
	GlobalSection(SolutionProperties) = preSolution
		HideSolutionNode = FALSE
	EndGlobalSection
	GlobalSection(NestedProjects) = preSolution
		{DF3F985C-D2E3-442F-8D22-0F0539AC7570} = {A482CE82-B8CB-466D-A9FE-EE7734C4A0A7}
		{BD439D52-5D90-482B-8265-B443F54A5E01} = {420B7F68-3912-45A7-BD80-08231628F27A}
		{DD70EA19-1DAA-4F85-834A-A370A55F03FB} = {38072330-D08B-428F-B5AB-559FBD8C986A}
		{1BD63852-AFD6-43FE-918C-A851AAE9E30C} = {38072330-D08B-428F-B5AB-559FBD8C986A}
		{46C47EB2-D93E-4D05-A20D-86A4B93F0494} = {6878E232-79B8-4F5E-AE6F-8057C6B83201}
		{5B49F1B7-4AA2-4D32-9CC7-E9D703722815} = {38072330-D08B-428F-B5AB-559FBD8C986A}
		{F6645BB5-444B-44F3-9B7D-8294ECDA3087} = {38072330-D08B-428F-B5AB-559FBD8C986A}
		{394A55EB-86A1-47B5-8ADE-2F65239D772E} = {1DD4FA3C-A3BE-404E-952B-17F1039188DF}
		{A482CE82-B8CB-466D-A9FE-EE7734C4A0A7} = {A2DAC854-D831-4546-9275-3BBBFF20389F}
		{C5E45787-6DB2-43CA-A42F-42BB6EAEEA71} = {A482CE82-B8CB-466D-A9FE-EE7734C4A0A7}
		{96F0C4C1-512E-4E4D-9A76-6B4812EDD8CA} = {D5980464-D5DB-449C-8F2B-70C827517439}
		{D22B0E19-5934-416F-854E-CDA643078FA0} = {1DD4FA3C-A3BE-404E-952B-17F1039188DF}
		{BC9EDB6F-5496-4F8B-8CE4-DCE1FA8F4A18} = {38072330-D08B-428F-B5AB-559FBD8C986A}
		{3D993668-0078-41E9-8428-E1E3FA03CA03} = {A482CE82-B8CB-466D-A9FE-EE7734C4A0A7}
		{7512655B-D097-4489-9D60-C990B56F0EE2} = {A2DAC854-D831-4546-9275-3BBBFF20389F}
		{1DB0CB4D-A2A5-4134-B6FE-51DF1B588BC0} = {A2DAC854-D831-4546-9275-3BBBFF20389F}
		{38072330-D08B-428F-B5AB-559FBD8C986A} = {A2DAC854-D831-4546-9275-3BBBFF20389F}
		{4DB5B3D1-33EE-4D51-AC83-D754F59E1D8A} = {A2DAC854-D831-4546-9275-3BBBFF20389F}
		{6878E232-79B8-4F5E-AE6F-8057C6B83201} = {A2DAC854-D831-4546-9275-3BBBFF20389F}
		{7826AAA2-7578-4CD3-B9CF-874A4763359F} = {4DB5B3D1-33EE-4D51-AC83-D754F59E1D8A}
		{92170CA8-165C-4033-9DC5-614DCEF792B3} = {34676EA1-391F-4149-A124-4D2AD6B06B24}
	EndGlobalSection
	GlobalSection(ExtensibilityGlobals) = postSolution
		SolutionGuid = {14676071-8BA5-4D2B-A9A6-5A0623CD2985}
	EndGlobalSection
EndGlobal
