<?xml version="1.0" encoding="utf-8"?>
<Project ToolsVersion="4.0" xmlns="http://schemas.microsoft.com/developer/msbuild/2003">
  <ItemGroup>
    <ClInclude Include="resource.h">
      <Filter>Resource Files</Filter>
    </ClInclude>
    <ClInclude Include="..\gkRendererGL\DeviceRenderContext.h">
      <Filter>RenderSys</Filter>
    </ClInclude>
    <ClInclude Include="..\gkRendererGL\dllmain.h">
      <Filter>RenderSys</Filter>
    </ClInclude>
    <ClInclude Include="..\gkRendererGL\gkAuxRenderer.h">
      <Filter>RenderSys</Filter>
    </ClInclude>
    <ClInclude Include="..\gkRendererGL\gkRendererGL330.h">
      <Filter>RenderSys</Filter>
    </ClInclude>
    <ClInclude Include="..\gkRendererGL\gkRenderLayer.h">
      <Filter>RenderSys</Filter>
    </ClInclude>
    <ClInclude Include="..\gkRendererGL\gkRenderSequence.h">
      <Filter>RenderSys</Filter>
    </ClInclude>
    <ClInclude Include="..\gkRendererGL\gkShaderParamDataSource.h">
      <Filter>RenderSys</Filter>
    </ClInclude>
    <ClInclude Include="..\gkRendererGL\Prerequisites.h">
      <Filter>RenderSys</Filter>
    </ClInclude>
    <ClInclude Include="..\gkRendererGL\RenderCamera.h">
      <Filter>RenderSys</Filter>
    </ClInclude>
    <ClInclude Include="..\gkRendererGL\RendererCVars.h">
      <Filter>RenderSys</Filter>
    </ClInclude>
    <ClInclude Include="..\gkRendererGL\RenderRes\DDS.h">
      <Filter>RenderRes</Filter>
    </ClInclude>
    <ClInclude Include="..\gkRendererGL\RenderRes\gkMaterial.h">
      <Filter>RenderRes</Filter>
    </ClInclude>
    <ClInclude Include="..\gkRendererGL\RenderRes\gkMaterialManager.h">
      <Filter>RenderRes</Filter>
    </ClInclude>
    <ClInclude Include="..\gkRendererGL\RenderRes\gkMeshGLES2.h">
      <Filter>RenderRes</Filter>
    </ClInclude>
    <ClInclude Include="..\gkRendererGL\RenderRes\gkMeshManager.h">
      <Filter>RenderRes</Filter>
    </ClInclude>
    <ClInclude Include="..\gkRendererGL\RenderRes\gkShader.h">
      <Filter>RenderRes</Filter>
    </ClInclude>
    <ClInclude Include="..\gkRendererGL\RenderRes\gkShaderManager.h">
      <Filter>RenderRes</Filter>
    </ClInclude>
    <ClInclude Include="..\gkRendererGL\RenderRes\gkTextureGLES2.h">
      <Filter>RenderRes</Filter>
    </ClInclude>
    <ClInclude Include="..\gkRendererGL\RenderRes\gkTextureManager.h">
      <Filter>RenderRes</Filter>
    </ClInclude>
    <ClInclude Include="StableHeader.h">
      <Filter>DllMain</Filter>
    </ClInclude>
    <ClInclude Include="..\gkRendererGL\HwTextureLoader.h">
      <Filter>DllMain</Filter>
    </ClInclude>
    <ClInclude Include="..\gkRendererGL\Platform\Win32Sim\gkRenderContextWin32.h">
      <Filter>Platform\Win32</Filter>
    </ClInclude>
    <ClInclude Include="..\gkRendererGL\Platform\Android\gkRenderContextAndroid.h">
      <Filter>Platform\Android</Filter>
    </ClInclude>
    <ClInclude Include="..\gkRendererGL\glExtension.h">
      <Filter>DllMain</Filter>
    </ClInclude>
  </ItemGroup>
  <ItemGroup>
    <Filter Include="Resource Files">
      <UniqueIdentifier>{04677d4a-cc8b-4496-ac71-e6bf1c3153c7}</UniqueIdentifier>
    </Filter>
    <Filter Include="RenderSys">
      <UniqueIdentifier>{72d10bc8-0aeb-425f-ae8d-841f416cc5e4}</UniqueIdentifier>
    </Filter>
    <Filter Include="DllMain">
      <UniqueIdentifier>{e0f6c6b4-c863-464c-8e3b-01710bec384b}</UniqueIdentifier>
    </Filter>
    <Filter Include="Platform">
      <UniqueIdentifier>{368f3be3-fa25-4ff4-83fa-e459d2e67fe9}</UniqueIdentifier>
    </Filter>
    <Filter Include="Platform\Android">
      <UniqueIdentifier>{49a54b8a-d492-49a3-8b6e-f3fde001502e}</UniqueIdentifier>
    </Filter>
    <Filter Include="Platform\Win32">
      <UniqueIdentifier>{227d152f-ec2e-4918-9022-f52ef4dff73c}</UniqueIdentifier>
    </Filter>
    <Filter Include="RenderRes">
      <UniqueIdentifier>{a047acf0-11b9-4ed1-be8f-aa58d45ed511}</UniqueIdentifier>
    </Filter>
    <Filter Include="Platform\IOS">
      <UniqueIdentifier>{46827889-3d6a-4b63-862b-ce927fad9a72}</UniqueIdentifier>
    </Filter>
    <Filter Include="CVars">
      <UniqueIdentifier>{c2a927f2-5cd3-4d80-b488-8977b2a0a412}</UniqueIdentifier>
    </Filter>
  </ItemGroup>
  <ItemGroup>
    <ClCompile Include="..\gkRendererGL\dllmain.cpp">
      <Filter>RenderSys</Filter>
    </ClCompile>
    <ClCompile Include="..\gkRendererGL\gkAuxRenderer.cpp">
      <Filter>RenderSys</Filter>
    </ClCompile>
    <ClCompile Include="..\gkRendererGL\gkRendererGL330.cpp">
      <Filter>RenderSys</Filter>
    </ClCompile>
    <ClCompile Include="..\gkRendererGL\gkRenderLayer.cpp">
      <Filter>RenderSys</Filter>
    </ClCompile>
    <ClCompile Include="..\gkRendererGL\gkRenderSequence.cpp">
      <Filter>RenderSys</Filter>
    </ClCompile>
    <ClCompile Include="..\gkRendererGL\gkShaderParamDataSource.cpp">
      <Filter>RenderSys</Filter>
    </ClCompile>
    <ClCompile Include="..\gkRendererGL\RenderCamera.cpp">
      <Filter>RenderSys</Filter>
    </ClCompile>
    <ClCompile Include="..\gkRendererGL\RendererCVars.cpp">
      <Filter>RenderSys</Filter>
    </ClCompile>
    <ClCompile Include="..\gkRendererGL\RenderRes\gkMaterial.cpp">
      <Filter>RenderRes</Filter>
    </ClCompile>
    <ClCompile Include="..\gkRendererGL\RenderRes\gkMaterialManager.cpp">
      <Filter>RenderRes</Filter>
    </ClCompile>
    <ClCompile Include="..\gkRendererGL\RenderRes\gkMeshGLES2.cpp">
      <Filter>RenderRes</Filter>
    </ClCompile>
    <ClCompile Include="..\gkRendererGL\RenderRes\gkMeshManager.cpp">
      <Filter>RenderRes</Filter>
    </ClCompile>
    <ClCompile Include="..\gkRendererGL\RenderRes\gkShader.cpp">
      <Filter>RenderRes</Filter>
    </ClCompile>
    <ClCompile Include="..\gkRendererGL\RenderRes\gkShaderManager.cpp">
      <Filter>RenderRes</Filter>
    </ClCompile>
    <ClCompile Include="..\gkRendererGL\RenderRes\gkTextureGLES2.cpp">
      <Filter>RenderRes</Filter>
    </ClCompile>
    <ClCompile Include="..\gkRendererGL\RenderRes\gkTextureManager.cpp">
      <Filter>RenderRes</Filter>
    </ClCompile>
    <ClCompile Include="StableHeader.cpp">
      <Filter>DllMain</Filter>
    </ClCompile>
    <ClCompile Include="..\gkRendererGL\HwTextureLoader.cpp">
      <Filter>DllMain</Filter>
    </ClCompile>
    <ClCompile Include="..\gkRendererGL\Platform\Win32Sim\gkRenderContextWin32.cpp">
      <Filter>Platform\Win32</Filter>
    </ClCompile>
    <ClCompile Include="..\gkRendererGL\Platform\Android\gkRenderContextAndroid.cpp">
      <Filter>Platform\Android</Filter>
    </ClCompile>
    <ClCompile Include="..\gkRendererGL\glExtension.cpp">
      <Filter>DllMain</Filter>
    </ClCompile>
  </ItemGroup>
  <ItemGroup>
    <ResourceCompile Include="gkRendererGLES2.rc">
      <Filter>Resource Files</Filter>
    </ResourceCompile>
  </ItemGroup>
</Project>