<?xml version="1.0" encoding="utf-8"?>
<Project ToolsVersion="4.0" xmlns="http://schemas.microsoft.com/developer/msbuild/2003">
  <ItemGroup>
    <Filter Include="Source Files">
      <UniqueIdentifier>{4FC737F1-C7A5-4376-A066-2A32D752A2FF}</UniqueIdentifier>
      <Extensions>cpp;c;cc;cxx;def;odl;idl;hpj;bat;asm;asmx</Extensions>
    </Filter>
    <Filter Include="Header Files">
      <UniqueIdentifier>{93995380-89BD-4b04-88EB-625FBE52EBFB}</UniqueIdentifier>
      <Extensions>h;hpp;hxx;hm;inl;inc;xsd</Extensions>
    </Filter>
    <Filter Include="Resource Files">
      <UniqueIdentifier>{67DA6AB6-F800-4c08-8B7A-83BB121AAD01}</UniqueIdentifier>
      <Extensions>rc;ico;cur;bmp;dlg;rc2;rct;bin;rgs;gif;jpg;jpeg;jpe;resx;tiff;tif;png;wav</Extensions>
    </Filter>
    <Filter Include="SystemStaff">
      <UniqueIdentifier>{3a27cc1e-3496-4db3-96e3-52cdbbcda751}</UniqueIdentifier>
    </Filter>
    <Filter Include="Resource">
      <UniqueIdentifier>{a39a5685-9332-4215-8483-625c112b54ba}</UniqueIdentifier>
    </Filter>
    <Filter Include="SceneLoader">
      <UniqueIdentifier>{13b766e4-8a65-415b-909e-0ed57e36254d}</UniqueIdentifier>
    </Filter>
    <Filter Include="CVars">
      <UniqueIdentifier>{16d93404-48d6-47f8-9479-bb5dfc55180a}</UniqueIdentifier>
    </Filter>
    <Filter Include="StaticLibrary">
      <UniqueIdentifier>{ed2017e1-64cf-48ce-bf7b-33933a2a03c4}</UniqueIdentifier>
    </Filter>
    <Filter Include="ResFile">
      <UniqueIdentifier>{988a2986-2c4d-4689-8064-b82b307c1852}</UniqueIdentifier>
    </Filter>
    <Filter Include="inGUI">
      <UniqueIdentifier>{1a078104-5350-42a7-93b4-e9ec9d6b6a53}</UniqueIdentifier>
    </Filter>
    <Filter Include="ResFile\lzma">
      <UniqueIdentifier>{4705267b-f2f3-40ce-a907-6c43b69433a4}</UniqueIdentifier>
    </Filter>
    <Filter Include="Threading">
      <UniqueIdentifier>{a8abbc0e-e88f-468e-a7a3-05c7fb1e2fe6}</UniqueIdentifier>
    </Filter>
  </ItemGroup>
  <ItemGroup>
    <ClCompile Include="source\dllmain.cpp">
      <Filter>Source Files</Filter>
    </ClCompile>
    <ClCompile Include="source\gkSystemStableHeader.cpp">
      <Filter>Source Files</Filter>
    </ClCompile>
    <ClCompile Include="source\gkConsoleVariablesManager.cpp">
      <Filter>SystemStaff</Filter>
    </ClCompile>
    <ClCompile Include="source\gkLog.cpp">
      <Filter>SystemStaff</Filter>
    </ClCompile>
    <ClCompile Include="source\gkSystem.cpp">
      <Filter>SystemStaff</Filter>
    </ClCompile>
    <ClCompile Include="source\gkSystemProfiler.cpp">
      <Filter>SystemStaff</Filter>
    </ClCompile>
    <ClCompile Include="source\gkTimer.cpp">
      <Filter>SystemStaff</Filter>
    </ClCompile>
    <ClCompile Include="source\gkSceneBuilder.cpp">
      <Filter>SceneLoader</Filter>
    </ClCompile>
    <ClCompile Include="source\SystemCVars.cpp">
      <Filter>CVars</Filter>
    </ClCompile>
    <ClCompile Include="source\gkResFile.cpp">
      <Filter>ResFile</Filter>
    </ClCompile>
    <ClCompile Include="source\gkResFileManager.cpp">
      <Filter>ResFile</Filter>
    </ClCompile>
    <ClCompile Include="..\gkCommon\gkMeshFileLoader.cpp">
      <Filter>SceneLoader</Filter>
    </ClCompile>
    <ClCompile Include="gkInGUI.cpp">
      <Filter>inGUI</Filter>
    </ClCompile>
    <ClCompile Include="gkSystemInfo.cpp">
      <Filter>CVars</Filter>
    </ClCompile>
    <ClCompile Include="FileChangeMonitor.cpp">
      <Filter>Source Files</Filter>
    </ClCompile>
    <ClCompile Include="gkTaskDispatcher.cpp">
      <Filter>Threading</Filter>
    </ClCompile>
    <ClCompile Include="..\..\thirdparty\lzma\LzmaDec.c">
      <Filter>ResFile\lzma</Filter>
    </ClCompile>
    <ClCompile Include="..\..\thirdparty\lzma\LzmaEnc.c">
      <Filter>ResFile\lzma</Filter>
    </ClCompile>
    <ClCompile Include="..\..\thirdparty\lzma\LzmaLib.c">
      <Filter>ResFile\lzma</Filter>
    </ClCompile>
    <ClCompile Include="..\..\thirdparty\lzma\MtCoder.c">
      <Filter>ResFile\lzma</Filter>
    </ClCompile>
    <ClCompile Include="..\..\thirdparty\lzma\Sha256.c">
      <Filter>ResFile\lzma</Filter>
    </ClCompile>
    <ClCompile Include="..\..\thirdparty\lzma\Threads.c">
      <Filter>ResFile\lzma</Filter>
    </ClCompile>
    <ClCompile Include="..\..\thirdparty\lzma\Alloc.c">
      <Filter>ResFile\lzma</Filter>
    </ClCompile>
    <ClCompile Include="..\..\thirdparty\lzma\Bcj2.c">
      <Filter>ResFile\lzma</Filter>
    </ClCompile>
    <ClCompile Include="..\..\thirdparty\lzma\Bra.c">
      <Filter>ResFile\lzma</Filter>
    </ClCompile>
    <ClCompile Include="..\..\thirdparty\lzma\Bra86.c">
      <Filter>ResFile\lzma</Filter>
    </ClCompile>
    <ClCompile Include="..\..\thirdparty\lzma\BraIA64.c">
      <Filter>ResFile\lzma</Filter>
    </ClCompile>
    <ClCompile Include="..\..\thirdparty\lzma\CpuArch.c">
      <Filter>ResFile\lzma</Filter>
    </ClCompile>
    <ClCompile Include="..\..\thirdparty\lzma\Delta.c">
      <Filter>ResFile\lzma</Filter>
    </ClCompile>
    <ClCompile Include="..\..\thirdparty\lzma\LzFind.c">
      <Filter>ResFile\lzma</Filter>
    </ClCompile>
    <ClCompile Include="..\..\thirdparty\lzma\LzFindMt.c">
      <Filter>ResFile\lzma</Filter>
    </ClCompile>
    <ClCompile Include="..\..\thirdparty\lzma\Lzma2Dec.c">
      <Filter>ResFile\lzma</Filter>
    </ClCompile>
    <ClCompile Include="..\..\thirdparty\lzma\Lzma2Enc.c">
      <Filter>ResFile\lzma</Filter>
    </ClCompile>
    <ClCompile Include="..\..\thirdparty\lzma\Lzma86Dec.c">
      <Filter>ResFile\lzma</Filter>
    </ClCompile>
    <ClCompile Include="..\..\thirdparty\lzma\Lzma86Enc.c">
      <Filter>ResFile\lzma</Filter>
    </ClCompile>
  </ItemGroup>
  <ItemGroup>
    <ClInclude Include="include\dllmain.h">
      <Filter>Header Files</Filter>
    </ClInclude>
    <ClInclude Include="include\gkSystemPrerequisites.h">
      <Filter>Header Files</Filter>
    </ClInclude>
    <ClInclude Include="include\gkSystemStableHeader.h">
      <Filter>Header Files</Filter>
    </ClInclude>
    <ClInclude Include="include\gkConsoleVariablesManager.h">
      <Filter>SystemStaff</Filter>
    </ClInclude>
    <ClInclude Include="include\gkLog.h">
      <Filter>SystemStaff</Filter>
    </ClInclude>
    <ClInclude Include="include\gkSystem.h">
      <Filter>SystemStaff</Filter>
    </ClInclude>
    <ClInclude Include="include\gkSystemProfiler.h">
      <Filter>SystemStaff</Filter>
    </ClInclude>
    <ClInclude Include="include\gkTimer.h">
      <Filter>SystemStaff</Filter>
    </ClInclude>
    <ClInclude Include="include\gkSceneBuilder.h">
      <Filter>SceneLoader</Filter>
    </ClInclude>
    <ClInclude Include="include\SystemCVars.h">
      <Filter>CVars</Filter>
    </ClInclude>
    <ClInclude Include="include\gkStaticLibraryLoader.h">
      <Filter>StaticLibrary</Filter>
    </ClInclude>
    <ClInclude Include="include\gkResFile.h">
      <Filter>ResFile</Filter>
    </ClInclude>
    <ClInclude Include="include\gkResFileManager.h">
      <Filter>ResFile</Filter>
    </ClInclude>
    <ClInclude Include="..\gkCommon\gkMeshFileLoader.h">
      <Filter>SceneLoader</Filter>
    </ClInclude>
    <ClInclude Include="gkSystemInfo.h">
      <Filter>CVars</Filter>
    </ClInclude>
    <ClInclude Include="FileChangeMonitor.h">
      <Filter>Header Files</Filter>
    </ClInclude>
    <ClInclude Include="include\gkInGUI.h">
      <Filter>inGUI</Filter>
    </ClInclude>
    <ClInclude Include="gkTaskDispatcher.h">
      <Filter>Threading</Filter>
    </ClInclude>
  </ItemGroup>
  <ItemGroup>
    <None Include="ReadMe.txt" />
  </ItemGroup>
</Project>