<?xml version="1.0" encoding="utf-8"?>
<Project ToolsVersion="4.0" xmlns="http://schemas.microsoft.com/developer/msbuild/2003">
  <ItemGroup>
    <Filter Include="CppSource">
      <UniqueIdentifier>{66f41746-5039-4f3f-bf63-a2ea76a36745}</UniqueIdentifier>
    </Filter>
    <Filter Include="AndroidApk">
      <UniqueIdentifier>{59ea3ba4-298d-48ae-862d-be4a8cc2664b}</UniqueIdentifier>
    </Filter>
    <Filter Include="AndroidApk\JavaSource">
      <UniqueIdentifier>{ab0536cf-ea92-4e84-b130-25292ade30e1}</UniqueIdentifier>
    </Filter>
    <Filter Include="AndroidApk\res">
      <UniqueIdentifier>{f00b8e87-5781-49c3-aa61-bd6a1e4af0e9}</UniqueIdentifier>
    </Filter>
    <Filter Include="App">
      <UniqueIdentifier>{5b8fc93d-81f0-4c72-8e3d-376afcb1073b}</UniqueIdentifier>
    </Filter>
  </ItemGroup>
  <ItemGroup>
    <ClCompile Include="CppSource\launcher.cpp">
      <Filter>CppSource</Filter>
    </ClCompile>
    <ClCompile Include="android_native_app_glue.c">
      <Filter>App</Filter>
    </ClCompile>
  </ItemGroup>
  <ItemGroup>
    <ClInclude Include="android_native_app_glue.h">
      <Filter>App</Filter>
    </ClInclude>
  </ItemGroup>
  <ItemGroup>
    <None Include="..\..\..\exec\Android\res\values\strings.xml">
      <Filter>AndroidApk\res</Filter>
    </None>
  </ItemGroup>
  <ItemGroup>
    <AndroidBuild Include="..\..\..\exec\Android\AndroidManifest.xml">
      <Filter>AndroidApk</Filter>
    </AndroidBuild>
    <AndroidBuild Include="..\..\..\exec\Android\ant.properties">
      <Filter>AndroidApk</Filter>
    </AndroidBuild>
    <AndroidBuild Include="..\..\..\exec\Android\build.xml">
      <Filter>AndroidApk</Filter>
    </AndroidBuild>
    <AndroidBuild Include="..\..\..\exec\Android\local.properties">
      <Filter>AndroidApk</Filter>
    </AndroidBuild>
    <AndroidBuild Include="..\..\..\exec\Android\project.properties">
      <Filter>AndroidApk</Filter>
    </AndroidBuild>
  </ItemGroup>
</Project>