
Microsoft Visual Studio Solution File, Format Version 11.00
# Visual Studio 2010
Project("{2150E333-8FDC-42A3-9474-1A3956D46DE8}") = "gkCoreModule", "gkCoreModule", "{A2DAC854-D831-4546-9275-3BBBFF20389F}"
EndProject
Project("{2150E333-8FDC-42A3-9474-1A3956D46DE8}") = "gkCommon", "gkCommon", "{420B7F68-3912-45A7-BD80-08231628F27A}"
EndProject
Project("{2150E333-8FDC-42A3-9474-1A3956D46DE8}") = "gkLauncher", "gkLauncher", "{34676EA1-391F-4149-A124-4D2AD6B06B24}"
EndProject
Project("{8BC9CEB8-8B4A-11D0-8D11-00A0C91BC942}") = "gkRendererD3D9", "..\gkRendererD3D9\gkRendererD3D9.vcxproj", "{DF3F985C-D2E3-442F-8D22-0F0539AC7570}"
EndProject
Project("{8BC9CEB8-8B4A-11D0-8D11-00A0C91BC942}") = "gkCommon", "..\gkCommon\gkCommon.vcxproj", "{BD439D52-5D90-482B-8265-B443F54A5E01}"
EndProject
Project("{8BC9CEB8-8B4A-11D0-8D11-00A0C91BC942}") = "gkCore", "..\gkCore\gkCore.vcxproj", "{DD70EA19-1DAA-4F85-834A-A370A55F03FB}"
EndProject
Project("{8BC9CEB8-8B4A-11D0-8D11-00A0C91BC942}") = "gkInput", "..\gkInput\gkInput.vcxproj", "{1BD63852-AFD6-43FE-918C-A851AAE9E30C}"
EndProject
Project("{8BC9CEB8-8B4A-11D0-8D11-00A0C91BC942}") = "gkNetwork", "..\gkNetwork\gkNetwork.vcxproj", "{78A2C9F7-20B6-49EB-BB42-C959A8685440}"
EndProject
Project("{8BC9CEB8-8B4A-11D0-8D11-00A0C91BC942}") = "gkVtxUI", "..\gkUI\gkUI.vcxproj", "{39A9F03C-DAAE-4070-B46C-0493CBF4D9BC}"
EndProject
Project("{8BC9CEB8-8B4A-11D0-8D11-00A0C91BC942}") = "gkPhysX", "..\gkPhysX\gkPhysX.vcxproj", "{46C47EB2-D93E-4D05-A20D-86A4B93F0494}"
EndProject
Project("{8BC9CEB8-8B4A-11D0-8D11-00A0C91BC942}") = "gkSystem", "..\gkSystem\gkSystem.vcxproj", "{5B49F1B7-4AA2-4D32-9CC7-E9D703722815}"
EndProject
Project("{8BC9CEB8-8B4A-11D0-8D11-00A0C91BC942}") = "gkLauncher", "..\gkLauncher\gkLauncher.vcxproj", "{0406EEF5-A3FC-4B27-9797-505F54F2266D}"
	ProjectSection(ProjectDependencies) = postProject
		{394A55EB-86A1-47B5-8ADE-2F65239D772E} = {394A55EB-86A1-47B5-8ADE-2F65239D772E}
	EndProjectSection
EndProject
Project("{8BC9CEB8-8B4A-11D0-8D11-00A0C91BC942}") = "gkHavok", "..\gkHavok\gkHavok.vcxproj", "{91951428-FC3F-433A-96C8-44D0E162D856}"
EndProject
Project("{8BC9CEB8-8B4A-11D0-8D11-00A0C91BC942}") = "gkGameObjectSystem", "..\gkGameObjectSystem\gkGameObjectSystem.vcxproj", "{F6645BB5-444B-44F3-9B7D-8294ECDA3087}"
EndProject
Project("{2150E333-8FDC-42A3-9474-1A3956D46DE8}") = "gkGameFramework", "gkGameFramework", "{1DD4FA3C-A3BE-404E-952B-17F1039188DF}"
EndProject
Project("{8BC9CEB8-8B4A-11D0-8D11-00A0C91BC942}") = "gkGameFramework", "..\gkGameFramework\gkGameFramework.vcxproj", "{394A55EB-86A1-47B5-8ADE-2F65239D772E}"
EndProject
Project("{2150E333-8FDC-42A3-9474-1A3956D46DE8}") = "Renderer", "Renderer", "{A482CE82-B8CB-466D-A9FE-EE7734C4A0A7}"
EndProject
Project("{8BC9CEB8-8B4A-11D0-8D11-00A0C91BC942}") = "gkRendererGLES2", "..\gkRendererGLES2\gkRendererGLES2.vcxproj", "{C5E45787-6DB2-43CA-A42F-42BB6EAEEA71}"
EndProject
Project("{2150E333-8FDC-42A3-9474-1A3956D46DE8}") = "HwShader", "HwShader", "{D5980464-D5DB-449C-8F2B-70C827517439}"
EndProject
Project("{8BC9CEB8-8B4A-11D0-8D11-00A0C91BC942}") = "TangentSpaceViewer", "..\gkTestApps\gkTangentSpaceViewer\TangentSpaceViewer.vcxproj", "{DF80F7C4-D1D1-4241-B5D6-561639896D57}"
EndProject
Project("{2150E333-8FDC-42A3-9474-1A3956D46DE8}") = "editor", "editor", "{30138FD0-8B7D-475A-A874-40761E34CF78}"
EndProject
Project("{8BC9CEB8-8B4A-11D0-8D11-00A0C91BC942}") = "gkLauncherAndroid", "..\gkLauncherAndroid\gkLauncherAndroid.vcxproj", "{158CCAFB-7A8D-4532-91DF-99284FCDABEA}"
EndProject
Project("{8BC9CEB8-8B4A-11D0-8D11-00A0C91BC942}") = "gkPak", "..\..\editor\gkPak\gkPak.vcxproj", "{5D7CF444-82C9-4F2C-8A17-ACF5F822D38E}"
EndProject
Project("{8BC9CEB8-8B4A-11D0-8D11-00A0C91BC942}") = "GameKnifeShaders", "..\..\..\exec\engine\shaders\GameKnifeShaders.vcxproj", "{96F0C4C1-512E-4E4D-9A76-6B4812EDD8CA}"
EndProject
Project("{8BC9CEB8-8B4A-11D0-8D11-00A0C91BC942}") = "gkResourceCompiler", "..\..\editor\gkResourceCompiler\gkResourceCompiler.vcxproj", "{CB745F0E-F3CD-462B-84FE-53F4A641A5EE}"
EndProject
Project("{8BC9CEB8-8B4A-11D0-8D11-00A0C91BC942}") = "TestCases", "..\gkTestApps\TestCases\TestCases.vcxproj", "{D22B0E19-5934-416F-854E-CDA643078FA0}"
EndProject
Project("{8BC9CEB8-8B4A-11D0-8D11-00A0C91BC942}") = "gkGameDemo", "..\..\game\gkGameDemo\gkGameDemo.vcxproj", "{CB6B5AF7-4BA7-4DE7-80EC-48F77AA4683D}"
EndProject
Project("{8BC9CEB8-8B4A-11D0-8D11-00A0C91BC942}") = "gkFont", "..\gkFont\gkFont.vcxproj", "{BC9EDB6F-5496-4F8B-8CE4-DCE1FA8F4A18}"
EndProject
Project("{8BC9CEB8-8B4A-11D0-8D11-00A0C91BC942}") = "gkRendererGL330", "..\gkRendererGL330\gkRendererGL330.vcxproj", "{3D993668-0078-41E9-8428-E1E3FA03CA03}"
EndProject
Project("{8BC9CEB8-8B4A-11D0-8D11-00A0C91BC942}") = "gkTrackBus", "..\gkTrackBus\gkTrackBus.vcxproj", "{7512655B-D097-4489-9D60-C990B56F0EE2}"
EndProject
Project("{8BC9CEB8-8B4A-11D0-8D11-00A0C91BC942}") = "gkSound", "..\gkSound\gkSound.vcxproj", "{1DB0CB4D-A2A5-4134-B6FE-51DF1B588BC0}"
EndProject
Project("{8BC9CEB8-8B4A-11D0-8D11-00A0C91BC942}") = "gkVideo", "..\gkVideo\gkVideo.vcxproj", "{86ABC614-4CDC-460F-811E-B59ABDEABAD6}"
EndProject
Project("{8BC9CEB8-8B4A-11D0-8D11-00A0C91BC942}") = "gkStudio", "..\..\editor\gkstudio\gkStudio.vcxproj", "{74425658-5624-3347-1169-196982168723}"
EndProject
Project("{8BC9CEB8-8B4A-11D0-8D11-00A0C91BC942}") = "gkAnimationHavok", "..\gkAnimationHavok\gkAnimationHavok.vcxproj", "{1641DE6C-1D55-4B5F-A6D7-3EC6FA487261}"
EndProject
Project("{2150E333-8FDC-42A3-9474-1A3956D46DE8}") = "exporter", "exporter", "{35B1CC88-8BC4-43AD-ADF5-7AD6D84402B7}"
EndProject
Project("{8BC9CEB8-8B4A-11D0-8D11-00A0C91BC942}") = "gkMaxPort", "..\gkMaxPort\gkMaxPort.vcxproj", "{CC98DD97-01B7-41E6-ADFA-E6AD5BF7BAC3}"
EndProject
Project("{8BC9CEB8-8B4A-11D0-8D11-00A0C91BC942}") = "gkOculus", "..\gkOculus\gkOculus.vcxproj", "{E738C383-9B1A-4F1C-AD5B-87C38D6F8A27}"
EndProject
Project("{2150E333-8FDC-42A3-9474-1A3956D46DE8}") = "CoreModules", "CoreModules", "{38072330-D08B-428F-B5AB-559FBD8C986A}"
EndProject
Project("{2150E333-8FDC-42A3-9474-1A3956D46DE8}") = "Stereo", "Stereo", "{4DB5B3D1-33EE-4D51-AC83-D754F59E1D8A}"
EndProject
Project("{2150E333-8FDC-42A3-9474-1A3956D46DE8}") = "PhysicsPlugin", "PhysicsPlugin", "{6878E232-79B8-4F5E-AE6F-8057C6B83201}"
EndProject
Project("{8BC9CEB8-8B4A-11D0-8D11-00A0C91BC942}") = "gkStereoDevice", "..\gkStereoDevice\gkStereoDevice.vcxproj", "{7826AAA2-7578-4CD3-B9CF-874A4763359F}"
EndProject
Global
	GlobalSection(SolutionConfigurationPlatforms) = preSolution
		Debug|Android = Debug|Android
		Debug|Win32 = Debug|Win32
		Debug|x64 = Debug|x64
		Profile_MultiBytes|Android = Profile_MultiBytes|Android
		Profile_MultiBytes|Win32 = Profile_MultiBytes|Win32
		Profile_MultiBytes|x64 = Profile_MultiBytes|x64
		Profile_StaticLib|Android = Profile_StaticLib|Android
		Profile_StaticLib|Win32 = Profile_StaticLib|Win32
		Profile_StaticLib|x64 = Profile_StaticLib|x64
		Profile|Android = Profile|Android
		Profile|Win32 = Profile|Win32
		Profile|x64 = Profile|x64
		Release|Android = Release|Android
		Release|Win32 = Release|Win32
		Release|x64 = Release|x64
	EndGlobalSection
	GlobalSection(ProjectConfigurationPlatforms) = postSolution
		{DF3F985C-D2E3-442F-8D22-0F0539AC7570}.Debug|Android.ActiveCfg = Debug|x64
		{DF3F985C-D2E3-442F-8D22-0F0539AC7570}.Debug|Win32.ActiveCfg = Debug|Win32
		{DF3F985C-D2E3-442F-8D22-0F0539AC7570}.Debug|Win32.Build.0 = Debug|Win32
		{DF3F985C-D2E3-442F-8D22-0F0539AC7570}.Debug|x64.ActiveCfg = Debug|x64
		{DF3F985C-D2E3-442F-8D22-0F0539AC7570}.Profile_MultiBytes|Android.ActiveCfg = Profile_MultiBytes|x64
		{DF3F985C-D2E3-442F-8D22-0F0539AC7570}.Profile_MultiBytes|Win32.ActiveCfg = Profile_MultiBytes|Win32
		{DF3F985C-D2E3-442F-8D22-0F0539AC7570}.Profile_MultiBytes|Win32.Build.0 = Profile_MultiBytes|Win32
		{DF3F985C-D2E3-442F-8D22-0F0539AC7570}.Profile_MultiBytes|x64.ActiveCfg = Profile_MultiBytes|x64
		{DF3F985C-D2E3-442F-8D22-0F0539AC7570}.Profile_MultiBytes|x64.Build.0 = Profile_MultiBytes|x64
		{DF3F985C-D2E3-442F-8D22-0F0539AC7570}.Profile_StaticLib|Android.ActiveCfg = Profile_StaticLib|x64
		{DF3F985C-D2E3-442F-8D22-0F0539AC7570}.Profile_StaticLib|Win32.ActiveCfg = Profile_StaticLib|Win32
		{DF3F985C-D2E3-442F-8D22-0F0539AC7570}.Profile_StaticLib|Win32.Build.0 = Profile_StaticLib|Win32
		{DF3F985C-D2E3-442F-8D22-0F0539AC7570}.Profile_StaticLib|x64.ActiveCfg = Profile_StaticLib|x64
		{DF3F985C-D2E3-442F-8D22-0F0539AC7570}.Profile_StaticLib|x64.Build.0 = Profile_StaticLib|x64
		{DF3F985C-D2E3-442F-8D22-0F0539AC7570}.Profile|Android.ActiveCfg = Profile|x64
		{DF3F985C-D2E3-442F-8D22-0F0539AC7570}.Profile|Win32.ActiveCfg = Profile|Win32
		{DF3F985C-D2E3-442F-8D22-0F0539AC7570}.Profile|Win32.Build.0 = Profile|Win32
		{DF3F985C-D2E3-442F-8D22-0F0539AC7570}.Profile|x64.ActiveCfg = Profile|x64
		{DF3F985C-D2E3-442F-8D22-0F0539AC7570}.Profile|x64.Build.0 = Profile|x64
		{DF3F985C-D2E3-442F-8D22-0F0539AC7570}.Release|Android.ActiveCfg = Release|x64
		{DF3F985C-D2E3-442F-8D22-0F0539AC7570}.Release|Win32.ActiveCfg = Release|Win32
		{DF3F985C-D2E3-442F-8D22-0F0539AC7570}.Release|Win32.Build.0 = Release|Win32
		{DF3F985C-D2E3-442F-8D22-0F0539AC7570}.Release|x64.ActiveCfg = Release|x64
		{DF3F985C-D2E3-442F-8D22-0F0539AC7570}.Release|x64.Build.0 = Release|x64
		{BD439D52-5D90-482B-8265-B443F54A5E01}.Debug|Android.ActiveCfg = Debug|Win32
		{BD439D52-5D90-482B-8265-B443F54A5E01}.Debug|Win32.ActiveCfg = Debug|Win32
		{BD439D52-5D90-482B-8265-B443F54A5E01}.Debug|x64.ActiveCfg = Debug|Win32
		{BD439D52-5D90-482B-8265-B443F54A5E01}.Profile_MultiBytes|Android.ActiveCfg = Profile_MultiBytes|Win32
		{BD439D52-5D90-482B-8265-B443F54A5E01}.Profile_MultiBytes|Win32.ActiveCfg = Profile_MultiBytes|Win32
		{BD439D52-5D90-482B-8265-B443F54A5E01}.Profile_MultiBytes|x64.ActiveCfg = Profile_MultiBytes|Win32
		{BD439D52-5D90-482B-8265-B443F54A5E01}.Profile_StaticLib|Android.ActiveCfg = Profile_StaticLib|Win32
		{BD439D52-5D90-482B-8265-B443F54A5E01}.Profile_StaticLib|Win32.ActiveCfg = Profile_StaticLib|Win32
		{BD439D52-5D90-482B-8265-B443F54A5E01}.Profile_StaticLib|x64.ActiveCfg = Profile_StaticLib|Win32
		{BD439D52-5D90-482B-8265-B443F54A5E01}.Profile|Android.ActiveCfg = Profile|Win32
		{BD439D52-5D90-482B-8265-B443F54A5E01}.Profile|Win32.ActiveCfg = Profile|Win32
		{BD439D52-5D90-482B-8265-B443F54A5E01}.Profile|x64.ActiveCfg = Profile|Win32
		{BD439D52-5D90-482B-8265-B443F54A5E01}.Release|Android.ActiveCfg = Release|Win32
		{BD439D52-5D90-482B-8265-B443F54A5E01}.Release|Win32.ActiveCfg = Release|Win32
		{BD439D52-5D90-482B-8265-B443F54A5E01}.Release|x64.ActiveCfg = Release|Win32
		{DD70EA19-1DAA-4F85-834A-A370A55F03FB}.Debug|Android.ActiveCfg = Debug|Android
		{DD70EA19-1DAA-4F85-834A-A370A55F03FB}.Debug|Android.Build.0 = Debug|Android
		{DD70EA19-1DAA-4F85-834A-A370A55F03FB}.Debug|Win32.ActiveCfg = Debug|Win32
		{DD70EA19-1DAA-4F85-834A-A370A55F03FB}.Debug|Win32.Build.0 = Debug|Win32
		{DD70EA19-1DAA-4F85-834A-A370A55F03FB}.Debug|x64.ActiveCfg = Debug|x64
		{DD70EA19-1DAA-4F85-834A-A370A55F03FB}.Profile_MultiBytes|Android.ActiveCfg = Profile_MultiBytes|Android
		{DD70EA19-1DAA-4F85-834A-A370A55F03FB}.Profile_MultiBytes|Android.Build.0 = Profile_MultiBytes|Android
		{DD70EA19-1DAA-4F85-834A-A370A55F03FB}.Profile_MultiBytes|Win32.ActiveCfg = Profile_MultiBytes|Win32
		{DD70EA19-1DAA-4F85-834A-A370A55F03FB}.Profile_MultiBytes|Win32.Build.0 = Profile_MultiBytes|Win32
		{DD70EA19-1DAA-4F85-834A-A370A55F03FB}.Profile_MultiBytes|x64.ActiveCfg = Profile_MultiBytes|x64
		{DD70EA19-1DAA-4F85-834A-A370A55F03FB}.Profile_MultiBytes|x64.Build.0 = Profile_MultiBytes|x64
		{DD70EA19-1DAA-4F85-834A-A370A55F03FB}.Profile_StaticLib|Android.ActiveCfg = Profile_StaticLib|Android
		{DD70EA19-1DAA-4F85-834A-A370A55F03FB}.Profile_StaticLib|Android.Build.0 = Profile_StaticLib|Android
		{DD70EA19-1DAA-4F85-834A-A370A55F03FB}.Profile_StaticLib|Win32.ActiveCfg = Profile_StaticLib|Win32
		{DD70EA19-1DAA-4F85-834A-A370A55F03FB}.Profile_StaticLib|Win32.Build.0 = Profile_StaticLib|Win32
		{DD70EA19-1DAA-4F85-834A-A370A55F03FB}.Profile_StaticLib|x64.ActiveCfg = Profile_StaticLib|x64
		{DD70EA19-1DAA-4F85-834A-A370A55F03FB}.Profile_StaticLib|x64.Build.0 = Profile_StaticLib|x64
		{DD70EA19-1DAA-4F85-834A-A370A55F03FB}.Profile|Android.ActiveCfg = Profile|x64
		{DD70EA19-1DAA-4F85-834A-A370A55F03FB}.Profile|Win32.ActiveCfg = Profile|Win32
		{DD70EA19-1DAA-4F85-834A-A370A55F03FB}.Profile|Win32.Build.0 = Profile|Win32
		{DD70EA19-1DAA-4F85-834A-A370A55F03FB}.Profile|x64.ActiveCfg = Profile|x64
		{DD70EA19-1DAA-4F85-834A-A370A55F03FB}.Profile|x64.Build.0 = Profile|x64
		{DD70EA19-1DAA-4F85-834A-A370A55F03FB}.Release|Android.ActiveCfg = Release|x64
		{DD70EA19-1DAA-4F85-834A-A370A55F03FB}.Release|Win32.ActiveCfg = Release|Win32
		{DD70EA19-1DAA-4F85-834A-A370A55F03FB}.Release|Win32.Build.0 = Release|Win32
		{DD70EA19-1DAA-4F85-834A-A370A55F03FB}.Release|x64.ActiveCfg = Release|x64
		{DD70EA19-1DAA-4F85-834A-A370A55F03FB}.Release|x64.Build.0 = Release|x64
		{1BD63852-AFD6-43FE-918C-A851AAE9E30C}.Debug|Android.ActiveCfg = Debug|Android
		{1BD63852-AFD6-43FE-918C-A851AAE9E30C}.Debug|Android.Build.0 = Debug|Android
		{1BD63852-AFD6-43FE-918C-A851AAE9E30C}.Debug|Win32.ActiveCfg = Debug|Win32
		{1BD63852-AFD6-43FE-918C-A851AAE9E30C}.Debug|Win32.Build.0 = Debug|Win32
		{1BD63852-AFD6-43FE-918C-A851AAE9E30C}.Debug|x64.ActiveCfg = Debug|x64
		{1BD63852-AFD6-43FE-918C-A851AAE9E30C}.Profile_MultiBytes|Android.ActiveCfg = Profile_MultiBytes|Android
		{1BD63852-AFD6-43FE-918C-A851AAE9E30C}.Profile_MultiBytes|Android.Build.0 = Profile_MultiBytes|Android
		{1BD63852-AFD6-43FE-918C-A851AAE9E30C}.Profile_MultiBytes|Win32.ActiveCfg = Profile_MultiBytes|Win32
		{1BD63852-AFD6-43FE-918C-A851AAE9E30C}.Profile_MultiBytes|Win32.Build.0 = Profile_MultiBytes|Win32
		{1BD63852-AFD6-43FE-918C-A851AAE9E30C}.Profile_MultiBytes|x64.ActiveCfg = Profile_MultiBytes|x64
		{1BD63852-AFD6-43FE-918C-A851AAE9E30C}.Profile_MultiBytes|x64.Build.0 = Profile_MultiBytes|x64
		{1BD63852-AFD6-43FE-918C-A851AAE9E30C}.Profile_StaticLib|Android.ActiveCfg = Profile_StaticLib|x64
		{1BD63852-AFD6-43FE-918C-A851AAE9E30C}.Profile_StaticLib|Win32.ActiveCfg = Profile_StaticLib|Win32
		{1BD63852-AFD6-43FE-918C-A851AAE9E30C}.Profile_StaticLib|Win32.Build.0 = Profile_StaticLib|Win32
		{1BD63852-AFD6-43FE-918C-A851AAE9E30C}.Profile_StaticLib|x64.ActiveCfg = Profile_StaticLib|x64
		{1BD63852-AFD6-43FE-918C-A851AAE9E30C}.Profile_StaticLib|x64.Build.0 = Profile_StaticLib|x64
		{1BD63852-AFD6-43FE-918C-A851AAE9E30C}.Profile|Android.ActiveCfg = Profile|x64
		{1BD63852-AFD6-43FE-918C-A851AAE9E30C}.Profile|Win32.ActiveCfg = Profile|Win32
		{1BD63852-AFD6-43FE-918C-A851AAE9E30C}.Profile|Win32.Build.0 = Profile|Win32
		{1BD63852-AFD6-43FE-918C-A851AAE9E30C}.Profile|x64.ActiveCfg = Profile|x64
		{1BD63852-AFD6-43FE-918C-A851AAE9E30C}.Profile|x64.Build.0 = Profile|x64
		{1BD63852-AFD6-43FE-918C-A851AAE9E30C}.Release|Android.ActiveCfg = Release|x64
		{1BD63852-AFD6-43FE-918C-A851AAE9E30C}.Release|Win32.ActiveCfg = Release|Win32
		{1BD63852-AFD6-43FE-918C-A851AAE9E30C}.Release|Win32.Build.0 = Release|Win32
		{1BD63852-AFD6-43FE-918C-A851AAE9E30C}.Release|x64.ActiveCfg = Release|x64
		{1BD63852-AFD6-43FE-918C-A851AAE9E30C}.Release|x64.Build.0 = Release|x64
		{78A2C9F7-20B6-49EB-BB42-C959A8685440}.Debug|Android.ActiveCfg = Debug|x64
		{78A2C9F7-20B6-49EB-BB42-C959A8685440}.Debug|Win32.ActiveCfg = Debug|Win32
		{78A2C9F7-20B6-49EB-BB42-C959A8685440}.Debug|x64.ActiveCfg = Debug|x64
		{78A2C9F7-20B6-49EB-BB42-C959A8685440}.Profile_MultiBytes|Android.ActiveCfg = Profile_MultiBytes|x64
		{78A2C9F7-20B6-49EB-BB42-C959A8685440}.Profile_MultiBytes|Win32.ActiveCfg = Profile_MultiBytes|Win32
		{78A2C9F7-20B6-49EB-BB42-C959A8685440}.Profile_MultiBytes|x64.ActiveCfg = Profile_MultiBytes|x64
		{78A2C9F7-20B6-49EB-BB42-C959A8685440}.Profile_MultiBytes|x64.Build.0 = Profile_MultiBytes|x64
		{78A2C9F7-20B6-49EB-BB42-C959A8685440}.Profile_StaticLib|Android.ActiveCfg = Profile_StaticLib|x64
		{78A2C9F7-20B6-49EB-BB42-C959A8685440}.Profile_StaticLib|Win32.ActiveCfg = Profile_StaticLib|Win32
		{78A2C9F7-20B6-49EB-BB42-C959A8685440}.Profile_StaticLib|x64.ActiveCfg = Profile_StaticLib|x64
		{78A2C9F7-20B6-49EB-BB42-C959A8685440}.Profile|Android.ActiveCfg = Profile|x64
		{78A2C9F7-20B6-49EB-BB42-C959A8685440}.Profile|Win32.ActiveCfg = Profile|Win32
		{78A2C9F7-20B6-49EB-BB42-C959A8685440}.Profile|x64.ActiveCfg = Profile|x64
		{78A2C9F7-20B6-49EB-BB42-C959A8685440}.Release|Android.ActiveCfg = Release|x64
		{78A2C9F7-20B6-49EB-BB42-C959A8685440}.Release|Win32.ActiveCfg = Release|Win32
		{78A2C9F7-20B6-49EB-BB42-C959A8685440}.Release|x64.ActiveCfg = Release|x64
		{78A2C9F7-20B6-49EB-BB42-C959A8685440}.Release|x64.Build.0 = Release|x64
		{39A9F03C-DAAE-4070-B46C-0493CBF4D9BC}.Debug|Android.ActiveCfg = Debug|Win32
		{39A9F03C-DAAE-4070-B46C-0493CBF4D9BC}.Debug|Win32.ActiveCfg = Debug|Win32
		{39A9F03C-DAAE-4070-B46C-0493CBF4D9BC}.Debug|x64.ActiveCfg = Debug|Win32
		{39A9F03C-DAAE-4070-B46C-0493CBF4D9BC}.Profile_MultiBytes|Android.ActiveCfg = Profile_MultiBytes|Win32
		{39A9F03C-DAAE-4070-B46C-0493CBF4D9BC}.Profile_MultiBytes|Win32.ActiveCfg = Profile_MultiBytes|Win32
		{39A9F03C-DAAE-4070-B46C-0493CBF4D9BC}.Profile_MultiBytes|x64.ActiveCfg = Profile_MultiBytes|Win32
		{39A9F03C-DAAE-4070-B46C-0493CBF4D9BC}.Profile_StaticLib|Android.ActiveCfg = Profile_StaticLib|Win32
		{39A9F03C-DAAE-4070-B46C-0493CBF4D9BC}.Profile_StaticLib|Win32.ActiveCfg = Profile_StaticLib|Win32
		{39A9F03C-DAAE-4070-B46C-0493CBF4D9BC}.Profile_StaticLib|x64.ActiveCfg = Profile_StaticLib|Win32
		{39A9F03C-DAAE-4070-B46C-0493CBF4D9BC}.Profile|Android.ActiveCfg = Profile|Win32
		{39A9F03C-DAAE-4070-B46C-0493CBF4D9BC}.Profile|Win32.ActiveCfg = Profile|Win32
		{39A9F03C-DAAE-4070-B46C-0493CBF4D9BC}.Profile|x64.ActiveCfg = Profile|Win32
		{39A9F03C-DAAE-4070-B46C-0493CBF4D9BC}.Release|Android.ActiveCfg = Release|Win32
		{39A9F03C-DAAE-4070-B46C-0493CBF4D9BC}.Release|Win32.ActiveCfg = Release|Win32
		{39A9F03C-DAAE-4070-B46C-0493CBF4D9BC}.Release|x64.ActiveCfg = Release|Win32
		{46C47EB2-D93E-4D05-A20D-86A4B93F0494}.Debug|Android.ActiveCfg = Debug|Win32
		{46C47EB2-D93E-4D05-A20D-86A4B93F0494}.Debug|Win32.ActiveCfg = Debug|Win32
		{46C47EB2-D93E-4D05-A20D-86A4B93F0494}.Debug|x64.ActiveCfg = Debug|Win32
		{46C47EB2-D93E-4D05-A20D-86A4B93F0494}.Profile_MultiBytes|Android.ActiveCfg = Profile_MultiBytes|Win32
		{46C47EB2-D93E-4D05-A20D-86A4B93F0494}.Profile_MultiBytes|Win32.ActiveCfg = Profile_MultiBytes|Win32
		{46C47EB2-D93E-4D05-A20D-86A4B93F0494}.Profile_MultiBytes|x64.ActiveCfg = Profile_MultiBytes|Win32
		{46C47EB2-D93E-4D05-A20D-86A4B93F0494}.Profile_StaticLib|Android.ActiveCfg = Profile_StaticLib|Win32
		{46C47EB2-D93E-4D05-A20D-86A4B93F0494}.Profile_StaticLib|Win32.ActiveCfg = Profile_StaticLib|Win32
		{46C47EB2-D93E-4D05-A20D-86A4B93F0494}.Profile_StaticLib|x64.ActiveCfg = Profile_StaticLib|Win32
		{46C47EB2-D93E-4D05-A20D-86A4B93F0494}.Profile|Android.ActiveCfg = Profile|Win32
		{46C47EB2-D93E-4D05-A20D-86A4B93F0494}.Profile|Win32.ActiveCfg = Profile|Win32
		{46C47EB2-D93E-4D05-A20D-86A4B93F0494}.Profile|x64.ActiveCfg = Profile|Win32
		{46C47EB2-D93E-4D05-A20D-86A4B93F0494}.Release|Android.ActiveCfg = Release|Win32
		{46C47EB2-D93E-4D05-A20D-86A4B93F0494}.Release|Win32.ActiveCfg = Release|Win32
		{46C47EB2-D93E-4D05-A20D-86A4B93F0494}.Release|x64.ActiveCfg = Release|Win32
		{5B49F1B7-4AA2-4D32-9CC7-E9D703722815}.Debug|Android.ActiveCfg = Debug|Android
		{5B49F1B7-4AA2-4D32-9CC7-E9D703722815}.Debug|Android.Build.0 = Debug|Android
		{5B49F1B7-4AA2-4D32-9CC7-E9D703722815}.Debug|Win32.ActiveCfg = Debug|Win32
		{5B49F1B7-4AA2-4D32-9CC7-E9D703722815}.Debug|Win32.Build.0 = Debug|Win32
		{5B49F1B7-4AA2-4D32-9CC7-E9D703722815}.Debug|x64.ActiveCfg = Debug|x64
		{5B49F1B7-4AA2-4D32-9CC7-E9D703722815}.Profile_MultiBytes|Android.ActiveCfg = Profile_MultiBytes|Android
		{5B49F1B7-4AA2-4D32-9CC7-E9D703722815}.Profile_MultiBytes|Android.Build.0 = Profile_MultiBytes|Android
		{5B49F1B7-4AA2-4D32-9CC7-E9D703722815}.Profile_MultiBytes|Win32.ActiveCfg = Profile_MultiBytes|Win32
		{5B49F1B7-4AA2-4D32-9CC7-E9D703722815}.Profile_MultiBytes|Win32.Build.0 = Profile_MultiBytes|Win32
		{5B49F1B7-4AA2-4D32-9CC7-E9D703722815}.Profile_MultiBytes|x64.ActiveCfg = Profile_MultiBytes|x64
		{5B49F1B7-4AA2-4D32-9CC7-E9D703722815}.Profile_MultiBytes|x64.Build.0 = Profile_MultiBytes|x64
		{5B49F1B7-4AA2-4D32-9CC7-E9D703722815}.Profile_StaticLib|Android.ActiveCfg = Profile_StaticLib|Android
		{5B49F1B7-4AA2-4D32-9CC7-E9D703722815}.Profile_StaticLib|Android.Build.0 = Profile_StaticLib|Android
		{5B49F1B7-4AA2-4D32-9CC7-E9D703722815}.Profile_StaticLib|Win32.ActiveCfg = Profile_StaticLib|Win32
		{5B49F1B7-4AA2-4D32-9CC7-E9D703722815}.Profile_StaticLib|Win32.Build.0 = Profile_StaticLib|Win32
		{5B49F1B7-4AA2-4D32-9CC7-E9D703722815}.Profile_StaticLib|x64.ActiveCfg = Profile_StaticLib|x64
		{5B49F1B7-4AA2-4D32-9CC7-E9D703722815}.Profile_StaticLib|x64.Build.0 = Profile_StaticLib|x64
		{5B49F1B7-4AA2-4D32-9CC7-E9D703722815}.Profile|Android.ActiveCfg = Profile|Android
		{5B49F1B7-4AA2-4D32-9CC7-E9D703722815}.Profile|Android.Build.0 = Profile|Android
		{5B49F1B7-4AA2-4D32-9CC7-E9D703722815}.Profile|Win32.ActiveCfg = Profile|Win32
		{5B49F1B7-4AA2-4D32-9CC7-E9D703722815}.Profile|Win32.Build.0 = Profile|Win32
		{5B49F1B7-4AA2-4D32-9CC7-E9D703722815}.Profile|x64.ActiveCfg = Profile|x64
		{5B49F1B7-4AA2-4D32-9CC7-E9D703722815}.Profile|x64.Build.0 = Profile|x64
		{5B49F1B7-4AA2-4D32-9CC7-E9D703722815}.Release|Android.ActiveCfg = Release|x64
		{5B49F1B7-4AA2-4D32-9CC7-E9D703722815}.Release|Win32.ActiveCfg = Release|Win32
		{5B49F1B7-4AA2-4D32-9CC7-E9D703722815}.Release|Win32.Build.0 = Release|Win32
		{5B49F1B7-4AA2-4D32-9CC7-E9D703722815}.Release|x64.ActiveCfg = Release|x64
		{5B49F1B7-4AA2-4D32-9CC7-E9D703722815}.Release|x64.Build.0 = Release|x64
		{0406EEF5-A3FC-4B27-9797-505F54F2266D}.Debug|Android.ActiveCfg = Debug|x64
		{0406EEF5-A3FC-4B27-9797-505F54F2266D}.Debug|Win32.ActiveCfg = Debug|Win32
		{0406EEF5-A3FC-4B27-9797-505F54F2266D}.Debug|Win32.Build.0 = Debug|Win32
		{0406EEF5-A3FC-4B27-9797-505F54F2266D}.Debug|x64.ActiveCfg = Debug|x64
		{0406EEF5-A3FC-4B27-9797-505F54F2266D}.Profile_MultiBytes|Android.ActiveCfg = Profile_MultiBytes|x64
		{0406EEF5-A3FC-4B27-9797-505F54F2266D}.Profile_MultiBytes|Win32.ActiveCfg = Profile_MultiBytes|Win32
		{0406EEF5-A3FC-4B27-9797-505F54F2266D}.Profile_MultiBytes|Win32.Build.0 = Profile_MultiBytes|Win32
		{0406EEF5-A3FC-4B27-9797-505F54F2266D}.Profile_MultiBytes|x64.ActiveCfg = Profile_MultiBytes|x64
		{0406EEF5-A3FC-4B27-9797-505F54F2266D}.Profile_MultiBytes|x64.Build.0 = Profile_MultiBytes|x64
		{0406EEF5-A3FC-4B27-9797-505F54F2266D}.Profile_StaticLib|Android.ActiveCfg = Profile_StaticLib|x64
		{0406EEF5-A3FC-4B27-9797-505F54F2266D}.Profile_StaticLib|Win32.ActiveCfg = Profile_StaticLib|Win32
		{0406EEF5-A3FC-4B27-9797-505F54F2266D}.Profile_StaticLib|Win32.Build.0 = Profile_StaticLib|Win32
		{0406EEF5-A3FC-4B27-9797-505F54F2266D}.Profile_StaticLib|x64.ActiveCfg = Profile_StaticLib|x64
		{0406EEF5-A3FC-4B27-9797-505F54F2266D}.Profile_StaticLib|x64.Build.0 = Profile_StaticLib|x64
		{0406EEF5-A3FC-4B27-9797-505F54F2266D}.Profile|Android.ActiveCfg = Profile|x64
		{0406EEF5-A3FC-4B27-9797-505F54F2266D}.Profile|Win32.ActiveCfg = Profile|Win32
		{0406EEF5-A3FC-4B27-9797-505F54F2266D}.Profile|Win32.Build.0 = Profile|Win32
		{0406EEF5-A3FC-4B27-9797-505F54F2266D}.Profile|x64.ActiveCfg = Profile|x64
		{0406EEF5-A3FC-4B27-9797-505F54F2266D}.Profile|x64.Build.0 = Profile|x64
		{0406EEF5-A3FC-4B27-9797-505F54F2266D}.Release|Android.ActiveCfg = Release|x64
		{0406EEF5-A3FC-4B27-9797-505F54F2266D}.Release|Win32.ActiveCfg = Release|Win32
		{0406EEF5-A3FC-4B27-9797-505F54F2266D}.Release|Win32.Build.0 = Release|Win32
		{0406EEF5-A3FC-4B27-9797-505F54F2266D}.Release|x64.ActiveCfg = Release|x64
		{0406EEF5-A3FC-4B27-9797-505F54F2266D}.Release|x64.Build.0 = Release|x64
		{91951428-FC3F-433A-96C8-44D0E162D856}.Debug|Android.ActiveCfg = Debug|x64
		{91951428-FC3F-433A-96C8-44D0E162D856}.Debug|Win32.ActiveCfg = Profile|Win32
		{91951428-FC3F-433A-96C8-44D0E162D856}.Debug|Win32.Build.0 = Profile|Win32
		{91951428-FC3F-433A-96C8-44D0E162D856}.Debug|x64.ActiveCfg = Debug|x64
		{91951428-FC3F-433A-96C8-44D0E162D856}.Profile_MultiBytes|Android.ActiveCfg = Profile_MultiBytes|x64
		{91951428-FC3F-433A-96C8-44D0E162D856}.Profile_MultiBytes|Win32.ActiveCfg = Profile_MultiBytes|Win32
		{91951428-FC3F-433A-96C8-44D0E162D856}.Profile_MultiBytes|Win32.Build.0 = Profile_MultiBytes|Win32
		{91951428-FC3F-433A-96C8-44D0E162D856}.Profile_MultiBytes|x64.ActiveCfg = Profile_MultiBytes|x64
		{91951428-FC3F-433A-96C8-44D0E162D856}.Profile_MultiBytes|x64.Build.0 = Profile_MultiBytes|x64
		{91951428-FC3F-433A-96C8-44D0E162D856}.Profile_StaticLib|Android.ActiveCfg = Profile_StaticLib|x64
		{91951428-FC3F-433A-96C8-44D0E162D856}.Profile_StaticLib|Win32.ActiveCfg = Profile_StaticLib|Win32
		{91951428-FC3F-433A-96C8-44D0E162D856}.Profile_StaticLib|Win32.Build.0 = Profile_StaticLib|Win32
		{91951428-FC3F-433A-96C8-44D0E162D856}.Profile_StaticLib|x64.ActiveCfg = Profile_StaticLib|x64
		{91951428-FC3F-433A-96C8-44D0E162D856}.Profile_StaticLib|x64.Build.0 = Profile_StaticLib|x64
		{91951428-FC3F-433A-96C8-44D0E162D856}.Profile|Android.ActiveCfg = Profile|x64
		{91951428-FC3F-433A-96C8-44D0E162D856}.Profile|Win32.ActiveCfg = Profile|Win32
		{91951428-FC3F-433A-96C8-44D0E162D856}.Profile|Win32.Build.0 = Profile|Win32
		{91951428-FC3F-433A-96C8-44D0E162D856}.Profile|x64.ActiveCfg = Profile|x64
		{91951428-FC3F-433A-96C8-44D0E162D856}.Release|Android.ActiveCfg = Release|x64
		{91951428-FC3F-433A-96C8-44D0E162D856}.Release|Win32.ActiveCfg = Release|Win32
		{91951428-FC3F-433A-96C8-44D0E162D856}.Release|Win32.Build.0 = Release|Win32
		{91951428-FC3F-433A-96C8-44D0E162D856}.Release|x64.ActiveCfg = Release|x64
		{91951428-FC3F-433A-96C8-44D0E162D856}.Release|x64.Build.0 = Release|x64
		{F6645BB5-444B-44F3-9B7D-8294ECDA3087}.Debug|Android.ActiveCfg = Debug|Android
		{F6645BB5-444B-44F3-9B7D-8294ECDA3087}.Debug|Android.Build.0 = Debug|Android
		{F6645BB5-444B-44F3-9B7D-8294ECDA3087}.Debug|Win32.ActiveCfg = Debug|Win32
		{F6645BB5-444B-44F3-9B7D-8294ECDA3087}.Debug|Win32.Build.0 = Debug|Win32
		{F6645BB5-444B-44F3-9B7D-8294ECDA3087}.Debug|x64.ActiveCfg = Debug|x64
		{F6645BB5-444B-44F3-9B7D-8294ECDA3087}.Profile_MultiBytes|Android.ActiveCfg = Profile_MultiBytes|Android
		{F6645BB5-444B-44F3-9B7D-8294ECDA3087}.Profile_MultiBytes|Android.Build.0 = Profile_MultiBytes|Android
		{F6645BB5-444B-44F3-9B7D-8294ECDA3087}.Profile_MultiBytes|Win32.ActiveCfg = Profile_MultiBytes|Win32
		{F6645BB5-444B-44F3-9B7D-8294ECDA3087}.Profile_MultiBytes|Win32.Build.0 = Profile_MultiBytes|Win32
		{F6645BB5-444B-44F3-9B7D-8294ECDA3087}.Profile_MultiBytes|x64.ActiveCfg = Profile_MultiBytes|x64
		{F6645BB5-444B-44F3-9B7D-8294ECDA3087}.Profile_MultiBytes|x64.Build.0 = Profile_MultiBytes|x64
		{F6645BB5-444B-44F3-9B7D-8294ECDA3087}.Profile_StaticLib|Android.ActiveCfg = Profile_StaticLib|Android
		{F6645BB5-444B-44F3-9B7D-8294ECDA3087}.Profile_StaticLib|Android.Build.0 = Profile_StaticLib|Android
		{F6645BB5-444B-44F3-9B7D-8294ECDA3087}.Profile_StaticLib|Win32.ActiveCfg = Profile_StaticLib|Win32
		{F6645BB5-444B-44F3-9B7D-8294ECDA3087}.Profile_StaticLib|Win32.Build.0 = Profile_StaticLib|Win32
		{F6645BB5-444B-44F3-9B7D-8294ECDA3087}.Profile_StaticLib|x64.ActiveCfg = Profile_StaticLib|x64
		{F6645BB5-444B-44F3-9B7D-8294ECDA3087}.Profile_StaticLib|x64.Build.0 = Profile_StaticLib|x64
		{F6645BB5-444B-44F3-9B7D-8294ECDA3087}.Profile|Android.ActiveCfg = Profile|x64
		{F6645BB5-444B-44F3-9B7D-8294ECDA3087}.Profile|Win32.ActiveCfg = Profile|Win32
		{F6645BB5-444B-44F3-9B7D-8294ECDA3087}.Profile|Win32.Build.0 = Profile|Win32
		{F6645BB5-444B-44F3-9B7D-8294ECDA3087}.Profile|x64.ActiveCfg = Profile|x64
		{F6645BB5-444B-44F3-9B7D-8294ECDA3087}.Profile|x64.Build.0 = Profile|x64
		{F6645BB5-444B-44F3-9B7D-8294ECDA3087}.Release|Android.ActiveCfg = Release|x64
		{F6645BB5-444B-44F3-9B7D-8294ECDA3087}.Release|Win32.ActiveCfg = Release|Win32
		{F6645BB5-444B-44F3-9B7D-8294ECDA3087}.Release|Win32.Build.0 = Release|Win32
		{F6645BB5-444B-44F3-9B7D-8294ECDA3087}.Release|x64.ActiveCfg = Release|x64
		{F6645BB5-444B-44F3-9B7D-8294ECDA3087}.Release|x64.Build.0 = Release|x64
		{394A55EB-86A1-47B5-8ADE-2F65239D772E}.Debug|Android.ActiveCfg = Debug|Android
		{394A55EB-86A1-47B5-8ADE-2F65239D772E}.Debug|Android.Build.0 = Debug|Android
		{394A55EB-86A1-47B5-8ADE-2F65239D772E}.Debug|Win32.ActiveCfg = Debug|Win32
		{394A55EB-86A1-47B5-8ADE-2F65239D772E}.Debug|Win32.Build.0 = Debug|Win32
		{394A55EB-86A1-47B5-8ADE-2F65239D772E}.Debug|x64.ActiveCfg = Debug|Win32
		{394A55EB-86A1-47B5-8ADE-2F65239D772E}.Profile_MultiBytes|Android.ActiveCfg = Profile_MultiBytes|Android
		{394A55EB-86A1-47B5-8ADE-2F65239D772E}.Profile_MultiBytes|Android.Build.0 = Profile_MultiBytes|Android
		{394A55EB-86A1-47B5-8ADE-2F65239D772E}.Profile_MultiBytes|Win32.ActiveCfg = Profile_MultiBytes|Win32
		{394A55EB-86A1-47B5-8ADE-2F65239D772E}.Profile_MultiBytes|Win32.Build.0 = Profile_MultiBytes|Win32
		{394A55EB-86A1-47B5-8ADE-2F65239D772E}.Profile_MultiBytes|x64.ActiveCfg = Profile_MultiBytes|Win32
		{394A55EB-86A1-47B5-8ADE-2F65239D772E}.Profile_StaticLib|Android.ActiveCfg = Profile_StaticLib|Android
		{394A55EB-86A1-47B5-8ADE-2F65239D772E}.Profile_StaticLib|Android.Build.0 = Profile_StaticLib|Android
		{394A55EB-86A1-47B5-8ADE-2F65239D772E}.Profile_StaticLib|Win32.ActiveCfg = Profile_StaticLib|Win32
		{394A55EB-86A1-47B5-8ADE-2F65239D772E}.Profile_StaticLib|Win32.Build.0 = Profile_StaticLib|Win32
		{394A55EB-86A1-47B5-8ADE-2F65239D772E}.Profile_StaticLib|x64.ActiveCfg = Profile_StaticLib|Win32
		{394A55EB-86A1-47B5-8ADE-2F65239D772E}.Profile|Android.ActiveCfg = Profile|Win32
		{394A55EB-86A1-47B5-8ADE-2F65239D772E}.Profile|Win32.ActiveCfg = Profile|Win32
		{394A55EB-86A1-47B5-8ADE-2F65239D772E}.Profile|Win32.Build.0 = Profile|Win32
		{394A55EB-86A1-47B5-8ADE-2F65239D772E}.Profile|x64.ActiveCfg = Release|x64
		{394A55EB-86A1-47B5-8ADE-2F65239D772E}.Profile|x64.Build.0 = Release|x64
		{394A55EB-86A1-47B5-8ADE-2F65239D772E}.Release|Android.ActiveCfg = Release|Win32
		{394A55EB-86A1-47B5-8ADE-2F65239D772E}.Release|Win32.ActiveCfg = Release|Win32
		{394A55EB-86A1-47B5-8ADE-2F65239D772E}.Release|Win32.Build.0 = Release|Win32
		{394A55EB-86A1-47B5-8ADE-2F65239D772E}.Release|x64.ActiveCfg = Release|Win32
		{C5E45787-6DB2-43CA-A42F-42BB6EAEEA71}.Debug|Android.ActiveCfg = Debug|Android
		{C5E45787-6DB2-43CA-A42F-42BB6EAEEA71}.Debug|Android.Build.0 = Debug|Android
		{C5E45787-6DB2-43CA-A42F-42BB6EAEEA71}.Debug|Win32.ActiveCfg = Debug|Win32
		{C5E45787-6DB2-43CA-A42F-42BB6EAEEA71}.Debug|Win32.Build.0 = Debug|Win32
		{C5E45787-6DB2-43CA-A42F-42BB6EAEEA71}.Debug|x64.ActiveCfg = Debug|x64
		{C5E45787-6DB2-43CA-A42F-42BB6EAEEA71}.Profile_MultiBytes|Android.ActiveCfg = Profile_MultiBytes|Android
		{C5E45787-6DB2-43CA-A42F-42BB6EAEEA71}.Profile_MultiBytes|Android.Build.0 = Profile_MultiBytes|Android
		{C5E45787-6DB2-43CA-A42F-42BB6EAEEA71}.Profile_MultiBytes|Win32.ActiveCfg = Profile_MultiBytes|Win32
		{C5E45787-6DB2-43CA-A42F-42BB6EAEEA71}.Profile_MultiBytes|Win32.Build.0 = Profile_MultiBytes|Win32
		{C5E45787-6DB2-43CA-A42F-42BB6EAEEA71}.Profile_MultiBytes|x64.ActiveCfg = Profile_MultiBytes|x64
		{C5E45787-6DB2-43CA-A42F-42BB6EAEEA71}.Profile_MultiBytes|x64.Build.0 = Profile_MultiBytes|x64
		{C5E45787-6DB2-43CA-A42F-42BB6EAEEA71}.Profile_StaticLib|Android.ActiveCfg = Profile_StaticLib|Android
		{C5E45787-6DB2-43CA-A42F-42BB6EAEEA71}.Profile_StaticLib|Android.Build.0 = Profile_StaticLib|Android
		{C5E45787-6DB2-43CA-A42F-42BB6EAEEA71}.Profile_StaticLib|Win32.ActiveCfg = Profile_StaticLib|Win32
		{C5E45787-6DB2-43CA-A42F-42BB6EAEEA71}.Profile_StaticLib|Win32.Build.0 = Profile_StaticLib|Win32
		{C5E45787-6DB2-43CA-A42F-42BB6EAEEA71}.Profile_StaticLib|x64.ActiveCfg = Profile_StaticLib|x64
		{C5E45787-6DB2-43CA-A42F-42BB6EAEEA71}.Profile_StaticLib|x64.Build.0 = Profile_StaticLib|x64
		{C5E45787-6DB2-43CA-A42F-42BB6EAEEA71}.Profile|Android.ActiveCfg = Profile|Android
		{C5E45787-6DB2-43CA-A42F-42BB6EAEEA71}.Profile|Android.Build.0 = Profile|Android
		{C5E45787-6DB2-43CA-A42F-42BB6EAEEA71}.Profile|Win32.ActiveCfg = Profile|Win32
		{C5E45787-6DB2-43CA-A42F-42BB6EAEEA71}.Profile|Win32.Build.0 = Profile|Win32
		{C5E45787-6DB2-43CA-A42F-42BB6EAEEA71}.Profile|x64.ActiveCfg = Profile|x64
		{C5E45787-6DB2-43CA-A42F-42BB6EAEEA71}.Release|Android.ActiveCfg = Release|Android
		{C5E45787-6DB2-43CA-A42F-42BB6EAEEA71}.Release|Android.Build.0 = Release|Android
		{C5E45787-6DB2-43CA-A42F-42BB6EAEEA71}.Release|Win32.ActiveCfg = Release|Win32
		{C5E45787-6DB2-43CA-A42F-42BB6EAEEA71}.Release|x64.ActiveCfg = Release|x64
		{C5E45787-6DB2-43CA-A42F-42BB6EAEEA71}.Release|x64.Build.0 = Release|x64
		{DF80F7C4-D1D1-4241-B5D6-561639896D57}.Debug|Android.ActiveCfg = Debug|Android
		{DF80F7C4-D1D1-4241-B5D6-561639896D57}.Debug|Win32.ActiveCfg = Debug|Win32
		{DF80F7C4-D1D1-4241-B5D6-561639896D57}.Debug|x64.ActiveCfg = Debug|Win32
		{DF80F7C4-D1D1-4241-B5D6-561639896D57}.Profile_MultiBytes|Android.ActiveCfg = Profile|Win32
		{DF80F7C4-D1D1-4241-B5D6-561639896D57}.Profile_MultiBytes|Win32.ActiveCfg = Profile|Win32
		{DF80F7C4-D1D1-4241-B5D6-561639896D57}.Profile_MultiBytes|x64.ActiveCfg = Profile|Win32
		{DF80F7C4-D1D1-4241-B5D6-561639896D57}.Profile_StaticLib|Android.ActiveCfg = Profile|Win32
		{DF80F7C4-D1D1-4241-B5D6-561639896D57}.Profile_StaticLib|Win32.ActiveCfg = Profile|Win32
		{DF80F7C4-D1D1-4241-B5D6-561639896D57}.Profile_StaticLib|x64.ActiveCfg = Profile|Win32
		{DF80F7C4-D1D1-4241-B5D6-561639896D57}.Profile|Android.ActiveCfg = Profile|Win32
		{DF80F7C4-D1D1-4241-B5D6-561639896D57}.Profile|Win32.ActiveCfg = Profile|Win32
		{DF80F7C4-D1D1-4241-B5D6-561639896D57}.Profile|Win32.Build.0 = Profile|Win32
		{DF80F7C4-D1D1-4241-B5D6-561639896D57}.Profile|x64.ActiveCfg = Profile|Win32
		{DF80F7C4-D1D1-4241-B5D6-561639896D57}.Release|Android.ActiveCfg = Release|Win32
		{DF80F7C4-D1D1-4241-B5D6-561639896D57}.Release|Win32.ActiveCfg = Release|Win32
		{DF80F7C4-D1D1-4241-B5D6-561639896D57}.Release|x64.ActiveCfg = Release|Win32
		{158CCAFB-7A8D-4532-91DF-99284FCDABEA}.Debug|Android.ActiveCfg = Debug|Android
		{158CCAFB-7A8D-4532-91DF-99284FCDABEA}.Debug|Win32.ActiveCfg = Debug|Android
		{158CCAFB-7A8D-4532-91DF-99284FCDABEA}.Debug|x64.ActiveCfg = Debug|Android
		{158CCAFB-7A8D-4532-91DF-99284FCDABEA}.Profile_MultiBytes|Android.ActiveCfg = Profile_MultiBytes|Android
		{158CCAFB-7A8D-4532-91DF-99284FCDABEA}.Profile_MultiBytes|Android.Build.0 = Profile_MultiBytes|Android
		{158CCAFB-7A8D-4532-91DF-99284FCDABEA}.Profile_MultiBytes|Android.Deploy.0 = Profile_MultiBytes|Android
		{158CCAFB-7A8D-4532-91DF-99284FCDABEA}.Profile_MultiBytes|Win32.ActiveCfg = Profile_MultiBytes|Android
		{158CCAFB-7A8D-4532-91DF-99284FCDABEA}.Profile_MultiBytes|x64.ActiveCfg = Profile_MultiBytes|Android
		{158CCAFB-7A8D-4532-91DF-99284FCDABEA}.Profile_StaticLib|Android.ActiveCfg = Profile_StaticLib|Android
		{158CCAFB-7A8D-4532-91DF-99284FCDABEA}.Profile_StaticLib|Android.Build.0 = Profile_StaticLib|Android
		{158CCAFB-7A8D-4532-91DF-99284FCDABEA}.Profile_StaticLib|Android.Deploy.0 = Profile_StaticLib|Android
		{158CCAFB-7A8D-4532-91DF-99284FCDABEA}.Profile_StaticLib|Win32.ActiveCfg = Profile_StaticLib|Android
		{158CCAFB-7A8D-4532-91DF-99284FCDABEA}.Profile_StaticLib|x64.ActiveCfg = Profile_StaticLib|Android
		{158CCAFB-7A8D-4532-91DF-99284FCDABEA}.Profile|Android.ActiveCfg = Profile_StaticLib|Android
		{158CCAFB-7A8D-4532-91DF-99284FCDABEA}.Profile|Android.Build.0 = Profile_StaticLib|Android
		{158CCAFB-7A8D-4532-91DF-99284FCDABEA}.Profile|Android.Deploy.0 = Profile_StaticLib|Android
		{158CCAFB-7A8D-4532-91DF-99284FCDABEA}.Profile|Win32.ActiveCfg = Profile_MultiBytes|Android
		{158CCAFB-7A8D-4532-91DF-99284FCDABEA}.Profile|x64.ActiveCfg = Profile_StaticLib|Android
		{158CCAFB-7A8D-4532-91DF-99284FCDABEA}.Release|Android.ActiveCfg = Release|Android
		{158CCAFB-7A8D-4532-91DF-99284FCDABEA}.Release|Android.Build.0 = Release|Android
		{158CCAFB-7A8D-4532-91DF-99284FCDABEA}.Release|Android.Deploy.0 = Release|Android
		{158CCAFB-7A8D-4532-91DF-99284FCDABEA}.Release|Win32.ActiveCfg = Release|Android
		{158CCAFB-7A8D-4532-91DF-99284FCDABEA}.Release|x64.ActiveCfg = Release|Android
		{5D7CF444-82C9-4F2C-8A17-ACF5F822D38E}.Debug|Android.ActiveCfg = Debug|Win32
		{5D7CF444-82C9-4F2C-8A17-ACF5F822D38E}.Debug|Win32.ActiveCfg = Debug|Win32
		{5D7CF444-82C9-4F2C-8A17-ACF5F822D38E}.Debug|x64.ActiveCfg = Debug|Win32
		{5D7CF444-82C9-4F2C-8A17-ACF5F822D38E}.Profile_MultiBytes|Android.ActiveCfg = Release|Win32
		{5D7CF444-82C9-4F2C-8A17-ACF5F822D38E}.Profile_MultiBytes|Win32.ActiveCfg = Release|Win32
		{5D7CF444-82C9-4F2C-8A17-ACF5F822D38E}.Profile_MultiBytes|x64.ActiveCfg = Release|Win32
		{5D7CF444-82C9-4F2C-8A17-ACF5F822D38E}.Profile_StaticLib|Android.ActiveCfg = Release|Win32
		{5D7CF444-82C9-4F2C-8A17-ACF5F822D38E}.Profile_StaticLib|Win32.ActiveCfg = Release|Win32
		{5D7CF444-82C9-4F2C-8A17-ACF5F822D38E}.Profile_StaticLib|Win32.Build.0 = Release|Win32
		{5D7CF444-82C9-4F2C-8A17-ACF5F822D38E}.Profile_StaticLib|x64.ActiveCfg = Release|Win32
		{5D7CF444-82C9-4F2C-8A17-ACF5F822D38E}.Profile|Android.ActiveCfg = Release|Win32
		{5D7CF444-82C9-4F2C-8A17-ACF5F822D38E}.Profile|Win32.ActiveCfg = Release|Win32
		{5D7CF444-82C9-4F2C-8A17-ACF5F822D38E}.Profile|Win32.Build.0 = Release|Win32
		{5D7CF444-82C9-4F2C-8A17-ACF5F822D38E}.Profile|x64.ActiveCfg = Release|Win32
		{5D7CF444-82C9-4F2C-8A17-ACF5F822D38E}.Release|Android.ActiveCfg = Release|Win32
		{5D7CF444-82C9-4F2C-8A17-ACF5F822D38E}.Release|Win32.ActiveCfg = Release|Win32
		{5D7CF444-82C9-4F2C-8A17-ACF5F822D38E}.Release|x64.ActiveCfg = Release|Win32
		{96F0C4C1-512E-4E4D-9A76-6B4812EDD8CA}.Debug|Android.ActiveCfg = Debug|Win32
		{96F0C4C1-512E-4E4D-9A76-6B4812EDD8CA}.Debug|Win32.ActiveCfg = Debug|Win32
		{96F0C4C1-512E-4E4D-9A76-6B4812EDD8CA}.Debug|x64.ActiveCfg = Debug|Win32
		{96F0C4C1-512E-4E4D-9A76-6B4812EDD8CA}.Profile_MultiBytes|Android.ActiveCfg = Profile_MultiBytes|Win32
		{96F0C4C1-512E-4E4D-9A76-6B4812EDD8CA}.Profile_MultiBytes|Win32.ActiveCfg = Profile_MultiBytes|Win32
		{96F0C4C1-512E-4E4D-9A76-6B4812EDD8CA}.Profile_MultiBytes|x64.ActiveCfg = Profile_MultiBytes|Win32
		{96F0C4C1-512E-4E4D-9A76-6B4812EDD8CA}.Profile_StaticLib|Android.ActiveCfg = Profile_StaticLib|Win32
		{96F0C4C1-512E-4E4D-9A76-6B4812EDD8CA}.Profile_StaticLib|Win32.ActiveCfg = Profile_StaticLib|Win32
		{96F0C4C1-512E-4E4D-9A76-6B4812EDD8CA}.Profile_StaticLib|Win32.Build.0 = Profile_StaticLib|Win32
		{96F0C4C1-512E-4E4D-9A76-6B4812EDD8CA}.Profile_StaticLib|x64.ActiveCfg = Profile_StaticLib|Win32
		{96F0C4C1-512E-4E4D-9A76-6B4812EDD8CA}.Profile|Android.ActiveCfg = Profile|Win32
		{96F0C4C1-512E-4E4D-9A76-6B4812EDD8CA}.Profile|Win32.ActiveCfg = Profile|Win32
		{96F0C4C1-512E-4E4D-9A76-6B4812EDD8CA}.Profile|x64.ActiveCfg = Profile|Win32
		{96F0C4C1-512E-4E4D-9A76-6B4812EDD8CA}.Release|Android.ActiveCfg = Release|Win32
		{96F0C4C1-512E-4E4D-9A76-6B4812EDD8CA}.Release|Win32.ActiveCfg = Release|Win32
		{96F0C4C1-512E-4E4D-9A76-6B4812EDD8CA}.Release|x64.ActiveCfg = Release|Win32
		{CB745F0E-F3CD-462B-84FE-53F4A641A5EE}.Debug|Android.ActiveCfg = Debug|Win32
		{CB745F0E-F3CD-462B-84FE-53F4A641A5EE}.Debug|Win32.ActiveCfg = Debug|Win32
		{CB745F0E-F3CD-462B-84FE-53F4A641A5EE}.Debug|x64.ActiveCfg = Debug|Win32
		{CB745F0E-F3CD-462B-84FE-53F4A641A5EE}.Profile_MultiBytes|Android.ActiveCfg = Release|Win32
		{CB745F0E-F3CD-462B-84FE-53F4A641A5EE}.Profile_MultiBytes|Win32.ActiveCfg = Release|Win32
		{CB745F0E-F3CD-462B-84FE-53F4A641A5EE}.Profile_MultiBytes|x64.ActiveCfg = Release|Win32
		{CB745F0E-F3CD-462B-84FE-53F4A641A5EE}.Profile_StaticLib|Android.ActiveCfg = Release|Win32
		{CB745F0E-F3CD-462B-84FE-53F4A641A5EE}.Profile_StaticLib|Win32.ActiveCfg = Release|Win32
		{CB745F0E-F3CD-462B-84FE-53F4A641A5EE}.Profile_StaticLib|Win32.Build.0 = Release|Win32
		{CB745F0E-F3CD-462B-84FE-53F4A641A5EE}.Profile_StaticLib|x64.ActiveCfg = Release|Win32
		{CB745F0E-F3CD-462B-84FE-53F4A641A5EE}.Profile|Android.ActiveCfg = Release|Win32
		{CB745F0E-F3CD-462B-84FE-53F4A641A5EE}.Profile|Win32.ActiveCfg = Release|Win32
		{CB745F0E-F3CD-462B-84FE-53F4A641A5EE}.Profile|Win32.Build.0 = Release|Win32
		{CB745F0E-F3CD-462B-84FE-53F4A641A5EE}.Profile|x64.ActiveCfg = Release|Win32
		{CB745F0E-F3CD-462B-84FE-53F4A641A5EE}.Release|Android.ActiveCfg = Release|Win32
		{CB745F0E-F3CD-462B-84FE-53F4A641A5EE}.Release|Win32.ActiveCfg = Release|Win32
		{CB745F0E-F3CD-462B-84FE-53F4A641A5EE}.Release|x64.ActiveCfg = Release|Win32
		{D22B0E19-5934-416F-854E-CDA643078FA0}.Debug|Android.ActiveCfg = Debug|Android
		{D22B0E19-5934-416F-854E-CDA643078FA0}.Debug|Android.Build.0 = Debug|Android
		{D22B0E19-5934-416F-854E-CDA643078FA0}.Debug|Win32.ActiveCfg = Debug|Win32
		{D22B0E19-5934-416F-854E-CDA643078FA0}.Debug|Win32.Build.0 = Debug|Win32
		{D22B0E19-5934-416F-854E-CDA643078FA0}.Debug|x64.ActiveCfg = Debug|Win32
		{D22B0E19-5934-416F-854E-CDA643078FA0}.Profile_MultiBytes|Android.ActiveCfg = Release|Win32
		{D22B0E19-5934-416F-854E-CDA643078FA0}.Profile_MultiBytes|Win32.ActiveCfg = Profile_MultiBytes|Win32
		{D22B0E19-5934-416F-854E-CDA643078FA0}.Profile_MultiBytes|Win32.Build.0 = Profile_MultiBytes|Win32
		{D22B0E19-5934-416F-854E-CDA643078FA0}.Profile_MultiBytes|x64.ActiveCfg = Release|Win32
		{D22B0E19-5934-416F-854E-CDA643078FA0}.Profile_StaticLib|Android.ActiveCfg = Release|Win32
		{D22B0E19-5934-416F-854E-CDA643078FA0}.Profile_StaticLib|Win32.ActiveCfg = Profile_StaticLib|Win32
		{D22B0E19-5934-416F-854E-CDA643078FA0}.Profile_StaticLib|Win32.Build.0 = Profile_StaticLib|Win32
		{D22B0E19-5934-416F-854E-CDA643078FA0}.Profile_StaticLib|x64.ActiveCfg = Release|Win32
		{D22B0E19-5934-416F-854E-CDA643078FA0}.Profile|Android.ActiveCfg = Release|Win32
		{D22B0E19-5934-416F-854E-CDA643078FA0}.Profile|Win32.ActiveCfg = Profile|Win32
		{D22B0E19-5934-416F-854E-CDA643078FA0}.Profile|Win32.Build.0 = Profile|Win32
		{D22B0E19-5934-416F-854E-CDA643078FA0}.Profile|x64.ActiveCfg = Release|x64
		{D22B0E19-5934-416F-854E-CDA643078FA0}.Profile|x64.Build.0 = Release|x64
		{D22B0E19-5934-416F-854E-CDA643078FA0}.Release|Android.ActiveCfg = Release|Win32
		{D22B0E19-5934-416F-854E-CDA643078FA0}.Release|Win32.ActiveCfg = Release|Win32
		{D22B0E19-5934-416F-854E-CDA643078FA0}.Release|Win32.Build.0 = Release|Win32
		{D22B0E19-5934-416F-854E-CDA643078FA0}.Release|x64.ActiveCfg = Release|Win32
		{CB6B5AF7-4BA7-4DE7-80EC-48F77AA4683D}.Debug|Android.ActiveCfg = Debug|Win32
		{CB6B5AF7-4BA7-4DE7-80EC-48F77AA4683D}.Debug|Win32.ActiveCfg = Debug|Win32
		{CB6B5AF7-4BA7-4DE7-80EC-48F77AA4683D}.Debug|Win32.Build.0 = Debug|Win32
		{CB6B5AF7-4BA7-4DE7-80EC-48F77AA4683D}.Debug|x64.ActiveCfg = Debug|Win32
		{CB6B5AF7-4BA7-4DE7-80EC-48F77AA4683D}.Profile_MultiBytes|Android.ActiveCfg = Profile_MultiBytes|Win32
		{CB6B5AF7-4BA7-4DE7-80EC-48F77AA4683D}.Profile_MultiBytes|Win32.ActiveCfg = Profile_MultiBytes|Win32
		{CB6B5AF7-4BA7-4DE7-80EC-48F77AA4683D}.Profile_MultiBytes|Win32.Build.0 = Profile_MultiBytes|Win32
		{CB6B5AF7-4BA7-4DE7-80EC-48F77AA4683D}.Profile_MultiBytes|x64.ActiveCfg = Profile_MultiBytes|Win32
		{CB6B5AF7-4BA7-4DE7-80EC-48F77AA4683D}.Profile_StaticLib|Android.ActiveCfg = Profile_StaticLib|Win32
		{CB6B5AF7-4BA7-4DE7-80EC-48F77AA4683D}.Profile_StaticLib|Win32.ActiveCfg = Profile_StaticLib|Win32
		{CB6B5AF7-4BA7-4DE7-80EC-48F77AA4683D}.Profile_StaticLib|Win32.Build.0 = Profile_StaticLib|Win32
		{CB6B5AF7-4BA7-4DE7-80EC-48F77AA4683D}.Profile_StaticLib|x64.ActiveCfg = Profile_StaticLib|Win32
		{CB6B5AF7-4BA7-4DE7-80EC-48F77AA4683D}.Profile|Android.ActiveCfg = Profile|Win32
		{CB6B5AF7-4BA7-4DE7-80EC-48F77AA4683D}.Profile|Win32.ActiveCfg = Profile|Win32
		{CB6B5AF7-4BA7-4DE7-80EC-48F77AA4683D}.Profile|Win32.Build.0 = Profile|Win32
		{CB6B5AF7-4BA7-4DE7-80EC-48F77AA4683D}.Profile|x64.ActiveCfg = Profile|Win32
		{CB6B5AF7-4BA7-4DE7-80EC-48F77AA4683D}.Release|Android.ActiveCfg = Release|Win32
		{CB6B5AF7-4BA7-4DE7-80EC-48F77AA4683D}.Release|Win32.ActiveCfg = Release|Win32
		{CB6B5AF7-4BA7-4DE7-80EC-48F77AA4683D}.Release|Win32.Build.0 = Release|Win32
		{CB6B5AF7-4BA7-4DE7-80EC-48F77AA4683D}.Release|x64.ActiveCfg = Release|Win32
		{BC9EDB6F-5496-4F8B-8CE4-DCE1FA8F4A18}.Debug|Android.ActiveCfg = Debug|Android
		{BC9EDB6F-5496-4F8B-8CE4-DCE1FA8F4A18}.Debug|Android.Build.0 = Debug|Android
		{BC9EDB6F-5496-4F8B-8CE4-DCE1FA8F4A18}.Debug|Win32.ActiveCfg = Debug|Win32
		{BC9EDB6F-5496-4F8B-8CE4-DCE1FA8F4A18}.Debug|Win32.Build.0 = Debug|Win32
		{BC9EDB6F-5496-4F8B-8CE4-DCE1FA8F4A18}.Debug|x64.ActiveCfg = Debug|Win32
		{BC9EDB6F-5496-4F8B-8CE4-DCE1FA8F4A18}.Profile_MultiBytes|Android.ActiveCfg = Release|Win32
		{BC9EDB6F-5496-4F8B-8CE4-DCE1FA8F4A18}.Profile_MultiBytes|Win32.ActiveCfg = Release|Win32
		{BC9EDB6F-5496-4F8B-8CE4-DCE1FA8F4A18}.Profile_MultiBytes|Win32.Build.0 = Release|Win32
		{BC9EDB6F-5496-4F8B-8CE4-DCE1FA8F4A18}.Profile_MultiBytes|x64.ActiveCfg = Release|Win32
		{BC9EDB6F-5496-4F8B-8CE4-DCE1FA8F4A18}.Profile_StaticLib|Android.ActiveCfg = Release|Win32
		{BC9EDB6F-5496-4F8B-8CE4-DCE1FA8F4A18}.Profile_StaticLib|Win32.ActiveCfg = Profile_StaticLib|Win32
		{BC9EDB6F-5496-4F8B-8CE4-DCE1FA8F4A18}.Profile_StaticLib|Win32.Build.0 = Profile_StaticLib|Win32
		{BC9EDB6F-5496-4F8B-8CE4-DCE1FA8F4A18}.Profile_StaticLib|x64.ActiveCfg = Release|Win32
		{BC9EDB6F-5496-4F8B-8CE4-DCE1FA8F4A18}.Profile|Android.ActiveCfg = Release|Win32
		{BC9EDB6F-5496-4F8B-8CE4-DCE1FA8F4A18}.Profile|Win32.ActiveCfg = Profile|Win32
		{BC9EDB6F-5496-4F8B-8CE4-DCE1FA8F4A18}.Profile|Win32.Build.0 = Profile|Win32
		{BC9EDB6F-5496-4F8B-8CE4-DCE1FA8F4A18}.Profile|x64.ActiveCfg = Release|x64
		{BC9EDB6F-5496-4F8B-8CE4-DCE1FA8F4A18}.Profile|x64.Build.0 = Release|x64
		{BC9EDB6F-5496-4F8B-8CE4-DCE1FA8F4A18}.Release|Android.ActiveCfg = Release|Win32
		{BC9EDB6F-5496-4F8B-8CE4-DCE1FA8F4A18}.Release|Win32.ActiveCfg = Release|Win32
		{BC9EDB6F-5496-4F8B-8CE4-DCE1FA8F4A18}.Release|Win32.Build.0 = Release|Win32
		{BC9EDB6F-5496-4F8B-8CE4-DCE1FA8F4A18}.Release|x64.ActiveCfg = Release|Win32
		{3D993668-0078-41E9-8428-E1E3FA03CA03}.Debug|Android.ActiveCfg = Debug|Win32
		{3D993668-0078-41E9-8428-E1E3FA03CA03}.Debug|Win32.ActiveCfg = Debug|Win32
		{3D993668-0078-41E9-8428-E1E3FA03CA03}.Debug|Win32.Build.0 = Debug|Win32
		{3D993668-0078-41E9-8428-E1E3FA03CA03}.Debug|x64.ActiveCfg = Debug|Win32
		{3D993668-0078-41E9-8428-E1E3FA03CA03}.Profile_MultiBytes|Android.ActiveCfg = Release|Win32
		{3D993668-0078-41E9-8428-E1E3FA03CA03}.Profile_MultiBytes|Win32.ActiveCfg = Release|Win32
		{3D993668-0078-41E9-8428-E1E3FA03CA03}.Profile_MultiBytes|Win32.Build.0 = Release|Win32
		{3D993668-0078-41E9-8428-E1E3FA03CA03}.Profile_MultiBytes|x64.ActiveCfg = Release|Win32
		{3D993668-0078-41E9-8428-E1E3FA03CA03}.Profile_StaticLib|Android.ActiveCfg = Release|Win32
		{3D993668-0078-41E9-8428-E1E3FA03CA03}.Profile_StaticLib|Win32.ActiveCfg = Release|Win32
		{3D993668-0078-41E9-8428-E1E3FA03CA03}.Profile_StaticLib|Win32.Build.0 = Release|Win32
		{3D993668-0078-41E9-8428-E1E3FA03CA03}.Profile_StaticLib|x64.ActiveCfg = Release|Win32
		{3D993668-0078-41E9-8428-E1E3FA03CA03}.Profile|Android.ActiveCfg = Release|Win32
		{3D993668-0078-41E9-8428-E1E3FA03CA03}.Profile|Win32.ActiveCfg = Release|Win32
		{3D993668-0078-41E9-8428-E1E3FA03CA03}.Profile|Win32.Build.0 = Release|Win32
		{3D993668-0078-41E9-8428-E1E3FA03CA03}.Profile|x64.ActiveCfg = Release|Win32
		{3D993668-0078-41E9-8428-E1E3FA03CA03}.Release|Android.ActiveCfg = Release|Win32
		{3D993668-0078-41E9-8428-E1E3FA03CA03}.Release|Win32.ActiveCfg = Release|Win32
		{3D993668-0078-41E9-8428-E1E3FA03CA03}.Release|Win32.Build.0 = Release|Win32
		{3D993668-0078-41E9-8428-E1E3FA03CA03}.Release|x64.ActiveCfg = Release|Win32
		{7512655B-D097-4489-9D60-C990B56F0EE2}.Debug|Android.ActiveCfg = Debug|Win32
		{7512655B-D097-4489-9D60-C990B56F0EE2}.Debug|Win32.ActiveCfg = Debug|Win32
		{7512655B-D097-4489-9D60-C990B56F0EE2}.Debug|Win32.Build.0 = Debug|Win32
		{7512655B-D097-4489-9D60-C990B56F0EE2}.Debug|x64.ActiveCfg = Debug|Win32
		{7512655B-D097-4489-9D60-C990B56F0EE2}.Profile_MultiBytes|Android.ActiveCfg = Release|Win32
		{7512655B-D097-4489-9D60-C990B56F0EE2}.Profile_MultiBytes|Win32.ActiveCfg = Release|Win32
		{7512655B-D097-4489-9D60-C990B56F0EE2}.Profile_MultiBytes|Win32.Build.0 = Release|Win32
		{7512655B-D097-4489-9D60-C990B56F0EE2}.Profile_MultiBytes|x64.ActiveCfg = Release|Win32
		{7512655B-D097-4489-9D60-C990B56F0EE2}.Profile_StaticLib|Android.ActiveCfg = Release|Win32
		{7512655B-D097-4489-9D60-C990B56F0EE2}.Profile_StaticLib|Win32.ActiveCfg = Profile_StaticLib|Win32
		{7512655B-D097-4489-9D60-C990B56F0EE2}.Profile_StaticLib|Win32.Build.0 = Profile_StaticLib|Win32
		{7512655B-D097-4489-9D60-C990B56F0EE2}.Profile_StaticLib|x64.ActiveCfg = Release|Win32
		{7512655B-D097-4489-9D60-C990B56F0EE2}.Profile|Android.ActiveCfg = Release|Win32
		{7512655B-D097-4489-9D60-C990B56F0EE2}.Profile|Win32.ActiveCfg = Profile|Win32
		{7512655B-D097-4489-9D60-C990B56F0EE2}.Profile|Win32.Build.0 = Profile|Win32
		{7512655B-D097-4489-9D60-C990B56F0EE2}.Profile|x64.ActiveCfg = Release|Win32
		{7512655B-D097-4489-9D60-C990B56F0EE2}.Release|Android.ActiveCfg = Release|Win32
		{7512655B-D097-4489-9D60-C990B56F0EE2}.Release|Win32.ActiveCfg = Release|Win32
		{7512655B-D097-4489-9D60-C990B56F0EE2}.Release|Win32.Build.0 = Release|Win32
		{7512655B-D097-4489-9D60-C990B56F0EE2}.Release|x64.ActiveCfg = Release|Win32
		{1DB0CB4D-A2A5-4134-B6FE-51DF1B588BC0}.Debug|Android.ActiveCfg = Debug|Win32
		{1DB0CB4D-A2A5-4134-B6FE-51DF1B588BC0}.Debug|Win32.ActiveCfg = Debug|Win32
		{1DB0CB4D-A2A5-4134-B6FE-51DF1B588BC0}.Debug|Win32.Build.0 = Debug|Win32
		{1DB0CB4D-A2A5-4134-B6FE-51DF1B588BC0}.Debug|x64.ActiveCfg = Debug|Win32
		{1DB0CB4D-A2A5-4134-B6FE-51DF1B588BC0}.Profile_MultiBytes|Android.ActiveCfg = Release|Win32
		{1DB0CB4D-A2A5-4134-B6FE-51DF1B588BC0}.Profile_MultiBytes|Win32.ActiveCfg = Release|Win32
		{1DB0CB4D-A2A5-4134-B6FE-51DF1B588BC0}.Profile_MultiBytes|Win32.Build.0 = Release|Win32
		{1DB0CB4D-A2A5-4134-B6FE-51DF1B588BC0}.Profile_MultiBytes|x64.ActiveCfg = Release|Win32
		{1DB0CB4D-A2A5-4134-B6FE-51DF1B588BC0}.Profile_StaticLib|Android.ActiveCfg = Release|Win32
		{1DB0CB4D-A2A5-4134-B6FE-51DF1B588BC0}.Profile_StaticLib|Win32.ActiveCfg = Profile_StaticLib|Win32
		{1DB0CB4D-A2A5-4134-B6FE-51DF1B588BC0}.Profile_StaticLib|Win32.Build.0 = Profile_StaticLib|Win32
		{1DB0CB4D-A2A5-4134-B6FE-51DF1B588BC0}.Profile_StaticLib|x64.ActiveCfg = Release|Win32
		{1DB0CB4D-A2A5-4134-B6FE-51DF1B588BC0}.Profile|Android.ActiveCfg = Release|Win32
		{1DB0CB4D-A2A5-4134-B6FE-51DF1B588BC0}.Profile|Win32.ActiveCfg = Release|Win32
		{1DB0CB4D-A2A5-4134-B6FE-51DF1B588BC0}.Profile|Win32.Build.0 = Release|Win32
		{1DB0CB4D-A2A5-4134-B6FE-51DF1B588BC0}.Profile|x64.ActiveCfg = Release|Win32
		{1DB0CB4D-A2A5-4134-B6FE-51DF1B588BC0}.Release|Android.ActiveCfg = Release|Win32
		{1DB0CB4D-A2A5-4134-B6FE-51DF1B588BC0}.Release|Win32.ActiveCfg = Release|Win32
		{1DB0CB4D-A2A5-4134-B6FE-51DF1B588BC0}.Release|Win32.Build.0 = Release|Win32
		{1DB0CB4D-A2A5-4134-B6FE-51DF1B588BC0}.Release|x64.ActiveCfg = Release|Win32
		{86ABC614-4CDC-460F-811E-B59ABDEABAD6}.Debug|Android.ActiveCfg = Debug|Win32
		{86ABC614-4CDC-460F-811E-B59ABDEABAD6}.Debug|Win32.ActiveCfg = Debug|Win32
		{86ABC614-4CDC-460F-811E-B59ABDEABAD6}.Debug|Win32.Build.0 = Debug|Win32
		{86ABC614-4CDC-460F-811E-B59ABDEABAD6}.Debug|x64.ActiveCfg = Debug|Win32
		{86ABC614-4CDC-460F-811E-B59ABDEABAD6}.Profile_MultiBytes|Android.ActiveCfg = Release|Win32
		{86ABC614-4CDC-460F-811E-B59ABDEABAD6}.Profile_MultiBytes|Win32.ActiveCfg = Release|Win32
		{86ABC614-4CDC-460F-811E-B59ABDEABAD6}.Profile_MultiBytes|Win32.Build.0 = Release|Win32
		{86ABC614-4CDC-460F-811E-B59ABDEABAD6}.Profile_MultiBytes|x64.ActiveCfg = Release|Win32
		{86ABC614-4CDC-460F-811E-B59ABDEABAD6}.Profile_StaticLib|Android.ActiveCfg = Release|Win32
		{86ABC614-4CDC-460F-811E-B59ABDEABAD6}.Profile_StaticLib|Win32.ActiveCfg = Profile_StaticLib|Win32
		{86ABC614-4CDC-460F-811E-B59ABDEABAD6}.Profile_StaticLib|Win32.Build.0 = Profile_StaticLib|Win32
		{86ABC614-4CDC-460F-811E-B59ABDEABAD6}.Profile_StaticLib|x64.ActiveCfg = Release|Win32
		{86ABC614-4CDC-460F-811E-B59ABDEABAD6}.Profile|Android.ActiveCfg = Release|Win32
		{86ABC614-4CDC-460F-811E-B59ABDEABAD6}.Profile|Win32.ActiveCfg = Release|Win32
		{86ABC614-4CDC-460F-811E-B59ABDEABAD6}.Profile|x64.ActiveCfg = Release|Win32
		{86ABC614-4CDC-460F-811E-B59ABDEABAD6}.Release|Android.ActiveCfg = Release|Win32
		{86ABC614-4CDC-460F-811E-B59ABDEABAD6}.Release|Win32.ActiveCfg = Release|Win32
		{86ABC614-4CDC-460F-811E-B59ABDEABAD6}.Release|Win32.Build.0 = Release|Win32
		{86ABC614-4CDC-460F-811E-B59ABDEABAD6}.Release|x64.ActiveCfg = Release|Win32
		{74425658-5624-3347-1169-196982168723}.Debug|Android.ActiveCfg = Debug|x64
		{74425658-5624-3347-1169-196982168723}.Debug|Win32.ActiveCfg = Debug|Win32
		{74425658-5624-3347-1169-196982168723}.Debug|Win32.Build.0 = Debug|Win32
		{74425658-5624-3347-1169-196982168723}.Debug|x64.ActiveCfg = Debug|x64
		{74425658-5624-3347-1169-196982168723}.Profile_MultiBytes|Android.ActiveCfg = Profile_MultiBytes|x64
		{74425658-5624-3347-1169-196982168723}.Profile_MultiBytes|Win32.ActiveCfg = Profile_MultiBytes|Win32
		{74425658-5624-3347-1169-196982168723}.Profile_MultiBytes|Win32.Build.0 = Profile_MultiBytes|Win32
		{74425658-5624-3347-1169-196982168723}.Profile_MultiBytes|x64.ActiveCfg = Profile_MultiBytes|x64
		{74425658-5624-3347-1169-196982168723}.Profile_MultiBytes|x64.Build.0 = Profile_MultiBytes|x64
		{74425658-5624-3347-1169-196982168723}.Profile_StaticLib|Android.ActiveCfg = Profile_StaticLib|x64
		{74425658-5624-3347-1169-196982168723}.Profile_StaticLib|Win32.ActiveCfg = Profile_StaticLib|Win32
		{74425658-5624-3347-1169-196982168723}.Profile_StaticLib|Win32.Build.0 = Profile_StaticLib|Win32
		{74425658-5624-3347-1169-196982168723}.Profile_StaticLib|x64.ActiveCfg = Profile_StaticLib|x64
		{74425658-5624-3347-1169-196982168723}.Profile_StaticLib|x64.Build.0 = Profile_StaticLib|x64
		{74425658-5624-3347-1169-196982168723}.Profile|Android.ActiveCfg = Profile|x64
		{74425658-5624-3347-1169-196982168723}.Profile|Win32.ActiveCfg = Profile|Win32
		{74425658-5624-3347-1169-196982168723}.Profile|Win32.Build.0 = Profile|Win32
		{74425658-5624-3347-1169-196982168723}.Profile|x64.ActiveCfg = Profile|x64
		{74425658-5624-3347-1169-196982168723}.Release|Android.ActiveCfg = Release|x64
		{74425658-5624-3347-1169-196982168723}.Release|Win32.ActiveCfg = Release|Win32
		{74425658-5624-3347-1169-196982168723}.Release|Win32.Build.0 = Release|Win32
		{74425658-5624-3347-1169-196982168723}.Release|x64.ActiveCfg = Release|x64
		{74425658-5624-3347-1169-196982168723}.Release|x64.Build.0 = Release|x64
		{1641DE6C-1D55-4B5F-A6D7-3EC6FA487261}.Debug|Android.ActiveCfg = Debug|Win32
		{1641DE6C-1D55-4B5F-A6D7-3EC6FA487261}.Debug|Win32.ActiveCfg = Debug|Win32
		{1641DE6C-1D55-4B5F-A6D7-3EC6FA487261}.Debug|Win32.Build.0 = Debug|Win32
		{1641DE6C-1D55-4B5F-A6D7-3EC6FA487261}.Debug|x64.ActiveCfg = Debug|Win32
		{1641DE6C-1D55-4B5F-A6D7-3EC6FA487261}.Profile_MultiBytes|Android.ActiveCfg = Release|Win32
		{1641DE6C-1D55-4B5F-A6D7-3EC6FA487261}.Profile_MultiBytes|Win32.ActiveCfg = Release|Win32
		{1641DE6C-1D55-4B5F-A6D7-3EC6FA487261}.Profile_MultiBytes|Win32.Build.0 = Release|Win32
		{1641DE6C-1D55-4B5F-A6D7-3EC6FA487261}.Profile_MultiBytes|x64.ActiveCfg = Release|Win32
		{1641DE6C-1D55-4B5F-A6D7-3EC6FA487261}.Profile_StaticLib|Android.ActiveCfg = Release|Win32
		{1641DE6C-1D55-4B5F-A6D7-3EC6FA487261}.Profile_StaticLib|Win32.ActiveCfg = Profile_StaticLib|Win32
		{1641DE6C-1D55-4B5F-A6D7-3EC6FA487261}.Profile_StaticLib|Win32.Build.0 = Profile_StaticLib|Win32
		{1641DE6C-1D55-4B5F-A6D7-3EC6FA487261}.Profile_StaticLib|x64.ActiveCfg = Release|Win32
		{1641DE6C-1D55-4B5F-A6D7-3EC6FA487261}.Profile|Android.ActiveCfg = Release|Win32
		{1641DE6C-1D55-4B5F-A6D7-3EC6FA487261}.Profile|Win32.ActiveCfg = Release|Win32
		{1641DE6C-1D55-4B5F-A6D7-3EC6FA487261}.Profile|Win32.Build.0 = Release|Win32
		{1641DE6C-1D55-4B5F-A6D7-3EC6FA487261}.Profile|x64.ActiveCfg = Release|Win32
		{1641DE6C-1D55-4B5F-A6D7-3EC6FA487261}.Release|Android.ActiveCfg = Release|Win32
		{1641DE6C-1D55-4B5F-A6D7-3EC6FA487261}.Release|Win32.ActiveCfg = Release|Win32
		{1641DE6C-1D55-4B5F-A6D7-3EC6FA487261}.Release|Win32.Build.0 = Release|Win32
		{1641DE6C-1D55-4B5F-A6D7-3EC6FA487261}.Release|x64.ActiveCfg = Release|Win32
		{CC98DD97-01B7-41E6-ADFA-E6AD5BF7BAC3}.Debug|Android.ActiveCfg = Debug|x64
		{CC98DD97-01B7-41E6-ADFA-E6AD5BF7BAC3}.Debug|Win32.ActiveCfg = Debug|Win32
		{CC98DD97-01B7-41E6-ADFA-E6AD5BF7BAC3}.Debug|Win32.Build.0 = Debug|Win32
		{CC98DD97-01B7-41E6-ADFA-E6AD5BF7BAC3}.Debug|x64.ActiveCfg = Debug|x64
		{CC98DD97-01B7-41E6-ADFA-E6AD5BF7BAC3}.Debug|x64.Build.0 = Debug|x64
		{CC98DD97-01B7-41E6-ADFA-E6AD5BF7BAC3}.Profile_MultiBytes|Android.ActiveCfg = Release|x64
		{CC98DD97-01B7-41E6-ADFA-E6AD5BF7BAC3}.Profile_MultiBytes|Win32.ActiveCfg = Release|x64
		{CC98DD97-01B7-41E6-ADFA-E6AD5BF7BAC3}.Profile_MultiBytes|x64.ActiveCfg = Release|x64
		{CC98DD97-01B7-41E6-ADFA-E6AD5BF7BAC3}.Profile_MultiBytes|x64.Build.0 = Release|x64
		{CC98DD97-01B7-41E6-ADFA-E6AD5BF7BAC3}.Profile_StaticLib|Android.ActiveCfg = Release|x64
		{CC98DD97-01B7-41E6-ADFA-E6AD5BF7BAC3}.Profile_StaticLib|Win32.ActiveCfg = Release|x64
		{CC98DD97-01B7-41E6-ADFA-E6AD5BF7BAC3}.Profile_StaticLib|x64.ActiveCfg = Release|x64
		{CC98DD97-01B7-41E6-ADFA-E6AD5BF7BAC3}.Profile_StaticLib|x64.Build.0 = Release|x64
		{CC98DD97-01B7-41E6-ADFA-E6AD5BF7BAC3}.Profile|Android.ActiveCfg = Release|x64
		{CC98DD97-01B7-41E6-ADFA-E6AD5BF7BAC3}.Profile|Win32.ActiveCfg = Release|Win32
		{CC98DD97-01B7-41E6-ADFA-E6AD5BF7BAC3}.Profile|Win32.Build.0 = Release|Win32
		{CC98DD97-01B7-41E6-ADFA-E6AD5BF7BAC3}.Profile|x64.ActiveCfg = Release|x64
		{CC98DD97-01B7-41E6-ADFA-E6AD5BF7BAC3}.Profile|x64.Build.0 = Release|x64
		{CC98DD97-01B7-41E6-ADFA-E6AD5BF7BAC3}.Release|Android.ActiveCfg = Release|x64
		{CC98DD97-01B7-41E6-ADFA-E6AD5BF7BAC3}.Release|Win32.ActiveCfg = Release|Win32
		{CC98DD97-01B7-41E6-ADFA-E6AD5BF7BAC3}.Release|Win32.Build.0 = Release|Win32
		{CC98DD97-01B7-41E6-ADFA-E6AD5BF7BAC3}.Release|x64.ActiveCfg = Release|x64
		{CC98DD97-01B7-41E6-ADFA-E6AD5BF7BAC3}.Release|x64.Build.0 = Release|x64
		{E738C383-9B1A-4F1C-AD5B-87C38D6F8A27}.Debug|Android.ActiveCfg = Debug|Android
		{E738C383-9B1A-4F1C-AD5B-87C38D6F8A27}.Debug|Win32.ActiveCfg = Debug|Win32
		{E738C383-9B1A-4F1C-AD5B-87C38D6F8A27}.Debug|x64.ActiveCfg = Debug|Win32
		{E738C383-9B1A-4F1C-AD5B-87C38D6F8A27}.Profile_MultiBytes|Android.ActiveCfg = Profile|Win32
		{E738C383-9B1A-4F1C-AD5B-87C38D6F8A27}.Profile_MultiBytes|Win32.ActiveCfg = Profile|Win32
		{E738C383-9B1A-4F1C-AD5B-87C38D6F8A27}.Profile_MultiBytes|Win32.Build.0 = Profile|Win32
		{E738C383-9B1A-4F1C-AD5B-87C38D6F8A27}.Profile_MultiBytes|x64.ActiveCfg = Profile|Win32
		{E738C383-9B1A-4F1C-AD5B-87C38D6F8A27}.Profile_StaticLib|Android.ActiveCfg = Profile|Win32
		{E738C383-9B1A-4F1C-AD5B-87C38D6F8A27}.Profile_StaticLib|Win32.ActiveCfg = Profile|Win32
		{E738C383-9B1A-4F1C-AD5B-87C38D6F8A27}.Profile_StaticLib|Win32.Build.0 = Profile|Win32
		{E738C383-9B1A-4F1C-AD5B-87C38D6F8A27}.Profile_StaticLib|x64.ActiveCfg = Profile|Win32
		{E738C383-9B1A-4F1C-AD5B-87C38D6F8A27}.Profile|Android.ActiveCfg = Profile|Android
		{E738C383-9B1A-4F1C-AD5B-87C38D6F8A27}.Profile|Android.Build.0 = Profile|Android
		{E738C383-9B1A-4F1C-AD5B-87C38D6F8A27}.Profile|Android.Deploy.0 = Profile|Android
		{E738C383-9B1A-4F1C-AD5B-87C38D6F8A27}.Profile|Win32.ActiveCfg = Profile|Win32
		{E738C383-9B1A-4F1C-AD5B-87C38D6F8A27}.Profile|Win32.Build.0 = Profile|Win32
		{E738C383-9B1A-4F1C-AD5B-87C38D6F8A27}.Profile|x64.ActiveCfg = Profile|Win32
		{E738C383-9B1A-4F1C-AD5B-87C38D6F8A27}.Release|Android.ActiveCfg = Release|Android
		{E738C383-9B1A-4F1C-AD5B-87C38D6F8A27}.Release|Android.Build.0 = Release|Android
		{E738C383-9B1A-4F1C-AD5B-87C38D6F8A27}.Release|Android.Deploy.0 = Release|Android
		{E738C383-9B1A-4F1C-AD5B-87C38D6F8A27}.Release|Win32.ActiveCfg = Release|Win32
		{E738C383-9B1A-4F1C-AD5B-87C38D6F8A27}.Release|Win32.Build.0 = Release|Win32
		{E738C383-9B1A-4F1C-AD5B-87C38D6F8A27}.Release|x64.ActiveCfg = Release|Win32
		{7826AAA2-7578-4CD3-B9CF-874A4763359F}.Debug|Android.ActiveCfg = Debug|Android
		{7826AAA2-7578-4CD3-B9CF-874A4763359F}.Debug|Win32.ActiveCfg = Debug|Win32
		{7826AAA2-7578-4CD3-B9CF-874A4763359F}.Debug|Win32.Build.0 = Debug|Win32
		{7826AAA2-7578-4CD3-B9CF-874A4763359F}.Debug|x64.ActiveCfg = Debug|Win32
		{7826AAA2-7578-4CD3-B9CF-874A4763359F}.Profile_MultiBytes|Android.ActiveCfg = Profile|Win32
		{7826AAA2-7578-4CD3-B9CF-874A4763359F}.Profile_MultiBytes|Win32.ActiveCfg = Profile|Win32
		{7826AAA2-7578-4CD3-B9CF-874A4763359F}.Profile_MultiBytes|Win32.Build.0 = Profile|Win32
		{7826AAA2-7578-4CD3-B9CF-874A4763359F}.Profile_MultiBytes|x64.ActiveCfg = Profile|Win32
		{7826AAA2-7578-4CD3-B9CF-874A4763359F}.Profile_StaticLib|Android.ActiveCfg = Profile|Win32
		{7826AAA2-7578-4CD3-B9CF-874A4763359F}.Profile_StaticLib|Win32.ActiveCfg = Profile|Win32
		{7826AAA2-7578-4CD3-B9CF-874A4763359F}.Profile_StaticLib|Win32.Build.0 = Profile|Win32
		{7826AAA2-7578-4CD3-B9CF-874A4763359F}.Profile_StaticLib|x64.ActiveCfg = Profile|Win32
		{7826AAA2-7578-4CD3-B9CF-874A4763359F}.Profile|Android.ActiveCfg = Profile|Android
		{7826AAA2-7578-4CD3-B9CF-874A4763359F}.Profile|Android.Build.0 = Profile|Android
		{7826AAA2-7578-4CD3-B9CF-874A4763359F}.Profile|Android.Deploy.0 = Profile|Android
		{7826AAA2-7578-4CD3-B9CF-874A4763359F}.Profile|Win32.ActiveCfg = Profile|Win32
		{7826AAA2-7578-4CD3-B9CF-874A4763359F}.Profile|Win32.Build.0 = Profile|Win32
		{7826AAA2-7578-4CD3-B9CF-874A4763359F}.Profile|x64.ActiveCfg = Profile|Win32
		{7826AAA2-7578-4CD3-B9CF-874A4763359F}.Release|Android.ActiveCfg = Release|Android
		{7826AAA2-7578-4CD3-B9CF-874A4763359F}.Release|Android.Build.0 = Release|Android
		{7826AAA2-7578-4CD3-B9CF-874A4763359F}.Release|Android.Deploy.0 = Release|Android
		{7826AAA2-7578-4CD3-B9CF-874A4763359F}.Release|Win32.ActiveCfg = Release|Win32
		{7826AAA2-7578-4CD3-B9CF-874A4763359F}.Release|Win32.Build.0 = Release|Win32
		{7826AAA2-7578-4CD3-B9CF-874A4763359F}.Release|x64.ActiveCfg = Release|Win32
	EndGlobalSection
	GlobalSection(SolutionProperties) = preSolution
		HideSolutionNode = FALSE
	EndGlobalSection
	GlobalSection(NestedProjects) = preSolution
		{A482CE82-B8CB-466D-A9FE-EE7734C4A0A7} = {A2DAC854-D831-4546-9275-3BBBFF20389F}
		{38072330-D08B-428F-B5AB-559FBD8C986A} = {A2DAC854-D831-4546-9275-3BBBFF20389F}
		{39A9F03C-DAAE-4070-B46C-0493CBF4D9BC} = {A2DAC854-D831-4546-9275-3BBBFF20389F}
		{6878E232-79B8-4F5E-AE6F-8057C6B83201} = {A2DAC854-D831-4546-9275-3BBBFF20389F}
		{7512655B-D097-4489-9D60-C990B56F0EE2} = {A2DAC854-D831-4546-9275-3BBBFF20389F}
		{1DB0CB4D-A2A5-4134-B6FE-51DF1B588BC0} = {A2DAC854-D831-4546-9275-3BBBFF20389F}
		{86ABC614-4CDC-460F-811E-B59ABDEABAD6} = {A2DAC854-D831-4546-9275-3BBBFF20389F}
		{1641DE6C-1D55-4B5F-A6D7-3EC6FA487261} = {A2DAC854-D831-4546-9275-3BBBFF20389F}
		{4DB5B3D1-33EE-4D51-AC83-D754F59E1D8A} = {A2DAC854-D831-4546-9275-3BBBFF20389F}
		{BD439D52-5D90-482B-8265-B443F54A5E01} = {420B7F68-3912-45A7-BD80-08231628F27A}
		{0406EEF5-A3FC-4B27-9797-505F54F2266D} = {34676EA1-391F-4149-A124-4D2AD6B06B24}
		{158CCAFB-7A8D-4532-91DF-99284FCDABEA} = {34676EA1-391F-4149-A124-4D2AD6B06B24}
		{CB6B5AF7-4BA7-4DE7-80EC-48F77AA4683D} = {34676EA1-391F-4149-A124-4D2AD6B06B24}
		{DF3F985C-D2E3-442F-8D22-0F0539AC7570} = {A482CE82-B8CB-466D-A9FE-EE7734C4A0A7}
		{C5E45787-6DB2-43CA-A42F-42BB6EAEEA71} = {A482CE82-B8CB-466D-A9FE-EE7734C4A0A7}
		{3D993668-0078-41E9-8428-E1E3FA03CA03} = {A482CE82-B8CB-466D-A9FE-EE7734C4A0A7}
		{1BD63852-AFD6-43FE-918C-A851AAE9E30C} = {38072330-D08B-428F-B5AB-559FBD8C986A}
		{78A2C9F7-20B6-49EB-BB42-C959A8685440} = {38072330-D08B-428F-B5AB-559FBD8C986A}
		{5B49F1B7-4AA2-4D32-9CC7-E9D703722815} = {38072330-D08B-428F-B5AB-559FBD8C986A}
		{F6645BB5-444B-44F3-9B7D-8294ECDA3087} = {38072330-D08B-428F-B5AB-559FBD8C986A}
		{BC9EDB6F-5496-4F8B-8CE4-DCE1FA8F4A18} = {38072330-D08B-428F-B5AB-559FBD8C986A}
		{DD70EA19-1DAA-4F85-834A-A370A55F03FB} = {38072330-D08B-428F-B5AB-559FBD8C986A}
		{91951428-FC3F-433A-96C8-44D0E162D856} = {6878E232-79B8-4F5E-AE6F-8057C6B83201}
		{46C47EB2-D93E-4D05-A20D-86A4B93F0494} = {6878E232-79B8-4F5E-AE6F-8057C6B83201}
		{394A55EB-86A1-47B5-8ADE-2F65239D772E} = {1DD4FA3C-A3BE-404E-952B-17F1039188DF}
		{DF80F7C4-D1D1-4241-B5D6-561639896D57} = {1DD4FA3C-A3BE-404E-952B-17F1039188DF}
		{D22B0E19-5934-416F-854E-CDA643078FA0} = {1DD4FA3C-A3BE-404E-952B-17F1039188DF}
		{96F0C4C1-512E-4E4D-9A76-6B4812EDD8CA} = {D5980464-D5DB-449C-8F2B-70C827517439}
		{5D7CF444-82C9-4F2C-8A17-ACF5F822D38E} = {30138FD0-8B7D-475A-A874-40761E34CF78}
		{CB745F0E-F3CD-462B-84FE-53F4A641A5EE} = {30138FD0-8B7D-475A-A874-40761E34CF78}
		{74425658-5624-3347-1169-196982168723} = {30138FD0-8B7D-475A-A874-40761E34CF78}
		{CC98DD97-01B7-41E6-ADFA-E6AD5BF7BAC3} = {35B1CC88-8BC4-43AD-ADF5-7AD6D84402B7}
		{E738C383-9B1A-4F1C-AD5B-87C38D6F8A27} = {4DB5B3D1-33EE-4D51-AC83-D754F59E1D8A}
		{7826AAA2-7578-4CD3-B9CF-874A4763359F} = {4DB5B3D1-33EE-4D51-AC83-D754F59E1D8A}
	EndGlobalSection
EndGlobal
