<?xml version="1.0" encoding="utf-8"?>
<Project ToolsVersion="4.0" xmlns="http://schemas.microsoft.com/developer/msbuild/2003">
  <ItemGroup>
    <Filter Include="Source Files">
      <UniqueIdentifier>{4FC737F1-C7A5-4376-A066-2A32D752A2FF}</UniqueIdentifier>
      <Extensions>cpp;c;cc;cxx;def;odl;idl;hpj;bat;asm;asmx</Extensions>
    </Filter>
    <Filter Include="Header Files">
      <UniqueIdentifier>{93995380-89BD-4b04-88EB-625FBE52EBFB}</UniqueIdentifier>
      <Extensions>h;hpp;hxx;hm;inl;inc;xsd</Extensions>
    </Filter>
    <Filter Include="Interface">
      <UniqueIdentifier>{67DA6AB6-F800-4c08-8B7A-83BB121AAD01}</UniqueIdentifier>
      <Extensions>rc;ico;cur;bmp;dlg;rc2;rct;bin;rgs;gif;jpg;jpeg;jpe;resx;tiff;tif;png;wav</Extensions>
    </Filter>
    <Filter Include="Interface\Modules">
      <UniqueIdentifier>{5e694b4d-54e7-4a8c-94fe-7e2d3bd4d103}</UniqueIdentifier>
    </Filter>
    <Filter Include="Interface\Rendering">
      <UniqueIdentifier>{89203586-b977-41b7-b5c0-da0c780d7916}</UniqueIdentifier>
    </Filter>
    <Filter Include="Interface\Manager">
      <UniqueIdentifier>{d186bc3b-7f6d-403e-87c6-cdde4b3b7432}</UniqueIdentifier>
    </Filter>
    <Filter Include="Interface\SceneManagement">
      <UniqueIdentifier>{419cb759-5735-4341-a89d-387532acfd2d}</UniqueIdentifier>
    </Filter>
    <Filter Include="Interface\Thread">
      <UniqueIdentifier>{4180cd8a-1a5b-4abb-9402-da78cd97f8e1}</UniqueIdentifier>
    </Filter>
    <Filter Include="Interface\GameObject">
      <UniqueIdentifier>{c8e3e97f-4575-407e-b8b3-47137ac85797}</UniqueIdentifier>
    </Filter>
    <Filter Include="MathLib">
      <UniqueIdentifier>{531d656e-3079-40ec-a9cb-44c415477c0a}</UniqueIdentifier>
    </Filter>
    <Filter Include="Interface\Assets">
      <UniqueIdentifier>{0ae12023-2b26-4b3a-871c-8f76edbd5272}</UniqueIdentifier>
    </Filter>
    <Filter Include="Interface\GameFramework">
      <UniqueIdentifier>{c3082f31-0f4e-4df8-86f3-f6fef2c004b5}</UniqueIdentifier>
    </Filter>
    <Filter Include="Interface\ResFile">
      <UniqueIdentifier>{f45c258c-623a-4f67-a761-be854c3828ea}</UniqueIdentifier>
    </Filter>
    <Filter Include="Interface\ConfigFile">
      <UniqueIdentifier>{e3049c20-994e-4f58-95ca-ac81fe7c278c}</UniqueIdentifier>
    </Filter>
    <Filter Include="Interface\Resource">
      <UniqueIdentifier>{ddfed219-03a8-464e-8945-3697f57ac6d7}</UniqueIdentifier>
    </Filter>
    <Filter Include="Interface\TrackBus">
      <UniqueIdentifier>{7e68e61a-005c-4709-93df-81e53d0194d6}</UniqueIdentifier>
    </Filter>
  </ItemGroup>
  <ItemGroup>
    <ClInclude Include="gkAssert.h">
      <Filter>Header Files</Filter>
    </ClInclude>
    <ClInclude Include="gkCommonStructs.h">
      <Filter>Header Files</Filter>
    </ClInclude>
    <ClInclude Include="gkFilePath.h">
      <Filter>Header Files</Filter>
    </ClInclude>
    <ClInclude Include="gkFilePath_impl.h">
      <Filter>Header Files</Filter>
    </ClInclude>
    <ClInclude Include="gkIterator.h">
      <Filter>Header Files</Filter>
    </ClInclude>
    <ClInclude Include="gkMeshFileLoader.h">
      <Filter>Header Files</Filter>
    </ClInclude>
    <ClInclude Include="gkPlatform.h">
      <Filter>Header Files</Filter>
    </ClInclude>
    <ClInclude Include="gkPlatform_impl.h">
      <Filter>Header Files</Filter>
    </ClInclude>
    <ClInclude Include="gkSharedPtr.h">
      <Filter>Header Files</Filter>
    </ClInclude>
    <ClInclude Include="gkSingleton.h">
      <Filter>Header Files</Filter>
    </ClInclude>
    <ClInclude Include="gkStudioWndMsg.h">
      <Filter>Header Files</Filter>
    </ClInclude>
    <ClInclude Include="gkWin32Specific.h">
      <Filter>Header Files</Filter>
    </ClInclude>
    <ClInclude Include="I3DEngine.h">
      <Filter>Interface\Modules</Filter>
    </ClInclude>
    <ClInclude Include="IHavok.h">
      <Filter>Interface\Modules</Filter>
    </ClInclude>
    <ClInclude Include="IInputManager.h">
      <Filter>Interface\Modules</Filter>
    </ClInclude>
    <ClInclude Include="INetworkLayer.h">
      <Filter>Interface\Modules</Filter>
    </ClInclude>
    <ClInclude Include="IRenderer.h">
      <Filter>Interface\Modules</Filter>
    </ClInclude>
    <ClInclude Include="ISystem.h">
      <Filter>Interface\Modules</Filter>
    </ClInclude>
    <ClInclude Include="ISystemProfiler.h">
      <Filter>Interface\Modules</Filter>
    </ClInclude>
    <ClInclude Include="ITimer.h">
      <Filter>Interface\Modules</Filter>
    </ClInclude>
    <ClInclude Include="IAuxRenderer.h">
      <Filter>Interface\Rendering</Filter>
    </ClInclude>
    <ClInclude Include="IRenderTarget.h">
      <Filter>Interface\Rendering</Filter>
    </ClInclude>
    <ClInclude Include="IResourceManager.h">
      <Filter>Interface\Manager</Filter>
    </ClInclude>
    <ClInclude Include="ITimeOfDay.h">
      <Filter>Interface\Manager</Filter>
    </ClInclude>
    <ClInclude Include="ICamera.h">
      <Filter>Interface\SceneManagement</Filter>
    </ClInclude>
    <ClInclude Include="IEvent.h">
      <Filter>Interface\Thread</Filter>
    </ClInclude>
    <ClInclude Include="IThread.h">
      <Filter>Interface\Thread</Filter>
    </ClInclude>
    <ClInclude Include="MathLib\gk_Camera.h">
      <Filter>MathLib</Filter>
    </ClInclude>
    <ClInclude Include="MathLib\gk_Color.h">
      <Filter>MathLib</Filter>
    </ClInclude>
    <ClInclude Include="MathLib\gk_Geo.h">
      <Filter>MathLib</Filter>
    </ClInclude>
    <ClInclude Include="MathLib\gk_GeoDistance.h">
      <Filter>MathLib</Filter>
    </ClInclude>
    <ClInclude Include="MathLib\gk_GeoIntersect.h">
      <Filter>MathLib</Filter>
    </ClInclude>
    <ClInclude Include="MathLib\gk_GeoOverlap.h">
      <Filter>MathLib</Filter>
    </ClInclude>
    <ClInclude Include="MathLib\gk_HWMatrix.h">
      <Filter>MathLib</Filter>
    </ClInclude>
    <ClInclude Include="MathLib\gk_HWVector3.h">
      <Filter>MathLib</Filter>
    </ClInclude>
    <ClInclude Include="MathLib\gk_Math.h">
      <Filter>MathLib</Filter>
    </ClInclude>
    <ClInclude Include="MathLib\gk_Matrix.h">
      <Filter>MathLib</Filter>
    </ClInclude>
    <ClInclude Include="MathLib\gk_Quat.h">
      <Filter>MathLib</Filter>
    </ClInclude>
    <ClInclude Include="MathLib\gk_ValidNumber.h">
      <Filter>MathLib</Filter>
    </ClInclude>
    <ClInclude Include="MathLib\gk_Vector2.h">
      <Filter>MathLib</Filter>
    </ClInclude>
    <ClInclude Include="MathLib\gk_Vector3.h">
      <Filter>MathLib</Filter>
    </ClInclude>
    <ClInclude Include="IRenderSequence.h">
      <Filter>Interface\Rendering</Filter>
    </ClInclude>
    <ClInclude Include="IMeshLoader.h">
      <Filter>Interface\Assets</Filter>
    </ClInclude>
    <ClInclude Include="IGameFramework.h">
      <Filter>Interface\GameFramework</Filter>
    </ClInclude>
    <ClInclude Include="IGame.h">
      <Filter>Interface\GameFramework</Filter>
    </ClInclude>
    <ClInclude Include="gkLinuxTchar.h">
      <Filter>Header Files</Filter>
    </ClInclude>
    <ClInclude Include="gkLinuxSpecific.h">
      <Filter>Header Files</Filter>
    </ClInclude>
    <ClInclude Include="gkAndroidSpecific.h">
      <Filter>Header Files</Filter>
    </ClInclude>
    <ClInclude Include="gkIOSSpecific.h">
      <Filter>Header Files</Filter>
    </ClInclude>
    <ClInclude Include="IResFile.h">
      <Filter>Interface\ResFile</Filter>
    </ClInclude>
    <ClInclude Include="gkIniParser.h">
      <Filter>Interface\ConfigFile</Filter>
    </ClInclude>
    <ClInclude Include="IAnimation.h">
      <Filter>Interface\Modules</Filter>
    </ClInclude>
    <ClInclude Include="ITerrianSystem.h">
      <Filter>Interface\Manager</Filter>
    </ClInclude>
    <ClInclude Include="ITask.h">
      <Filter>Interface\Thread</Filter>
    </ClInclude>
    <ClInclude Include="IParticle.h">
      <Filter>Interface\GameObject</Filter>
    </ClInclude>
    <ClInclude Include="IThread_win32.h">
      <Filter>Interface\Thread</Filter>
    </ClInclude>
    <ClInclude Include="IThread_linux.h">
      <Filter>Interface\Thread</Filter>
    </ClInclude>
    <ClInclude Include="IXmlUtil.h">
      <Filter>Interface\ConfigFile</Filter>
    </ClInclude>
    <ClInclude Include="IShader.h">
      <Filter>Interface\Resource</Filter>
    </ClInclude>
    <ClInclude Include="IResource.h">
      <Filter>Interface\Resource</Filter>
    </ClInclude>
    <ClInclude Include="ITexture.h">
      <Filter>Interface\Resource</Filter>
    </ClInclude>
    <ClInclude Include="IMesh.h">
      <Filter>Interface\Resource</Filter>
    </ClInclude>
    <ClInclude Include="IMaterial.h">
      <Filter>Interface\Resource</Filter>
    </ClInclude>
    <ClInclude Include="IGameObject.h">
      <Filter>Interface\Modules</Filter>
    </ClInclude>
    <ClInclude Include="ILog.h">
      <Filter>Interface\Modules</Filter>
    </ClInclude>
    <ClInclude Include="IGameObjectLayer.h">
      <Filter>Interface\GameObject</Filter>
    </ClInclude>
    <ClInclude Include="IFont.h">
      <Filter>Interface\Modules</Filter>
    </ClInclude>
    <ClInclude Include="UnicodeConverter.h">
      <Filter>Header Files</Filter>
    </ClInclude>
    <ClInclude Include="ITrackBus.h">
      <Filter>Interface\TrackBus</Filter>
    </ClInclude>
    <ClInclude Include="ISound.h">
      <Filter>Interface</Filter>
    </ClInclude>
    <ClInclude Include="IVideo.h">
      <Filter>Interface</Filter>
    </ClInclude>
    <ClInclude Include="IStereoDevice.h">
      <Filter>Interface</Filter>
    </ClInclude>
  </ItemGroup>
</Project>