<?xml version="1.0" encoding="utf-8"?>
<Project ToolsVersion="4.0" xmlns="http://schemas.microsoft.com/developer/msbuild/2003">
  <ItemGroup>
    <Filter Include="Source Files">
      <UniqueIdentifier>{4FC737F1-C7A5-4376-A066-2A32D752A2FF}</UniqueIdentifier>
      <Extensions>cpp;c;cc;cxx;def;odl;idl;hpj;bat;asm;asmx</Extensions>
    </Filter>
    <Filter Include="Header Files">
      <UniqueIdentifier>{93995380-89BD-4b04-88EB-625FBE52EBFB}</UniqueIdentifier>
      <Extensions>h;hpp;hxx;hm;inl;inc;xsd</Extensions>
    </Filter>
    <Filter Include="Resource Files">
      <UniqueIdentifier>{67DA6AB6-F800-4c08-8B7A-83BB121AAD01}</UniqueIdentifier>
      <Extensions>rc;ico;cur;bmp;dlg;rc2;rct;bin;rgs;gif;jpg;jpeg;jpe;resx;tiff;tif;png;wav</Extensions>
    </Filter>
    <Filter Include="NetStructs">
      <UniqueIdentifier>{d7cbd4b9-e129-43a4-b2ef-c6b4bbc83434}</UniqueIdentifier>
    </Filter>
    <Filter Include="NetStructs\Include">
      <UniqueIdentifier>{f1ae4e4c-cd5d-49f1-9cd4-6ecf90d71e67}</UniqueIdentifier>
    </Filter>
    <Filter Include="NetStructs\Source">
      <UniqueIdentifier>{fc74915a-eb77-43bb-85de-ac712f065652}</UniqueIdentifier>
    </Filter>
  </ItemGroup>
  <ItemGroup>
    <ClCompile Include="Source\GameKnifeNetwork.cpp">
      <Filter>Source Files</Filter>
    </ClCompile>
    <ClCompile Include="Source\gkNetworkLayer.cpp">
      <Filter>Source Files</Filter>
    </ClCompile>
    <ClCompile Include="Source\NetWorkStableHeader.cpp">
      <Filter>Source Files</Filter>
    </ClCompile>
    <ClCompile Include="NetStruct\Source\CriticalSection.cpp">
      <Filter>NetStructs\Source</Filter>
    </ClCompile>
    <ClCompile Include="NetStruct\Source\Event.cpp">
      <Filter>NetStructs\Source</Filter>
    </ClCompile>
    <ClCompile Include="NetStruct\Source\Exception.cpp">
      <Filter>NetStructs\Source</Filter>
    </ClCompile>
    <ClCompile Include="NetStruct\Source\IOBuffer.cpp">
      <Filter>NetStructs\Source</Filter>
    </ClCompile>
    <ClCompile Include="NetStruct\Source\IOCompletionPort.cpp">
      <Filter>NetStructs\Source</Filter>
    </ClCompile>
    <ClCompile Include="NetStruct\Source\ManualResetEvent.cpp">
      <Filter>NetStructs\Source</Filter>
    </ClCompile>
    <ClCompile Include="NetStruct\Source\NodeList.cpp">
      <Filter>NetStructs\Source</Filter>
    </ClCompile>
    <ClCompile Include="NetStruct\Source\Socket.cpp">
      <Filter>NetStructs\Source</Filter>
    </ClCompile>
    <ClCompile Include="NetStruct\Source\SocketClient.cpp">
      <Filter>NetStructs\Source</Filter>
    </ClCompile>
    <ClCompile Include="NetStruct\Source\Thread.cpp">
      <Filter>NetStructs\Source</Filter>
    </ClCompile>
    <ClCompile Include="NetStruct\Source\UsesWinsock.cpp">
      <Filter>NetStructs\Source</Filter>
    </ClCompile>
    <ClCompile Include="NetStruct\Source\Utils.cpp">
      <Filter>NetStructs\Source</Filter>
    </ClCompile>
    <ClCompile Include="NetStruct\Source\Win32Exception.cpp">
      <Filter>NetStructs\Source</Filter>
    </ClCompile>
  </ItemGroup>
  <ItemGroup>
    <ClInclude Include="Include\GameKnifeNetwork.h">
      <Filter>Header Files</Filter>
    </ClInclude>
    <ClInclude Include="Include\gkNetworkLayer.h">
      <Filter>Header Files</Filter>
    </ClInclude>
    <ClInclude Include="Include\NetWorkPrerequisites.h">
      <Filter>Header Files</Filter>
    </ClInclude>
    <ClInclude Include="Include\NetWorkStableHeader.h">
      <Filter>Header Files</Filter>
    </ClInclude>
    <ClInclude Include="resource.h">
      <Filter>Header Files</Filter>
    </ClInclude>
    <ClInclude Include="Include\CriticalSection.h">
      <Filter>NetStructs\Include</Filter>
    </ClInclude>
    <ClInclude Include="Include\Event.h">
      <Filter>NetStructs\Include</Filter>
    </ClInclude>
    <ClInclude Include="Include\Exception.h">
      <Filter>NetStructs\Include</Filter>
    </ClInclude>
    <ClInclude Include="Include\IOBuffer.h">
      <Filter>NetStructs\Include</Filter>
    </ClInclude>
    <ClInclude Include="Include\IOCompletionPort.h">
      <Filter>NetStructs\Include</Filter>
    </ClInclude>
    <ClInclude Include="Include\ManualResetEvent.h">
      <Filter>NetStructs\Include</Filter>
    </ClInclude>
    <ClInclude Include="Include\NodeList.h">
      <Filter>NetStructs\Include</Filter>
    </ClInclude>
    <ClInclude Include="Include\OpaqueUserData.h">
      <Filter>NetStructs\Include</Filter>
    </ClInclude>
    <ClInclude Include="Include\Socket.h">
      <Filter>NetStructs\Include</Filter>
    </ClInclude>
    <ClInclude Include="Include\SocketClient.h">
      <Filter>NetStructs\Include</Filter>
    </ClInclude>
    <ClInclude Include="Include\SystemInfo.h">
      <Filter>NetStructs\Include</Filter>
    </ClInclude>
    <ClInclude Include="Include\Thread.h">
      <Filter>NetStructs\Include</Filter>
    </ClInclude>
    <ClInclude Include="Include\UsesWinsock.h">
      <Filter>NetStructs\Include</Filter>
    </ClInclude>
    <ClInclude Include="Include\Utils.h">
      <Filter>NetStructs\Include</Filter>
    </ClInclude>
    <ClInclude Include="Include\Win32Exception.h">
      <Filter>NetStructs\Include</Filter>
    </ClInclude>
  </ItemGroup>
  <ItemGroup>
    <ResourceCompile Include="GameKnifeNetwork.rc">
      <Filter>Resource Files</Filter>
    </ResourceCompile>
  </ItemGroup>
  <ItemGroup>
    <None Include="ReadMe.txt" />
  </ItemGroup>
</Project>