<?xml version="1.0" encoding="utf-8"?>
<Project ToolsVersion="4.0" xmlns="http://schemas.microsoft.com/developer/msbuild/2003">
  <ItemGroup>
    <ClInclude Include="include\RenderThread.h" />
    <ClInclude Include="resource.h">
      <Filter>Resource Files</Filter>
    </ClInclude>
    <ClInclude Include="include\gkAuxRenderer.h">
      <Filter>RenderSys</Filter>
    </ClInclude>
    <ClInclude Include="include\gkShaderParamDataSource.h">
      <Filter>RenderSys</Filter>
    </ClInclude>
    <ClInclude Include="include\gkRenderTarget.h">
      <Filter>RenderStruct</Filter>
    </ClInclude>
    <ClInclude Include="include\gkRenderWindow.h">
      <Filter>RenderStruct</Filter>
    </ClInclude>
    <ClInclude Include="include\gkRenderTexture.h">
      <Filter>RenderStruct</Filter>
    </ClInclude>
    <ClInclude Include="include\Prerequisites.h">
      <Filter>DllMain</Filter>
    </ClInclude>
    <ClInclude Include="include\StableHeader.h">
      <Filter>DllMain</Filter>
    </ClInclude>
    <ClInclude Include="include\dllmain.h">
      <Filter>DllMain</Filter>
    </ClInclude>
    <ClInclude Include="include\gkRendererPrototype.h">
      <Filter>RenderSys</Filter>
    </ClInclude>
  </ItemGroup>
  <ItemGroup>
    <Filter Include="Resource Files">
      <UniqueIdentifier>{04677d4a-cc8b-4496-ac71-e6bf1c3153c7}</UniqueIdentifier>
    </Filter>
    <Filter Include="RenderSys">
      <UniqueIdentifier>{72d10bc8-0aeb-425f-ae8d-841f416cc5e4}</UniqueIdentifier>
    </Filter>
    <Filter Include="RenderStruct">
      <UniqueIdentifier>{234e9506-6582-464b-8ee7-445620faaaa4}</UniqueIdentifier>
    </Filter>
    <Filter Include="DllMain">
      <UniqueIdentifier>{e0f6c6b4-c863-464c-8e3b-01710bec384b}</UniqueIdentifier>
    </Filter>
  </ItemGroup>
  <ItemGroup>
    <ResourceCompile Include="gkRendererPrototype.rc">
      <Filter>Resource Files</Filter>
    </ResourceCompile>
  </ItemGroup>
  <ItemGroup>
    <ClCompile Include="source\gkRenderTarget.cpp">
      <Filter>RenderStruct</Filter>
    </ClCompile>
    <ClCompile Include="source\gkRenderWindow.cpp">
      <Filter>RenderStruct</Filter>
    </ClCompile>
    <ClCompile Include="source\gkAuxRenderer.cpp">
      <Filter>RenderSys</Filter>
    </ClCompile>
    <ClCompile Include="source\gkShaderParamDataSource.cpp">
      <Filter>RenderSys</Filter>
    </ClCompile>
    <ClCompile Include="source\dllmain.cpp">
      <Filter>DllMain</Filter>
    </ClCompile>
    <ClCompile Include="source\gkRendererPrototype.cpp">
      <Filter>RenderSys</Filter>
    </ClCompile>
    <ClCompile Include="source\StableHeader.cpp">
      <Filter>DllMain</Filter>
    </ClCompile>
  </ItemGroup>
</Project>