<?xml version="1.0" encoding="utf-8"?>
<Project ToolsVersion="4.0" xmlns="http://schemas.microsoft.com/developer/msbuild/2003">
  <ItemGroup>
    <Filter Include="jni">
      <UniqueIdentifier>{cc43603a-eead-4b5f-8777-65b597cf3cd9}</UniqueIdentifier>
    </Filter>
  </ItemGroup>
  <ItemGroup>
    <ClCompile Include="jni\main.cpp">
      <Filter>jni</Filter>
    </ClCompile>
    <ClCompile Include="jni\nv_and_util\nv_native_app_glue.c">
      <Filter>jni</Filter>
    </ClCompile>
  </ItemGroup>
  <ItemGroup>
    <ResourceCompile Include="gkLauncherUniverse.rc" />
  </ItemGroup>
  <ItemGroup>
    <AndroidBuild Include="..\..\..\exec\android\AndroidManifest.xml" />
    <AndroidBuild Include="..\..\..\exec\android\build.xml" />
    <AndroidBuild Include="..\..\..\exec\android\project.properties" />
    <AndroidBuild Include="project.properties" />
  </ItemGroup>
</Project>