<?xml version="1.0" encoding="utf-8"?>
<Project ToolsVersion="4.0" xmlns="http://schemas.microsoft.com/developer/msbuild/2003">
  <ItemGroup>
    <Filter Include="Source Files">
      <UniqueIdentifier>{4FC737F1-C7A5-4376-A066-2A32D752A2FF}</UniqueIdentifier>
      <Extensions>cpp;c;cc;cxx;def;odl;idl;hpj;bat;asm;asmx</Extensions>
    </Filter>
    <Filter Include="Header Files">
      <UniqueIdentifier>{93995380-89BD-4b04-88EB-625FBE52EBFB}</UniqueIdentifier>
      <Extensions>h;hpp;hxx;hm;inl;inc;xsd</Extensions>
    </Filter>
    <Filter Include="Resource Files">
      <UniqueIdentifier>{67DA6AB6-F800-4c08-8B7A-83BB121AAD01}</UniqueIdentifier>
      <Extensions>rc;ico;cur;bmp;dlg;rc2;rct;bin;rgs;gif;jpg;jpeg;jpe;resx;tiff;tif;png;wav;mfcribbon-ms</Extensions>
    </Filter>
    <Filter Include="RenderSys">
      <UniqueIdentifier>{85de586f-de4e-440c-8e3c-1d5e8c4875b6}</UniqueIdentifier>
    </Filter>
    <Filter Include="RenderRes">
      <UniqueIdentifier>{56d20f7c-da9e-4a66-8836-8f78d09fc08f}</UniqueIdentifier>
    </Filter>
    <Filter Include="Platform">
      <UniqueIdentifier>{47ec273a-b81f-4c60-bd31-ca5008dae675}</UniqueIdentifier>
    </Filter>
    <Filter Include="Platform\Win32">
      <UniqueIdentifier>{178b8075-d571-4714-acde-fba971262024}</UniqueIdentifier>
    </Filter>
  </ItemGroup>
  <ItemGroup>
    <ClCompile Include="..\gkRendererGL\dllmain.cpp">
      <Filter>RenderRes</Filter>
    </ClCompile>
    <ClCompile Include="..\gkRendererGL\gkAuxRenderer.cpp">
      <Filter>RenderRes</Filter>
    </ClCompile>
    <ClCompile Include="..\gkRendererGL\gkRendererGL330.cpp">
      <Filter>RenderRes</Filter>
    </ClCompile>
    <ClCompile Include="..\gkRendererGL\gkRenderLayer.cpp">
      <Filter>RenderRes</Filter>
    </ClCompile>
    <ClCompile Include="..\gkRendererGL\gkRenderSequence.cpp">
      <Filter>RenderRes</Filter>
    </ClCompile>
    <ClCompile Include="..\gkRendererGL\gkShaderParamDataSource.cpp">
      <Filter>RenderRes</Filter>
    </ClCompile>
    <ClCompile Include="..\gkRendererGL\RenderCamera.cpp">
      <Filter>RenderRes</Filter>
    </ClCompile>
    <ClCompile Include="..\gkRendererGL\RendererCVars.cpp">
      <Filter>RenderRes</Filter>
    </ClCompile>
    <ClCompile Include="..\gkRendererGL\RenderRes\gkMaterial.cpp">
      <Filter>RenderSys</Filter>
    </ClCompile>
    <ClCompile Include="..\gkRendererGL\RenderRes\gkMaterialManager.cpp">
      <Filter>RenderSys</Filter>
    </ClCompile>
    <ClCompile Include="..\gkRendererGL\RenderRes\gkMeshGLES2.cpp">
      <Filter>RenderSys</Filter>
    </ClCompile>
    <ClCompile Include="..\gkRendererGL\RenderRes\gkMeshManager.cpp">
      <Filter>RenderSys</Filter>
    </ClCompile>
    <ClCompile Include="..\gkRendererGL\RenderRes\gkShader.cpp">
      <Filter>RenderSys</Filter>
    </ClCompile>
    <ClCompile Include="..\gkRendererGL\RenderRes\gkShaderManager.cpp">
      <Filter>RenderSys</Filter>
    </ClCompile>
    <ClCompile Include="..\gkRendererGL\RenderRes\gkTextureGLES2.cpp">
      <Filter>RenderSys</Filter>
    </ClCompile>
    <ClCompile Include="..\gkRendererGL\RenderRes\gkTextureManager.cpp">
      <Filter>RenderSys</Filter>
    </ClCompile>
    <ClCompile Include="StableHeader.cpp">
      <Filter>RenderRes</Filter>
    </ClCompile>
    <ClCompile Include="..\gkRendererGL\DDsTextureLoader.cpp">
      <Filter>Source Files</Filter>
    </ClCompile>
    <ClCompile Include="..\gkRendererGL\Platform\Win32\gkRenderContextWin32.cpp">
      <Filter>Platform\Win32</Filter>
    </ClCompile>
  </ItemGroup>
  <ItemGroup>
    <ClInclude Include="DeviceRenderContext.h">
      <Filter>Platform</Filter>
    </ClInclude>
    <ClInclude Include="..\gkRendererGL\DeviceRenderContext.h">
      <Filter>RenderRes</Filter>
    </ClInclude>
    <ClInclude Include="..\gkRendererGL\dllmain.h">
      <Filter>RenderRes</Filter>
    </ClInclude>
    <ClInclude Include="..\gkRendererGL\gkAuxRenderer.h">
      <Filter>RenderRes</Filter>
    </ClInclude>
    <ClInclude Include="..\gkRendererGL\gkRendererGL330.h">
      <Filter>RenderRes</Filter>
    </ClInclude>
    <ClInclude Include="..\gkRendererGL\gkRenderLayer.h">
      <Filter>RenderRes</Filter>
    </ClInclude>
    <ClInclude Include="..\gkRendererGL\gkRenderSequence.h">
      <Filter>RenderRes</Filter>
    </ClInclude>
    <ClInclude Include="..\gkRendererGL\gkShaderParamDataSource.h">
      <Filter>RenderRes</Filter>
    </ClInclude>
    <ClInclude Include="..\gkRendererGL\Prerequisites.h">
      <Filter>RenderRes</Filter>
    </ClInclude>
    <ClInclude Include="..\gkRendererGL\RenderCamera.h">
      <Filter>RenderRes</Filter>
    </ClInclude>
    <ClInclude Include="..\gkRendererGL\RendererCVars.h">
      <Filter>RenderRes</Filter>
    </ClInclude>
    <ClInclude Include="..\gkRendererGL\RenderRes\DDS.h">
      <Filter>RenderSys</Filter>
    </ClInclude>
    <ClInclude Include="..\gkRendererGL\RenderRes\gkMaterial.h">
      <Filter>RenderSys</Filter>
    </ClInclude>
    <ClInclude Include="..\gkRendererGL\RenderRes\gkMaterialManager.h">
      <Filter>RenderSys</Filter>
    </ClInclude>
    <ClInclude Include="..\gkRendererGL\RenderRes\gkMeshGLES2.h">
      <Filter>RenderSys</Filter>
    </ClInclude>
    <ClInclude Include="..\gkRendererGL\RenderRes\gkMeshManager.h">
      <Filter>RenderSys</Filter>
    </ClInclude>
    <ClInclude Include="..\gkRendererGL\RenderRes\gkShader.h">
      <Filter>RenderSys</Filter>
    </ClInclude>
    <ClInclude Include="..\gkRendererGL\RenderRes\gkShaderManager.h">
      <Filter>RenderSys</Filter>
    </ClInclude>
    <ClInclude Include="..\gkRendererGL\RenderRes\gkTextureGLES2.h">
      <Filter>RenderSys</Filter>
    </ClInclude>
    <ClInclude Include="..\gkRendererGL\RenderRes\gkTextureManager.h">
      <Filter>RenderSys</Filter>
    </ClInclude>
    <ClInclude Include="StableHeader.h">
      <Filter>RenderRes</Filter>
    </ClInclude>
    <ClInclude Include="..\gkRendererGL\ITextureLoader.h">
      <Filter>Source Files</Filter>
    </ClInclude>
    <ClInclude Include="..\gkRendererGL\DDsTextureLoader.h">
      <Filter>Source Files</Filter>
    </ClInclude>
    <ClInclude Include="..\gkRendererGL\Platform\Win32\gkRenderContextWin32.h">
      <Filter>Platform\Win32</Filter>
    </ClInclude>
  </ItemGroup>
</Project>